// !$*UTF8*$!
{
	archiveVersion = 1;
	classes = {
	};
	objectVersion = 46;
	objects = {
		
		/* Describes the files */
		194914138731271300000084 = {isa = PBXFileReference; explicitFileType = archive.ar; includeInIndex = 0; path = Accelerometer.app;sourceTree = BUILT_PRODUCTS_DIR; };
9430440000000000016286 = { isa = PBXFileReference; path = Accelerometer.cpp; sourceTree = "<group>"; };
5652170000000000016288 = { isa = PBXBuildFile; fileRef = 9430440000000000016286; };
1189600000000000016289 = { isa = PBXFileReference; path = AccelerometerPCH.cpp; sourceTree = "<group>"; };
7264480000000000016290 = { isa = PBXBuildFile; fileRef = 1189600000000000016289; };
4297960000000000016291 = { isa = PBXFileReference; path = AccelerometerPCH.h; sourceTree = "<group>"; };
8898160000000000016292 = { isa = PBXBuildFile; fileRef = 4297960000000000016291; };
0752420000000000016293 = { isa = PBXFileReference; path = BallEntity.cpp; sourceTree = "<group>"; };
6225820000000000016294 = { isa = PBXBuildFile; fileRef = 0752420000000000016293; };
9122790000000000016295 = { isa = PBXFileReference; path = BallEntity.hpp; sourceTree = "<group>"; };
0005310000000000016296 = { isa = PBXBuildFile; fileRef = 9122790000000000016295; };
5298500000000000016297 = { isa = PBXFileReference; path = GameState.cpp; sourceTree = "<group>"; };
7153760000000000016298 = { isa = PBXBuildFile; fileRef = 5298500000000000016297; };
6971050000000000016299 = { isa = PBXFileReference; path = GameState.hpp; sourceTree = "<group>"; };
9414160000000000016300 = { isa = PBXBuildFile; fileRef = 6971050000000000016299; };
6053390000000000016301 = { isa = PBXFileReference; path = UpDownCamera.cpp; sourceTree = "<group>"; };
7964110000000000016302 = { isa = PBXBuildFile; fileRef = 6053390000000000016301; };
1145020000000000016303 = { isa = PBXFileReference; path = UpDownCamera.hpp; sourceTree = "<group>"; };
7603220000000000016304 = { isa = PBXBuildFile; fileRef = 1145020000000000016303; };
2348820000000000016305 = { isa = PBXFileReference; path = VisAppDelegateIOS.h; sourceTree = "<group>"; };
6853280000000000016311 = { isa = PBXBuildFile; fileRef = 2348820000000000016305; };
9915460000000000016312 = { isa = PBXFileReference; path = VisAppDelegateIOS.m; sourceTree = "<group>"; };
4823360000000000016313 = { isa = PBXBuildFile; fileRef = 9915460000000000016312; };
7428750000000000016314 = { isa = PBXFileReference; path = VisEAGLViewIOS.h; sourceTree = "<group>"; };
2286370000000000016315 = { isa = PBXBuildFile; fileRef = 7428750000000000016314; };
4988000000000000016316 = { isa = PBXFileReference; path = VisEAGLViewIOS.m; sourceTree = "<group>"; };
3745580000000000016317 = { isa = PBXBuildFile; fileRef = 4988000000000000016316; };
8858760000000000016318 = { isa = PBXFileReference; path = VisMainIOS.m; sourceTree = "<group>"; };
9252760000000000016319 = { isa = PBXBuildFile; fileRef = 8858760000000000016318; };
0263150000000000016320 = { isa = PBXFileReference; path = VisViewControllerIOS.h; sourceTree = "<group>"; };
7382480000000000016321 = { isa = PBXBuildFile; fileRef = 0263150000000000016320; };
6040200000000000016322 = { isa = PBXFileReference; path = VisViewControllerIOS.m; sourceTree = "<group>"; };
1577510000000000016323 = { isa = PBXBuildFile; fileRef = 6040200000000000016322; };
4716710000000000016324 = { isa = PBXFileReference; path = VisUncaughtExceptionHandler.h; sourceTree = "<group>"; };
9528270000000000016325 = { isa = PBXBuildFile; fileRef = 4716710000000000016324; };
5270610000000000016326 = { isa = PBXFileReference; path = VisUncaughtExceptionHandler.m; sourceTree = "<group>"; };
3771060000000000016327 = { isa = PBXBuildFile; fileRef = 5270610000000000016326; };
6649830000000000016328 = { isa = PBXFileReference; path = VisAppSettings.h; sourceTree = "<group>"; };
0186420000000000016329 = { isa = PBXBuildFile; fileRef = 6649830000000000016328; };
2348820000000000016305 = { isa = PBXFileReference; path = VisAppDelegateIOS.h; sourceTree = "<group>"; };
5349470000000000016330 = { isa = PBXBuildFile; fileRef = 2348820000000000016305; };
9915460000000000016312 = { isa = PBXFileReference; path = VisAppDelegateIOS.m; sourceTree = "<group>"; };
9826700000000000016331 = { isa = PBXBuildFile; fileRef = 9915460000000000016312; };
7428750000000000016314 = { isa = PBXFileReference; path = VisEAGLViewIOS.h; sourceTree = "<group>"; };
8386210000000000016332 = { isa = PBXBuildFile; fileRef = 7428750000000000016314; };
4988000000000000016316 = { isa = PBXFileReference; path = VisEAGLViewIOS.m; sourceTree = "<group>"; };
0346680000000000016333 = { isa = PBXBuildFile; fileRef = 4988000000000000016316; };
8858760000000000016318 = { isa = PBXFileReference; path = VisMainIOS.m; sourceTree = "<group>"; };
5908750000000000016334 = { isa = PBXBuildFile; fileRef = 8858760000000000016318; };
0263150000000000016320 = { isa = PBXFileReference; path = VisViewControllerIOS.h; sourceTree = "<group>"; };
7474330000000000016335 = { isa = PBXBuildFile; fileRef = 0263150000000000016320; };
6040200000000000016322 = { isa = PBXFileReference; path = VisViewControllerIOS.m; sourceTree = "<group>"; };
2905020000000000016336 = { isa = PBXBuildFile; fileRef = 6040200000000000016322; };
4716710000000000016324 = { isa = PBXFileReference; path = VisUncaughtExceptionHandler.h; sourceTree = "<group>"; };
7796380000000000016337 = { isa = PBXBuildFile; fileRef = 4716710000000000016324; };
5270610000000000016326 = { isa = PBXFileReference; path = VisUncaughtExceptionHandler.m; sourceTree = "<group>"; };
0181780000000000016338 = { isa = PBXBuildFile; fileRef = 5270610000000000016326; };
6649830000000000016328 = { isa = PBXFileReference; path = VisAppSettings.h; sourceTree = "<group>"; };
7829610000000000016339 = { isa = PBXBuildFile; fileRef = 6649830000000000016328; };
6236570000000000016340 = { isa = PBXFileReference; lastKnownFileType = "wrapper.pb-project"; name = VisionEnginePlugin_ios_anarchy.xcodeproj; path = ../../../Runtime/EnginePlugins/VisionEnginePlugin/VisionEnginePlugin_ios_anarchy.xcodeproj; sourceTree = SOURCE_ROOT ; };
7346860000000000016341 = { isa = PBXContainerItemProxy; containerPortal = 6236570000000000016340; proxyType = 1; remoteGlobalIDString = 008679138731271300000081; remoteInfo = libVisionEnginePlugin; };
3169820000000000016342 = { isa = PBXContainerItemProxy; containerPortal = 6236570000000000016340; proxyType = 2; remoteGlobalIDString = 3926140000000000016343; remoteInfo = libVisionEnginePlugin; };
2528260000000000016344 = { isa = PBXReferenceProxy; fileType = archive.ar; path = libVisionEnginePlugin.a; remoteRef = 3169820000000000016342 /* PBXContainerItemProxy */; sourceTree = BUILT_PRODUCTS_DIR; };
2155290000000000016345 = { isa = PBXBuildFile; fileRef = 2528260000000000016344; };
5006960000000000016347 = { isa = PBXTargetDependency; name = VisionEnginePlugin; targetProxy = 7346860000000000016341; /* PBXContainerItemProxy */ };
7206710000000000016348 = { isa = PBXFileReference; lastKnownFileType = "wrapper.pb-project"; name = VisionApp_ios_anarchy.xcodeproj; path = ../../../Runtime/Framework/VisionApp/VisionApp_ios_anarchy.xcodeproj; sourceTree = SOURCE_ROOT ; };
9114440000000000016349 = { isa = PBXContainerItemProxy; containerPortal = 7206710000000000016348; proxyType = 1; remoteGlobalIDString = 460313138731271300000083; remoteInfo = libVisionApp; };
4136580000000000016350 = { isa = PBXContainerItemProxy; containerPortal = 7206710000000000016348; proxyType = 2; remoteGlobalIDString = 5541950000000000016351; remoteInfo = libVisionApp; };
9079100000000000016352 = { isa = PBXReferenceProxy; fileType = archive.ar; path = libVisionApp.a; remoteRef = 4136580000000000016350 /* PBXContainerItemProxy */; sourceTree = BUILT_PRODUCTS_DIR; };
9107840000000000016353 = { isa = PBXBuildFile; fileRef = 9079100000000000016352; };
7394770000000000016355 = { isa = PBXTargetDependency; name = VisionApp; targetProxy = 9114440000000000016349; /* PBXContainerItemProxy */ };
8938250000000000016356 = { isa = PBXFileReference; lastKnownFileType = "wrapper.pb-project"; name = HavokPhysicsEnginePlugin_ios_anarchy.xcodeproj; path = ../../../Runtime/EnginePlugins/Havok/HavokPhysicsEnginePlugin/HavokPhysicsEnginePlugin_ios_anarchy.xcodeproj; sourceTree = SOURCE_ROOT ; };
7217230000000000016357 = { isa = PBXContainerItemProxy; containerPortal = 8938250000000000016356; proxyType = 1; remoteGlobalIDString = 406040138731271200000073; remoteInfo = libvHavok; };
0155100000000000016358 = { isa = PBXContainerItemProxy; containerPortal = 8938250000000000016356; proxyType = 2; remoteGlobalIDString = 7205030000000000016359; remoteInfo = libvHavok; };
1138850000000000016360 = { isa = PBXReferenceProxy; fileType = archive.ar; path = libvHavok.a; remoteRef = 0155100000000000016358 /* PBXContainerItemProxy */; sourceTree = BUILT_PRODUCTS_DIR; };
4406090000000000016361 = { isa = PBXBuildFile; fileRef = 1138850000000000016360; };
4309940000000000016363 = { isa = PBXTargetDependency; name = vHavok; targetProxy = 7217230000000000016357; /* PBXContainerItemProxy */ };
2778850000000000016364 = { isa = PBXFileReference; lastKnownFileType = "wrapper.pb-project"; name = hkBase_ios_anarchy.xcodeproj; path = ../../../../Common/Base/hkBase_ios_anarchy.xcodeproj; sourceTree = SOURCE_ROOT ; };
9633330000000000016365 = { isa = PBXContainerItemProxy; containerPortal = 2778850000000000016364; proxyType = 1; remoteGlobalIDString = 648594138731270400000033; remoteInfo = libhkBase; };
0828350000000000016366 = { isa = PBXContainerItemProxy; containerPortal = 2778850000000000016364; proxyType = 2; remoteGlobalIDString = 2668130000000000016367; remoteInfo = libhkBase; };
3948080000000000016368 = { isa = PBXReferenceProxy; fileType = archive.ar; path = libhkBase.a; remoteRef = 0828350000000000016366 /* PBXContainerItemProxy */; sourceTree = BUILT_PRODUCTS_DIR; };
7520720000000000016369 = { isa = PBXBuildFile; fileRef = 3948080000000000016368; };
3784600000000000016371 = { isa = PBXTargetDependency; name = hkBase; targetProxy = 9633330000000000016365; /* PBXContainerItemProxy */ };
8173100000000000016372 = { isa = PBXFileReference; lastKnownFileType = "wrapper.pb-project"; name = hkCompat_ios_anarchy.xcodeproj; path = ../../../../Common/Compat/hkCompat_ios_anarchy.xcodeproj; sourceTree = SOURCE_ROOT ; };
5207510000000000016373 = { isa = PBXContainerItemProxy; containerPortal = 8173100000000000016372; proxyType = 1; remoteGlobalIDString = 599866138731270500000035; remoteInfo = libhkCompat; };
5414360000000000016374 = { isa = PBXContainerItemProxy; containerPortal = 8173100000000000016372; proxyType = 2; remoteGlobalIDString = 2337440000000000016375; remoteInfo = libhkCompat; };
8235260000000000016376 = { isa = PBXReferenceProxy; fileType = archive.ar; path = libhkCompat.a; remoteRef = 5414360000000000016374 /* PBXContainerItemProxy */; sourceTree = BUILT_PRODUCTS_DIR; };
5529800000000000016377 = { isa = PBXBuildFile; fileRef = 8235260000000000016376; };
0393030000000000016379 = { isa = PBXTargetDependency; name = hkCompat; targetProxy = 5207510000000000016373; /* PBXContainerItemProxy */ };
1086550000000000016380 = { isa = PBXFileReference; lastKnownFileType = "wrapper.pb-project"; name = hkSceneData_ios_anarchy.xcodeproj; path = ../../../../Common/SceneData/hkSceneData_ios_anarchy.xcodeproj; sourceTree = SOURCE_ROOT ; };
7829730000000000016381 = { isa = PBXContainerItemProxy; containerPortal = 1086550000000000016380; proxyType = 1; remoteGlobalIDString = 141069138731270500000041; remoteInfo = libhkSceneData; };
3590600000000000016382 = { isa = PBXContainerItemProxy; containerPortal = 1086550000000000016380; proxyType = 2; remoteGlobalIDString = 7884440000000000016383; remoteInfo = libhkSceneData; };
5823450000000000016384 = { isa = PBXReferenceProxy; fileType = archive.ar; path = libhkSceneData.a; remoteRef = 3590600000000000016382 /* PBXContainerItemProxy */; sourceTree = BUILT_PRODUCTS_DIR; };
3845880000000000016385 = { isa = PBXBuildFile; fileRef = 5823450000000000016384; };
4031900000000000016387 = { isa = PBXTargetDependency; name = hkSceneData; targetProxy = 7829730000000000016381; /* PBXContainerItemProxy */ };
7016070000000000016388 = { isa = PBXFileReference; lastKnownFileType = "wrapper.pb-project"; name = hkVisualize_ios_anarchy.xcodeproj; path = ../../../../Common/Visualize/hkVisualize_ios_anarchy.xcodeproj; sourceTree = SOURCE_ROOT ; };
1033460000000000016389 = { isa = PBXContainerItemProxy; containerPortal = 7016070000000000016388; proxyType = 1; remoteGlobalIDString = 422844138731270600000045; remoteInfo = libhkVisualize; };
1091900000000000016390 = { isa = PBXContainerItemProxy; containerPortal = 7016070000000000016388; proxyType = 2; remoteGlobalIDString = 7693660000000000016391; remoteInfo = libhkVisualize; };
0728040000000000016392 = { isa = PBXReferenceProxy; fileType = archive.ar; path = libhkVisualize.a; remoteRef = 1091900000000000016390 /* PBXContainerItemProxy */; sourceTree = BUILT_PRODUCTS_DIR; };
4721900000000000016393 = { isa = PBXBuildFile; fileRef = 0728040000000000016392; };
4418070000000000016395 = { isa = PBXTargetDependency; name = hkVisualize; targetProxy = 1033460000000000016389; /* PBXContainerItemProxy */ };
0084810000000000016396 = { isa = PBXFileReference; lastKnownFileType = "wrapper.pb-project"; name = hkGeometryUtilities_ios_anarchy.xcodeproj; path = ../../../../Common/GeometryUtilities/hkGeometryUtilities_ios_anarchy.xcodeproj; sourceTree = SOURCE_ROOT ; };
9120510000000000016397 = { isa = PBXContainerItemProxy; containerPortal = 0084810000000000016396; proxyType = 1; remoteGlobalIDString = 459183138731270500000037; remoteInfo = libhkGeometryUtilities; };
2137530000000000016398 = { isa = PBXContainerItemProxy; containerPortal = 0084810000000000016396; proxyType = 2; remoteGlobalIDString = 9610100000000000016399; remoteInfo = libhkGeometryUtilities; };
3566050000000000016400 = { isa = PBXReferenceProxy; fileType = archive.ar; path = libhkGeometryUtilities.a; remoteRef = 2137530000000000016398 /* PBXContainerItemProxy */; sourceTree = BUILT_PRODUCTS_DIR; };
8714410000000000016401 = { isa = PBXBuildFile; fileRef = 3566050000000000016400; };
9638730000000000016403 = { isa = PBXTargetDependency; name = hkGeometryUtilities; targetProxy = 9120510000000000016397; /* PBXContainerItemProxy */ };
0017550000000000016404 = { isa = PBXFileReference; lastKnownFileType = "wrapper.pb-project"; name = hkpUtilities_ios_anarchy.xcodeproj; path = ../../../../Physics2012/Utilities/hkpUtilities_ios_anarchy.xcodeproj; sourceTree = SOURCE_ROOT ; };
8950210000000000016405 = { isa = PBXContainerItemProxy; containerPortal = 0017550000000000016404; proxyType = 1; remoteGlobalIDString = 636008138731270700000061; remoteInfo = libhkpUtilities; };
2285540000000000016406 = { isa = PBXContainerItemProxy; containerPortal = 0017550000000000016404; proxyType = 2; remoteGlobalIDString = 0504040000000000016407; remoteInfo = libhkpUtilities; };
5109110000000000016408 = { isa = PBXReferenceProxy; fileType = archive.ar; path = libhkpUtilities.a; remoteRef = 2285540000000000016406 /* PBXContainerItemProxy */; sourceTree = BUILT_PRODUCTS_DIR; };
6721300000000000016409 = { isa = PBXBuildFile; fileRef = 5109110000000000016408; };
0721780000000000016411 = { isa = PBXTargetDependency; name = hkpUtilities; targetProxy = 8950210000000000016405; /* PBXContainerItemProxy */ };
5675900000000000016412 = { isa = PBXFileReference; lastKnownFileType = "wrapper.pb-project"; name = hkpVehicle_ios_anarchy.xcodeproj; path = ../../../../Physics2012/Vehicle/hkpVehicle_ios_anarchy.xcodeproj; sourceTree = SOURCE_ROOT ; };
9251220000000000016413 = { isa = PBXContainerItemProxy; containerPortal = 5675900000000000016412; proxyType = 1; remoteGlobalIDString = 105660138731270700000063; remoteInfo = libhkpVehicle; };
4617270000000000016414 = { isa = PBXContainerItemProxy; containerPortal = 5675900000000000016412; proxyType = 2; remoteGlobalIDString = 1325200000000000016415; remoteInfo = libhkpVehicle; };
6677230000000000016416 = { isa = PBXReferenceProxy; fileType = archive.ar; path = libhkpVehicle.a; remoteRef = 4617270000000000016414 /* PBXContainerItemProxy */; sourceTree = BUILT_PRODUCTS_DIR; };
8402060000000000016417 = { isa = PBXBuildFile; fileRef = 6677230000000000016416; };
9878500000000000016419 = { isa = PBXTargetDependency; name = hkpVehicle; targetProxy = 9251220000000000016413; /* PBXContainerItemProxy */ };
0880780000000000016420 = { isa = PBXFileReference; name = OpenGLES.framework; path = System/Library/Frameworks/OpenGLES.framework; sourceTree = SDKROOT; };
7200030000000000016421 = { isa = PBXBuildFile; fileRef = 0880780000000000016420; };
6344550000000000016422 = { isa = PBXFileReference; name = UIKit.framework; path = System/Library/Frameworks/UIKit.framework; sourceTree = SDKROOT; };
0564380000000000016423 = { isa = PBXBuildFile; fileRef = 6344550000000000016422; };
4362700000000000016424 = { isa = PBXFileReference; name = Foundation.framework; path = System/Library/Frameworks/Foundation.framework; sourceTree = SDKROOT; };
1722510000000000016425 = { isa = PBXBuildFile; fileRef = 4362700000000000016424; };
3236480000000000016426 = { isa = PBXFileReference; name = QuartzCore.framework; path = System/Library/Frameworks/QuartzCore.framework; sourceTree = SDKROOT; };
1352020000000000016427 = { isa = PBXBuildFile; fileRef = 3236480000000000016426; };
0024410000000000016428 = { isa = PBXFileReference; name = CoreData.framework; path = System/Library/Frameworks/CoreData.framework; sourceTree = SDKROOT; };
0451220000000000016429 = { isa = PBXBuildFile; fileRef = 0024410000000000016428; };
1145810000000000016430 = { isa = PBXFileReference; name = SystemConfiguration.framework; path = System/Library/Frameworks/SystemConfiguration.framework; sourceTree = SDKROOT; };
9250460000000000016431 = { isa = PBXBuildFile; fileRef = 1145810000000000016430; };
9252200000000000016432 = { isa = PBXFileReference; lastKnownFileType = image.png; path = "Anarchy.png"; sourceTree = "<group>"; };
0655610000000000016438 = { isa = PBXBuildFile; fileRef = 9252200000000000016432; };
7169890000000000016439 = { isa = PBXFileReference; lastKnownFileType = image.png; path = "Anarchy@2x.png"; sourceTree = "<group>"; };
6155590000000000016440 = { isa = PBXBuildFile; fileRef = 7169890000000000016439; };
2195340000000000016441 = { isa = PBXFileReference; lastKnownFileType = image.png; path = "Anarchy-72.png"; sourceTree = "<group>"; };
3528760000000000016442 = { isa = PBXBuildFile; fileRef = 2195340000000000016441; };
4553010000000000016443 = { isa = PBXFileReference; lastKnownFileType = image.png; path = "Anarchy-72@2x.png"; sourceTree = "<group>"; };
1523330000000000016444 = { isa = PBXBuildFile; fileRef = 4553010000000000016443; };
7500740000000000016445 = { isa = PBXFileReference; lastKnownFileType = image.png; path = "Default-Landscape@2x~ipad.png"; sourceTree = "<group>"; };
1555560000000000016448 = { isa = PBXBuildFile; fileRef = 7500740000000000016445; };
8406310000000000016449 = { isa = PBXFileReference; lastKnownFileType = image.png; path = "Default-Landscape~ipad.png"; sourceTree = "<group>"; };
7474210000000000016450 = { isa = PBXBuildFile; fileRef = 8406310000000000016449; };
8459330000000000016451 = { isa = PBXFileReference; lastKnownFileType = image.png; path = "Default-Portrait@2x~ipad.png"; sourceTree = "<group>"; };
2653070000000000016452 = { isa = PBXBuildFile; fileRef = 8459330000000000016451; };
3491890000000000016453 = { isa = PBXFileReference; lastKnownFileType = image.png; path = "Default-Portrait~ipad.png"; sourceTree = "<group>"; };
7138340000000000016454 = { isa = PBXBuildFile; fileRef = 3491890000000000016453; };
2374430000000000016455 = { isa = PBXFileReference; lastKnownFileType = image.png; path = "Default-568h@2x~iphone.png"; sourceTree = "<group>"; };
9679280000000000016456 = { isa = PBXBuildFile; fileRef = 2374430000000000016455; };
6256200000000000016457 = { isa = PBXFileReference; lastKnownFileType = image.png; path = "Default@2x~iphone.png"; sourceTree = "<group>"; };
1206060000000000016458 = { isa = PBXBuildFile; fileRef = 6256200000000000016457; };
0062150000000000016459 = { isa = PBXFileReference; lastKnownFileType = image.png; path = "Default~iphone.png"; sourceTree = "<group>"; };
8965280000000000016460 = { isa = PBXBuildFile; fileRef = 0062150000000000016459; };
4931440000000000016461 = { isa = PBXFileReference; lastKnownFileType = text.plist.xml; path = "Samples-Info.plist"; sourceTree = "<group>"; };
7092920000000000016462 = { isa = PBXBuildFile; fileRef = 4931440000000000016461; };
7859770000000000016463 = { isa = PBXFileReference; lastKnownFileType = folder; path = "Data"; sourceTree = "<group>"; };
6044570000000000016464 = { isa = PBXBuildFile; fileRef = 7859770000000000016463; };
7859770000000000016463 = { isa = PBXFileReference; lastKnownFileType = folder; path = "Data"; sourceTree = "<group>"; };
1798590000000000016465 = { isa = PBXBuildFile; fileRef = 7859770000000000016463; };
2774560000000000016466 = { isa = PBXFileReference; lastKnownFileType = file.xib; path = "VisMainWindowIOS.xib"; sourceTree = "<group>"; };
8599580000000000016467 = { isa = PBXBuildFile; fileRef = 2774560000000000016466; };
5688020000000000016468 = { isa = PBXFileReference; lastKnownFileType = file.xib; path = "VisViewControllerIOS.xib"; sourceTree = "<group>"; };
2528790000000000016469 = { isa = PBXBuildFile; fileRef = 5688020000000000016468; };
9841070000000000016287 = { isa = PBXGroup; children = ( 9430440000000000016286, 1189600000000000016289, 4297960000000000016291, 0752420000000000016293, 9122790000000000016295, 5298500000000000016297, 6971050000000000016299, 6053390000000000016301, 1145020000000000016303, 9527450000000000016310, 6236570000000000016340, 7206710000000000016348, 8938250000000000016356, 2778850000000000016364, 8173100000000000016372, 1086550000000000016380, 7016070000000000016388, 0084810000000000016396, 0017550000000000016404, 5675900000000000016412, 0880780000000000016420, 6344550000000000016422, 4362700000000000016424, 3236480000000000016426, 0024410000000000016428, 1145810000000000016430, 2388540000000000016437, 7859770000000000016463, ); name = Products; sourceTree = "<group>"; };
3040470000000000016346 = { isa = PBXGroup; children = ( 2528260000000000016344, ); name = Products; sourceTree = "<group>"; };
9910140000000000016402 = { isa = PBXGroup; children = ( 3566050000000000016400, ); name = Products; sourceTree = "<group>"; };
1493810000000000016394 = { isa = PBXGroup; children = ( 0728040000000000016392, ); name = Products; sourceTree = "<group>"; };
2974740000000000016386 = { isa = PBXGroup; children = ( 5823450000000000016384, ); name = Products; sourceTree = "<group>"; };
4990250000000000016436 = { isa = PBXGroup; children = ( 4932940000000000016435, 8322200000000000016447, ); path = Common; sourceTree = "<group>"; };
4932940000000000016435 = { isa = PBXGroup; children = ( 5752500000000000016434, ); path = Anarchy; sourceTree = "<group>"; };
5098480000000000016418 = { isa = PBXGroup; children = ( 6677230000000000016416, ); name = Products; sourceTree = "<group>"; };
1290480000000000016446 = { isa = PBXGroup; children = ( 7500740000000000016445, 8406310000000000016449, 8459330000000000016451, 3491890000000000016453, 2374430000000000016455, 6256200000000000016457, 0062150000000000016459, ); path = Resources; sourceTree = "<group>"; };
1322240000000000016410 = { isa = PBXGroup; children = ( 5109110000000000016408, ); name = Products; sourceTree = "<group>"; };
8322200000000000016447 = { isa = PBXGroup; children = ( 1290480000000000016446, ); path = iOS; sourceTree = "<group>"; };
0856490000000000016354 = { isa = PBXGroup; children = ( 9079100000000000016352, ); name = Products; sourceTree = "<group>"; };
3877940000000000016309 = { isa = PBXGroup; children = ( 0278870000000000016308, ); path = Vision; sourceTree = "<group>"; };
5882350000000000016370 = { isa = PBXGroup; children = ( 3948080000000000016368, ); name = Products; sourceTree = "<group>"; };
0278870000000000016308 = { isa = PBXGroup; children = ( 8553840000000000016307, ); path = Runtime; sourceTree = "<group>"; };
5752500000000000016434 = { isa = PBXGroup; children = ( 1198990000000000016433, 4931440000000000016461, ); path = iOS; sourceTree = "<group>"; };
2388540000000000016437 = { isa = PBXGroup; children = ( 4990250000000000016436, ); path = ../../../../../Data; sourceTree = "<group>"; };
7230780000000000016306 = { isa = PBXGroup; children = ( 2348820000000000016305, 9915460000000000016312, 7428750000000000016314, 4988000000000000016316, 8858760000000000016318, 0263150000000000016320, 6040200000000000016322, 4716710000000000016324, 5270610000000000016326, 6649830000000000016328, 2774560000000000016466, 5688020000000000016468, ); path = iOS; sourceTree = "<group>"; };
1198990000000000016433 = { isa = PBXGroup; children = ( 9252200000000000016432, 7169890000000000016439, 2195340000000000016441, 4553010000000000016443, ); path = Resources; sourceTree = "<group>"; };
1239840000000000016362 = { isa = PBXGroup; children = ( 1138850000000000016360, ); name = Products; sourceTree = "<group>"; };
9527450000000000016310 = { isa = PBXGroup; children = ( 3877940000000000016309, ); path = ../../../../../Source; sourceTree = "<group>"; };
2060280000000000016378 = { isa = PBXGroup; children = ( 8235260000000000016376, ); name = Products; sourceTree = "<group>"; };
8553840000000000016307 = { isa = PBXGroup; children = ( 7230780000000000016306, ); path = Common; sourceTree = "<group>"; };

		
		/* Describes the build configurations */
		9356760000000000016470 = { isa = XCBuildConfiguration; name = debug_v7; buildSettings = { ARCHS = (armv7); SDKROOT = iphoneos; HEADER_SEARCH_PATHS = ( "../../../..", "$(HAVOK_THIRDPARTY_DIR)/redistsdks/Lua/5.1.4/", ); IPHONEOS_DEPLOYMENT_TARGET = 4.3;GCC_PRECOMPILE_PREFIX_HEADER = NO; GCC_PREPROCESSOR_DEFINITIONS_NOT_USED_IN_PRECOMPS = (HK_ANARCHY,PROFILING,_VISION_IOS,_VISION_POSIX,_VR_GLES2,VBASE_LIB,LINK_WITH_VISION,VISIONDLL_LIB,USE_HAVOK);SUPPORTED_PLATFORMS = iphoneos;MACH_O_TYPE = mh_execute; WRAPPER_EXTENSION = app;LIBRARY_SEARCH_PATHS = ( "$(HAVOK_THIRDPARTY_DIR)/redistsdks/Lua/5.1.4/lib/iphoneos/Debug", "../../../../../Lib/ios_xcode_anarchy/$(CONFIGURATION)", ); OTHER_CPLUSPLUSFLAGS = ("-fno-strict-aliasing","-std=c++98","-mfpu=neon","-mfloat-abi=softfp",-DHK_ANARCHY,-DPROFILING,-D_VISION_IOS,-D_VISION_POSIX,-D_VR_GLES2,-DVBASE_LIB,-DLINK_WITH_VISION,-DVISIONDLL_LIB,-DUSE_HAVOK,-D_DEBUG,-DHK_DEBUG,-DHK_DEBUG_SLOW,"-fno-inline");OTHER_LDFLAGS = (-lluaIOS,-lBaseD,-lVisionD,-lhkSerialize,-lhkInternal,-lhkcdInternal,-lhkcdCollide,-lhkpDynamics,-lhkpCollide,-lhkpInternal,-lhkpConstraintSolver,-lhkpConstraint);GCC_INLINES_ARE_PRIVATE_EXTERN = YES;GCC_SYMBOLS_PRIVATE_EXTERN = NO;GCC_ENABLE_SYMBOL_SEPARATION = NO;GCC_USE_GCC3_PFE_SUPPORT = NO;GCC_STRICT_ALIASING = NO;GCC_ENABLE_CPP_RTTI = NO; GCC_ENABLE_CPP_EXCEPTIONS = NO; DEBUG_INFORMATION_FORMAT = dwarf;GCC_GENERATE_DEBUGGING_SYMBOLS = YES;GCC_OPTIMIZATION_LEVEL = 0;GCC_THUMB_SUPPORT = NO; GCC_VERSION = com.apple.compilers.llvm.clang.1_0;SKIP_INSTALL = NO; TARGETED_DEVICE_FAMILY = "1,2"; COMPRESS_PNG_FILES = NO; CODE_SIGN_IDENTITY = "iPhone Developer"; INFOPLIST_FILE = "../../../../../Data/Common/Anarchy/iOS/Samples-Info.plist"; WARNING_CFLAGS = ("-W", "-Wall", "-Wundef", "-Wno-inline", "-Wcast-qual", "-Wno-unused", "-Wno-unknown-pragmas","-Wno-ignored-qualifiers", "-Wno-overflow", "-Wno-type-limits", "-Wno-sign-compare", "-Wno-char-subscripts", "-Wno-switch", "-Wno-dangling-else", "-Wno-comment", "-Wno-shadow", -Wno-unused-parameter);GCC_WARN_ABOUT_INVALID_OFFSETOF_MACRO = NO;}; };
5955880000000000016471 = { isa = XCBuildConfiguration; name = dev_v7; buildSettings = { ARCHS = (armv7); SDKROOT = iphoneos; HEADER_SEARCH_PATHS = ( "../../../..", "$(HAVOK_THIRDPARTY_DIR)/redistsdks/Lua/5.1.4/", ); IPHONEOS_DEPLOYMENT_TARGET = 4.3;GCC_PRECOMPILE_PREFIX_HEADER = NO; GCC_PREPROCESSOR_DEFINITIONS_NOT_USED_IN_PRECOMPS = (HK_ANARCHY,PROFILING,_VISION_IOS,_VISION_POSIX,_VR_GLES2,VBASE_LIB,LINK_WITH_VISION,VISIONDLL_LIB,USE_HAVOK);SUPPORTED_PLATFORMS = iphoneos;MACH_O_TYPE = mh_execute; WRAPPER_EXTENSION = app;LIBRARY_SEARCH_PATHS = ( "$(HAVOK_THIRDPARTY_DIR)/redistsdks/Lua/5.1.4/lib/iphoneos/Release", "../../../../../Lib/ios_xcode_anarchy/$(CONFIGURATION)", ); OTHER_CPLUSPLUSFLAGS = ("-fno-strict-aliasing","-std=c++98","-mfpu=neon","-mfloat-abi=softfp",-DHK_ANARCHY,-DPROFILING,-D_VISION_IOS,-D_VISION_POSIX,-D_VR_GLES2,-DVBASE_LIB,-DLINK_WITH_VISION,-DVISIONDLL_LIB,-DUSE_HAVOK,-DHK_DEBUG);OTHER_LDFLAGS = (-lluaIOS,-lBase,-lVision,-lhkSerialize,-lhkInternal,-lhkcdInternal,-lhkcdCollide,-lhkpDynamics,-lhkpCollide,-lhkpInternal,-lhkpConstraintSolver,-lhkpConstraint);GCC_INLINES_ARE_PRIVATE_EXTERN = YES;GCC_SYMBOLS_PRIVATE_EXTERN = NO;GCC_ENABLE_SYMBOL_SEPARATION = NO;GCC_USE_GCC3_PFE_SUPPORT = NO;GCC_STRICT_ALIASING = NO;GCC_ENABLE_CPP_RTTI = NO; GCC_ENABLE_CPP_EXCEPTIONS = NO; DEBUG_INFORMATION_FORMAT = dwarf;GCC_GENERATE_DEBUGGING_SYMBOLS = YES;GCC_OPTIMIZATION_LEVEL = 3;GCC_THUMB_SUPPORT = NO; GCC_VERSION = com.apple.compilers.llvm.clang.1_0;SKIP_INSTALL = NO; TARGETED_DEVICE_FAMILY = "1,2"; COMPRESS_PNG_FILES = NO; CODE_SIGN_IDENTITY = "iPhone Developer"; INFOPLIST_FILE = "../../../../../Data/Common/Anarchy/iOS/Samples-Info.plist"; WARNING_CFLAGS = ("-W", "-Wall", "-Wundef", "-Wno-inline", "-Wcast-qual", "-Wno-unused", "-Wno-unknown-pragmas","-Wno-ignored-qualifiers", "-Wno-overflow", "-Wno-type-limits", "-Wno-sign-compare", "-Wno-char-subscripts", "-Wno-switch", "-Wno-dangling-else", "-Wno-comment", "-Wno-shadow", -Wno-unused-parameter);GCC_WARN_ABOUT_INVALID_OFFSETOF_MACRO = NO;}; };
9595890000000000016472 = { isa = XCBuildConfiguration; name = release_v7; buildSettings = { ARCHS = (armv7); SDKROOT = iphoneos; HEADER_SEARCH_PATHS = ( "../../../..", "$(HAVOK_THIRDPARTY_DIR)/redistsdks/Lua/5.1.4/", ); IPHONEOS_DEPLOYMENT_TARGET = 4.3;GCC_PRECOMPILE_PREFIX_HEADER = NO; GCC_PREPROCESSOR_DEFINITIONS_NOT_USED_IN_PRECOMPS = (HK_ANARCHY,PROFILING,_VISION_IOS,_VISION_POSIX,_VR_GLES2,VBASE_LIB,LINK_WITH_VISION,VISIONDLL_LIB,USE_HAVOK);SUPPORTED_PLATFORMS = iphoneos;MACH_O_TYPE = mh_execute; WRAPPER_EXTENSION = app;LIBRARY_SEARCH_PATHS = ( "$(HAVOK_THIRDPARTY_DIR)/redistsdks/Lua/5.1.4/lib/iphoneos/Release", "../../../../../Lib/ios_xcode_anarchy/$(CONFIGURATION)", ); OTHER_CPLUSPLUSFLAGS = ("-fno-strict-aliasing","-std=c++98","-mfpu=neon","-mfloat-abi=softfp",-DHK_ANARCHY,-DPROFILING,-D_VISION_IOS,-D_VISION_POSIX,-D_VR_GLES2,-DVBASE_LIB,-DLINK_WITH_VISION,-DVISIONDLL_LIB,-DUSE_HAVOK,"-fomit-frame-pointer","-fno-implement-inlines");OTHER_LDFLAGS = (-lluaIOS,-lBase,-lVision,-lhkSerialize,-lhkInternal,-lhkcdInternal,-lhkcdCollide,-lhkpDynamics,-lhkpCollide,-lhkpInternal,-lhkpConstraintSolver,-lhkpConstraint);GCC_INLINES_ARE_PRIVATE_EXTERN = YES;GCC_SYMBOLS_PRIVATE_EXTERN = NO;GCC_ENABLE_SYMBOL_SEPARATION = NO;GCC_USE_GCC3_PFE_SUPPORT = NO;GCC_STRICT_ALIASING = NO;GCC_ENABLE_CPP_RTTI = NO; GCC_ENABLE_CPP_EXCEPTIONS = NO; DEBUG_INFORMATION_FORMAT = dwarf;GCC_GENERATE_DEBUGGING_SYMBOLS = NO;GCC_OPTIMIZATION_LEVEL = 3;GCC_THUMB_SUPPORT = NO; GCC_VERSION = com.apple.compilers.llvm.clang.1_0;SKIP_INSTALL = NO; TARGETED_DEVICE_FAMILY = "1,2"; COMPRESS_PNG_FILES = NO; CODE_SIGN_IDENTITY = "iPhone Developer"; INFOPLIST_FILE = "../../../../../Data/Common/Anarchy/iOS/Samples-Info.plist"; WARNING_CFLAGS = ("-W", "-Wall", "-Wundef", "-Wno-inline", "-Wcast-qual", "-Wno-unused", "-Wno-unknown-pragmas","-Wno-ignored-qualifiers", "-Wno-overflow", "-Wno-type-limits", "-Wno-sign-compare", "-Wno-char-subscripts", "-Wno-switch", "-Wno-dangling-else", "-Wno-comment", "-Wno-shadow", -Wno-unused-parameter);GCC_WARN_ABOUT_INVALID_OFFSETOF_MACRO = NO;}; };
0103410000000000016473 = { isa = XCBuildConfiguration; name = distrib_v7; buildSettings = { ARCHS = (armv7); SDKROOT = iphoneos; HEADER_SEARCH_PATHS = ( "../../../..", "$(HAVOK_THIRDPARTY_DIR)/redistsdks/Lua/5.1.4/", ); IPHONEOS_DEPLOYMENT_TARGET = 4.3;GCC_PRECOMPILE_PREFIX_HEADER = NO; GCC_PREPROCESSOR_DEFINITIONS_NOT_USED_IN_PRECOMPS = (HK_ANARCHY,PROFILING,_VISION_IOS,_VISION_POSIX,_VR_GLES2,VBASE_LIB,LINK_WITH_VISION,VISIONDLL_LIB,USE_HAVOK);SUPPORTED_PLATFORMS = iphoneos;MACH_O_TYPE = mh_execute; WRAPPER_EXTENSION = app;LIBRARY_SEARCH_PATHS = ( "$(HAVOK_THIRDPARTY_DIR)/redistsdks/Lua/5.1.4/lib/iphoneos/Release", "../../../../../Lib/ios_xcode_anarchy/$(CONFIGURATION)", ); OTHER_CPLUSPLUSFLAGS = ("-fno-strict-aliasing","-std=c++98","-mfpu=neon","-mfloat-abi=softfp",-DHK_ANARCHY,-DPROFILING,-D_VISION_IOS,-D_VISION_POSIX,-D_VR_GLES2,-DVBASE_LIB,-DLINK_WITH_VISION,-DVISIONDLL_LIB,-DUSE_HAVOK,"-fomit-frame-pointer","-fno-implement-inlines");OTHER_LDFLAGS = (-lluaIOS,-lBase,-lVision,-lhkSerialize,-lhkInternal,-lhkcdInternal,-lhkcdCollide,-lhkpDynamics,-lhkpCollide,-lhkpInternal,-lhkpConstraintSolver,-lhkpConstraint);GCC_INLINES_ARE_PRIVATE_EXTERN = YES;GCC_SYMBOLS_PRIVATE_EXTERN = NO;GCC_ENABLE_SYMBOL_SEPARATION = NO;GCC_USE_GCC3_PFE_SUPPORT = NO;GCC_STRICT_ALIASING = NO;GCC_ENABLE_CPP_RTTI = NO; GCC_ENABLE_CPP_EXCEPTIONS = NO; DEBUG_INFORMATION_FORMAT = dwarf;GCC_GENERATE_DEBUGGING_SYMBOLS = NO;GCC_OPTIMIZATION_LEVEL = 3;GCC_THUMB_SUPPORT = NO; GCC_VERSION = com.apple.compilers.llvm.clang.1_0;SKIP_INSTALL = NO; TARGETED_DEVICE_FAMILY = "1,2"; COMPRESS_PNG_FILES = NO; CODE_SIGN_IDENTITY = "iPhone Distribution"; INFOPLIST_FILE = "../../../../../Data/Common/Anarchy/iOS/Samples-Info.plist"; WARNING_CFLAGS = ("-W", "-Wall", "-Wundef", "-Wno-inline", "-Wcast-qual", "-Wno-unused", "-Wno-unknown-pragmas","-Wno-ignored-qualifiers", "-Wno-overflow", "-Wno-type-limits", "-Wno-sign-compare", "-Wno-char-subscripts", "-Wno-switch", "-Wno-dangling-else", "-Wno-comment", "-Wno-shadow", -Wno-unused-parameter);GCC_WARN_ABOUT_INVALID_OFFSETOF_MACRO = NO;}; };

		4093280000000000016474 = { isa = XCBuildConfiguration; name = debug_v7; buildSettings = { CONFIGURATION_BUILD_DIR = "$(BUILD_DIR)"; CONFIGURATION_TEMP_DIR = "$(PROJECT_TEMP_DIR)/$(CONFIGURATION)$"; SYMROOT = "../../../../../Bin/ios_xcode_anarchy/debug_v7"; OBJROOT = "../../../../../Obj/ios_xcode_anarchy/$(CONFIGURATION)/Accelerometer"; HEADER_SEARCH_PATHS = ( "../../../..", "$(HAVOK_THIRDPARTY_DIR)/redistsdks/Lua/5.1.4/", ); PRODUCT_NAME = "Accelerometer_ios-xcode_anarchy_debug_v7"; CONFIGURATION_BUILD_DIR = "$(BUILD_DIR)"; }; };
4573690000000000016475 = { isa = XCBuildConfiguration; name = dev_v7; buildSettings = { CONFIGURATION_BUILD_DIR = "$(BUILD_DIR)"; CONFIGURATION_TEMP_DIR = "$(PROJECT_TEMP_DIR)/$(CONFIGURATION)$"; SYMROOT = "../../../../../Bin/ios_xcode_anarchy/dev_v7"; OBJROOT = "../../../../../Obj/ios_xcode_anarchy/$(CONFIGURATION)/Accelerometer"; HEADER_SEARCH_PATHS = ( "../../../..", "$(HAVOK_THIRDPARTY_DIR)/redistsdks/Lua/5.1.4/", ); PRODUCT_NAME = "Accelerometer_ios-xcode_anarchy_dev_v7"; CONFIGURATION_BUILD_DIR = "$(BUILD_DIR)"; }; };
8085430000000000016476 = { isa = XCBuildConfiguration; name = release_v7; buildSettings = { CONFIGURATION_BUILD_DIR = "$(BUILD_DIR)"; CONFIGURATION_TEMP_DIR = "$(PROJECT_TEMP_DIR)/$(CONFIGURATION)$"; SYMROOT = "../../../../../Bin/ios_xcode_anarchy/release_v7"; OBJROOT = "../../../../../Obj/ios_xcode_anarchy/$(CONFIGURATION)/Accelerometer"; HEADER_SEARCH_PATHS = ( "../../../..", "$(HAVOK_THIRDPARTY_DIR)/redistsdks/Lua/5.1.4/", ); PRODUCT_NAME = "Accelerometer_ios-xcode_anarchy_release_v7"; CONFIGURATION_BUILD_DIR = "$(BUILD_DIR)"; }; };
2782970000000000016477 = { isa = XCBuildConfiguration; name = distrib_v7; buildSettings = { CONFIGURATION_BUILD_DIR = "$(BUILD_DIR)"; CONFIGURATION_TEMP_DIR = "$(PROJECT_TEMP_DIR)/$(CONFIGURATION)$"; SYMROOT = "../../../../../Bin/ios_xcode_anarchy/distrib_v7"; OBJROOT = "../../../../../Obj/ios_xcode_anarchy/$(CONFIGURATION)/Accelerometer"; HEADER_SEARCH_PATHS = ( "../../../..", "$(HAVOK_THIRDPARTY_DIR)/redistsdks/Lua/5.1.4/", ); PRODUCT_NAME = "Accelerometer_ios-xcode_anarchy_distrib_v7"; CONFIGURATION_BUILD_DIR = "$(BUILD_DIR)"; }; };

		3988480000000000016478 = { isa = XCConfigurationList; buildConfigurations = ( 5955880000000000016471, 9356760000000000016470, 0103410000000000016473, 9595890000000000016472, ); };
		7792140000000000016479 = { isa = XCConfigurationList; buildConfigurations = ( 4573690000000000016475, 4093280000000000016474, 2782970000000000016477, 8085430000000000016476, ); };
		
		/* Describes the target */
		/* Pre Build Step */
		2017860000000000016480 =  /*  */ { isa = PBXShellScriptBuildPhase; buildActionMask = 2147483647; files = ( ); inputPaths = ( ); name = "Making symlinks to resources...."; outputPaths = ( ); runOnlyForDeploymentPostprocessing = 0; shellPath = "/bin/sh";shellScript = "python ../../../../../Build/StandaloneTools/Deployment/Python/linkiOSResources.py -r ../../../../../Data/Vision/Base/ Data/Vision/Base/ -r ../../../../../Data/Vision/Samples/Engine/Accelerometer/ Data/Vision/Samples/Engine/Accelerometer/ -l $CONFIGURATION";};
		9193730000000000016481 = { isa = PBXSourcesBuildPhase; buildActionMask = 2147483647; files = ( 7964110000000000016302, 6225820000000000016294, 5652170000000000016288, 9826700000000000016331, 5908750000000000016334, 2905020000000000016336, 0346680000000000016333, 0181780000000000016338, 7264480000000000016290, 7153760000000000016298, ); runOnlyForDeploymentPostprocessing = 0; };
		1843090000000000016482 = { isa = PBXResourcesBuildPhase; buildActionMask = 2147483647; files = ( 7138340000000000016454, 1555560000000000016448, 3528760000000000016442, 8965280000000000016460, 1523330000000000016444, 2528790000000000016469, 1798590000000000016465, 0655610000000000016438, 6155590000000000016440, 7474210000000000016450, 8599580000000000016467, 9679280000000000016456, 2653070000000000016452, 1206060000000000016458, ); runOnlyForDeploymentPostprocessing = 0; };
		6583730000000000016483 = { isa = PBXFrameworksBuildPhase; buildActionMask = 2147483647; files = ( 7200030000000000016421, 9250460000000000016431, 0451220000000000016429, 1722510000000000016425, 1352020000000000016427, 0564380000000000016423, 2155290000000000016345, 9107840000000000016353, 4406090000000000016361, 7520720000000000016369, 5529800000000000016377, 3845880000000000016385, 4721900000000000016393, 8714410000000000016401, 6721300000000000016409, 8402060000000000016417, ); runOnlyForDeploymentPostprocessing = 0; };
		7264590000000000016484 =  /* Copy resources to bundle.... */ { isa = PBXShellScriptBuildPhase; buildActionMask = 2147483647; files = ( ); inputPaths = ( ); name = "Copy resources to bundle...."; outputPaths = ( ); runOnlyForDeploymentPostprocessing = 0;shellPath = "/bin/sh";shellScript = "python ../../../../../Build/StandaloneTools/Deployment/Python/copyiOSResources.py -d $BUILT_PRODUCTS_DIR/$CONTENTS_FOLDER_PATH -r Data";};
		976600138731271300000085 = { isa = PBXNativeTarget; buildConfigurationList = 3988480000000000016478; buildPhases = ( 7299540000000000015028, 2617680000000000015078, 8015840000000000015317, 6841110000000000015384, 6082340000000000015444, 8884940000000000016185, 2017860000000000016480, 9193730000000000016481, 6583730000000000016483, 1843090000000000016482, 7264590000000000016484,  ); dependencies = ( 5006960000000000016347,7394770000000000016355,4309940000000000016363,3784600000000000016371,0393030000000000016379,4031900000000000016387,4418070000000000016395,9638730000000000016403,0721780000000000016411,9878500000000000016419, ); name = Accelerometer; productName = Accelerometer; productReference = 194914138731271300000084 /* Accelerometer */ ;productType = "com.apple.product-type.application";}; 
		
		/* Describes the project */
		0374640000000000016485 = { isa = PBXProject; projectDirPath = ""; projectRoot = ""; compatibilityVersion = "Xcode 3.2"; mainGroup = 9841070000000000016287; buildConfigurationList = 7792140000000000016479; projectReferences = ( { ProductGroup = 3040470000000000016346 /* Products */; ProjectRef = 6236570000000000016340; /* xcodeproj */ },
 { ProductGroup = 0856490000000000016354 /* Products */; ProjectRef = 7206710000000000016348; /* xcodeproj */ },
 { ProductGroup = 1239840000000000016362 /* Products */; ProjectRef = 8938250000000000016356; /* xcodeproj */ },
 { ProductGroup = 5882350000000000016370 /* Products */; ProjectRef = 2778850000000000016364; /* xcodeproj */ },
 { ProductGroup = 2060280000000000016378 /* Products */; ProjectRef = 8173100000000000016372; /* xcodeproj */ },
 { ProductGroup = 2974740000000000016386 /* Products */; ProjectRef = 1086550000000000016380; /* xcodeproj */ },
 { ProductGroup = 1493810000000000016394 /* Products */; ProjectRef = 7016070000000000016388; /* xcodeproj */ },
 { ProductGroup = 9910140000000000016402 /* Products */; ProjectRef = 0084810000000000016396; /* xcodeproj */ },
 { ProductGroup = 1322240000000000016410 /* Products */; ProjectRef = 0017550000000000016404; /* xcodeproj */ },
 { ProductGroup = 5098480000000000016418 /* Products */; ProjectRef = 5675900000000000016412; /* xcodeproj */ },
 );
 targets = ( 976600138731271300000085 ); };
	};
	
	rootObject = 0374640000000000016485 /* Project object */;
}
