// !$*UTF8*$!
{
	archiveVersion = 1;
	classes = {
	};
	objectVersion = 46;
	objects = {
		
		/* Describes the files */
		863925138731271700000126 = {isa = PBXFileReference; explicitFileType = archive.ar; includeInIndex = 0; path = Unicode.app;sourceTree = BUILT_PRODUCTS_DIR; };
3789280000000000019645 = { isa = PBXFileReference; path = Unicode.cpp; sourceTree = "<group>"; };
2811800000000000019647 = { isa = PBXBuildFile; fileRef = 3789280000000000019645; };
2516060000000000019648 = { isa = PBXFileReference; path = UnicodePCH.cpp; sourceTree = "<group>"; };
1619120000000000019649 = { isa = PBXBuildFile; fileRef = 2516060000000000019648; };
1436160000000000019650 = { isa = PBXFileReference; path = UnicodePCH.h; sourceTree = "<group>"; };
8094540000000000019651 = { isa = PBXBuildFile; fileRef = 1436160000000000019650; };
4023800000000000019652 = { isa = PBXFileReference; path = VArabicConverter.cpp; sourceTree = "<group>"; };
5868750000000000019653 = { isa = PBXBuildFile; fileRef = 4023800000000000019652; };
7962860000000000019654 = { isa = PBXFileReference; path = VArabicConverter.hpp; sourceTree = "<group>"; };
9242880000000000019655 = { isa = PBXBuildFile; fileRef = 7962860000000000019654; };
8923300000000000019656 = { isa = PBXFileReference; path = VArrayHelper.hpp; sourceTree = "<group>"; };
8680570000000000019657 = { isa = PBXBuildFile; fileRef = 8923300000000000019656; };
4253150000000000019658 = { isa = PBXFileReference; path = WorldLanguages.cpp; sourceTree = "<group>"; };
4415890000000000019659 = { isa = PBXBuildFile; fileRef = 4253150000000000019658; };
5025420000000000019660 = { isa = PBXFileReference; path = WorldLanguages.hpp; sourceTree = "<group>"; };
0891130000000000019661 = { isa = PBXBuildFile; fileRef = 5025420000000000019660; };
6432570000000000019662 = { isa = PBXFileReference; path = VisAppDelegateIOS.h; sourceTree = "<group>"; };
0360220000000000019668 = { isa = PBXBuildFile; fileRef = 6432570000000000019662; };
9334530000000000019669 = { isa = PBXFileReference; path = VisAppDelegateIOS.m; sourceTree = "<group>"; };
4734870000000000019670 = { isa = PBXBuildFile; fileRef = 9334530000000000019669; };
4422570000000000019671 = { isa = PBXFileReference; path = VisEAGLViewIOS.h; sourceTree = "<group>"; };
7590850000000000019672 = { isa = PBXBuildFile; fileRef = 4422570000000000019671; };
5955150000000000019673 = { isa = PBXFileReference; path = VisEAGLViewIOS.m; sourceTree = "<group>"; };
1148960000000000019674 = { isa = PBXBuildFile; fileRef = 5955150000000000019673; };
3016070000000000019675 = { isa = PBXFileReference; path = VisMainIOS.m; sourceTree = "<group>"; };
3759790000000000019676 = { isa = PBXBuildFile; fileRef = 3016070000000000019675; };
5107210000000000019677 = { isa = PBXFileReference; path = VisViewControllerIOS.h; sourceTree = "<group>"; };
5582930000000000019678 = { isa = PBXBuildFile; fileRef = 5107210000000000019677; };
4209110000000000019679 = { isa = PBXFileReference; path = VisViewControllerIOS.m; sourceTree = "<group>"; };
7985750000000000019680 = { isa = PBXBuildFile; fileRef = 4209110000000000019679; };
1795080000000000019681 = { isa = PBXFileReference; path = VisUncaughtExceptionHandler.h; sourceTree = "<group>"; };
6841330000000000019682 = { isa = PBXBuildFile; fileRef = 1795080000000000019681; };
0440670000000000019683 = { isa = PBXFileReference; path = VisUncaughtExceptionHandler.m; sourceTree = "<group>"; };
2595200000000000019684 = { isa = PBXBuildFile; fileRef = 0440670000000000019683; };
2738610000000000019685 = { isa = PBXFileReference; path = VisAppSettings.h; sourceTree = "<group>"; };
9172240000000000019686 = { isa = PBXBuildFile; fileRef = 2738610000000000019685; };
6432570000000000019662 = { isa = PBXFileReference; path = VisAppDelegateIOS.h; sourceTree = "<group>"; };
9609820000000000019687 = { isa = PBXBuildFile; fileRef = 6432570000000000019662; };
9334530000000000019669 = { isa = PBXFileReference; path = VisAppDelegateIOS.m; sourceTree = "<group>"; };
7966380000000000019688 = { isa = PBXBuildFile; fileRef = 9334530000000000019669; };
4422570000000000019671 = { isa = PBXFileReference; path = VisEAGLViewIOS.h; sourceTree = "<group>"; };
7922250000000000019689 = { isa = PBXBuildFile; fileRef = 4422570000000000019671; };
5955150000000000019673 = { isa = PBXFileReference; path = VisEAGLViewIOS.m; sourceTree = "<group>"; };
9781400000000000019690 = { isa = PBXBuildFile; fileRef = 5955150000000000019673; };
3016070000000000019675 = { isa = PBXFileReference; path = VisMainIOS.m; sourceTree = "<group>"; };
7407380000000000019691 = { isa = PBXBuildFile; fileRef = 3016070000000000019675; };
5107210000000000019677 = { isa = PBXFileReference; path = VisViewControllerIOS.h; sourceTree = "<group>"; };
5988100000000000019692 = { isa = PBXBuildFile; fileRef = 5107210000000000019677; };
4209110000000000019679 = { isa = PBXFileReference; path = VisViewControllerIOS.m; sourceTree = "<group>"; };
5154030000000000019693 = { isa = PBXBuildFile; fileRef = 4209110000000000019679; };
1795080000000000019681 = { isa = PBXFileReference; path = VisUncaughtExceptionHandler.h; sourceTree = "<group>"; };
8319140000000000019694 = { isa = PBXBuildFile; fileRef = 1795080000000000019681; };
0440670000000000019683 = { isa = PBXFileReference; path = VisUncaughtExceptionHandler.m; sourceTree = "<group>"; };
7568200000000000019695 = { isa = PBXBuildFile; fileRef = 0440670000000000019683; };
2738610000000000019685 = { isa = PBXFileReference; path = VisAppSettings.h; sourceTree = "<group>"; };
4977720000000000019696 = { isa = PBXBuildFile; fileRef = 2738610000000000019685; };
2165550000000000019697 = { isa = PBXFileReference; lastKnownFileType = "wrapper.pb-project"; name = VisionEnginePlugin_ios_anarchy.xcodeproj; path = ../../../Runtime/EnginePlugins/VisionEnginePlugin/VisionEnginePlugin_ios_anarchy.xcodeproj; sourceTree = SOURCE_ROOT ; };
7927810000000000019698 = { isa = PBXContainerItemProxy; containerPortal = 2165550000000000019697; proxyType = 1; remoteGlobalIDString = 008679138731271300000081; remoteInfo = libVisionEnginePlugin; };
0312730000000000019699 = { isa = PBXContainerItemProxy; containerPortal = 2165550000000000019697; proxyType = 2; remoteGlobalIDString = 7918210000000000019700; remoteInfo = libVisionEnginePlugin; };
1399140000000000019701 = { isa = PBXReferenceProxy; fileType = archive.ar; path = libVisionEnginePlugin.a; remoteRef = 0312730000000000019699 /* PBXContainerItemProxy */; sourceTree = BUILT_PRODUCTS_DIR; };
2602760000000000019702 = { isa = PBXBuildFile; fileRef = 1399140000000000019701; };
7342580000000000019704 = { isa = PBXTargetDependency; name = VisionEnginePlugin; targetProxy = 7927810000000000019698; /* PBXContainerItemProxy */ };
4288080000000000019705 = { isa = PBXFileReference; lastKnownFileType = "wrapper.pb-project"; name = VisionApp_ios_anarchy.xcodeproj; path = ../../../Runtime/Framework/VisionApp/VisionApp_ios_anarchy.xcodeproj; sourceTree = SOURCE_ROOT ; };
4013380000000000019706 = { isa = PBXContainerItemProxy; containerPortal = 4288080000000000019705; proxyType = 1; remoteGlobalIDString = 460313138731271300000083; remoteInfo = libVisionApp; };
2064690000000000019707 = { isa = PBXContainerItemProxy; containerPortal = 4288080000000000019705; proxyType = 2; remoteGlobalIDString = 7982680000000000019708; remoteInfo = libVisionApp; };
7317910000000000019709 = { isa = PBXReferenceProxy; fileType = archive.ar; path = libVisionApp.a; remoteRef = 2064690000000000019707 /* PBXContainerItemProxy */; sourceTree = BUILT_PRODUCTS_DIR; };
9032230000000000019710 = { isa = PBXBuildFile; fileRef = 7317910000000000019709; };
0704600000000000019712 = { isa = PBXTargetDependency; name = VisionApp; targetProxy = 4013380000000000019706; /* PBXContainerItemProxy */ };
6063900000000000019713 = { isa = PBXFileReference; name = OpenGLES.framework; path = System/Library/Frameworks/OpenGLES.framework; sourceTree = SDKROOT; };
8817140000000000019714 = { isa = PBXBuildFile; fileRef = 6063900000000000019713; };
1283940000000000019715 = { isa = PBXFileReference; name = UIKit.framework; path = System/Library/Frameworks/UIKit.framework; sourceTree = SDKROOT; };
2843570000000000019716 = { isa = PBXBuildFile; fileRef = 1283940000000000019715; };
2200910000000000019717 = { isa = PBXFileReference; name = Foundation.framework; path = System/Library/Frameworks/Foundation.framework; sourceTree = SDKROOT; };
3834080000000000019718 = { isa = PBXBuildFile; fileRef = 2200910000000000019717; };
2667930000000000019719 = { isa = PBXFileReference; name = QuartzCore.framework; path = System/Library/Frameworks/QuartzCore.framework; sourceTree = SDKROOT; };
3584070000000000019720 = { isa = PBXBuildFile; fileRef = 2667930000000000019719; };
5933500000000000019721 = { isa = PBXFileReference; name = CoreData.framework; path = System/Library/Frameworks/CoreData.framework; sourceTree = SDKROOT; };
6638990000000000019722 = { isa = PBXBuildFile; fileRef = 5933500000000000019721; };
1556730000000000019723 = { isa = PBXFileReference; name = SystemConfiguration.framework; path = System/Library/Frameworks/SystemConfiguration.framework; sourceTree = SDKROOT; };
9980690000000000019724 = { isa = PBXBuildFile; fileRef = 1556730000000000019723; };
1292830000000000019725 = { isa = PBXFileReference; lastKnownFileType = image.png; path = "Anarchy.png"; sourceTree = "<group>"; };
5147340000000000019731 = { isa = PBXBuildFile; fileRef = 1292830000000000019725; };
1908340000000000019732 = { isa = PBXFileReference; lastKnownFileType = image.png; path = "Anarchy@2x.png"; sourceTree = "<group>"; };
2078280000000000019733 = { isa = PBXBuildFile; fileRef = 1908340000000000019732; };
4448650000000000019734 = { isa = PBXFileReference; lastKnownFileType = image.png; path = "Anarchy-72.png"; sourceTree = "<group>"; };
8064590000000000019735 = { isa = PBXBuildFile; fileRef = 4448650000000000019734; };
2244780000000000019736 = { isa = PBXFileReference; lastKnownFileType = image.png; path = "Anarchy-72@2x.png"; sourceTree = "<group>"; };
4335290000000000019737 = { isa = PBXBuildFile; fileRef = 2244780000000000019736; };
4202100000000000019738 = { isa = PBXFileReference; lastKnownFileType = image.png; path = "Default-Landscape@2x~ipad.png"; sourceTree = "<group>"; };
1465780000000000019741 = { isa = PBXBuildFile; fileRef = 4202100000000000019738; };
8616490000000000019742 = { isa = PBXFileReference; lastKnownFileType = image.png; path = "Default-Landscape~ipad.png"; sourceTree = "<group>"; };
2613420000000000019743 = { isa = PBXBuildFile; fileRef = 8616490000000000019742; };
6802340000000000019744 = { isa = PBXFileReference; lastKnownFileType = image.png; path = "Default-Portrait@2x~ipad.png"; sourceTree = "<group>"; };
8104470000000000019745 = { isa = PBXBuildFile; fileRef = 6802340000000000019744; };
4560770000000000019746 = { isa = PBXFileReference; lastKnownFileType = image.png; path = "Default-Portrait~ipad.png"; sourceTree = "<group>"; };
8729610000000000019747 = { isa = PBXBuildFile; fileRef = 4560770000000000019746; };
0879910000000000019748 = { isa = PBXFileReference; lastKnownFileType = image.png; path = "Default-568h@2x~iphone.png"; sourceTree = "<group>"; };
2455390000000000019749 = { isa = PBXBuildFile; fileRef = 0879910000000000019748; };
0679650000000000019750 = { isa = PBXFileReference; lastKnownFileType = image.png; path = "Default@2x~iphone.png"; sourceTree = "<group>"; };
0012280000000000019751 = { isa = PBXBuildFile; fileRef = 0679650000000000019750; };
1058540000000000019752 = { isa = PBXFileReference; lastKnownFileType = image.png; path = "Default~iphone.png"; sourceTree = "<group>"; };
9315150000000000019753 = { isa = PBXBuildFile; fileRef = 1058540000000000019752; };
5004450000000000019754 = { isa = PBXFileReference; lastKnownFileType = text.plist.xml; path = "Samples-Info.plist"; sourceTree = "<group>"; };
9799290000000000019755 = { isa = PBXBuildFile; fileRef = 5004450000000000019754; };
5844080000000000019756 = { isa = PBXFileReference; lastKnownFileType = folder; path = "Data"; sourceTree = "<group>"; };
0612070000000000019757 = { isa = PBXBuildFile; fileRef = 5844080000000000019756; };
5844080000000000019756 = { isa = PBXFileReference; lastKnownFileType = folder; path = "Data"; sourceTree = "<group>"; };
5670550000000000019758 = { isa = PBXBuildFile; fileRef = 5844080000000000019756; };
3162090000000000019759 = { isa = PBXFileReference; lastKnownFileType = file.xib; path = "VisMainWindowIOS.xib"; sourceTree = "<group>"; };
1368370000000000019760 = { isa = PBXBuildFile; fileRef = 3162090000000000019759; };
5821940000000000019761 = { isa = PBXFileReference; lastKnownFileType = file.xib; path = "VisViewControllerIOS.xib"; sourceTree = "<group>"; };
2709690000000000019762 = { isa = PBXBuildFile; fileRef = 5821940000000000019761; };
7693930000000000019646 = { isa = PBXGroup; children = ( 3789280000000000019645, 2516060000000000019648, 1436160000000000019650, 4023800000000000019652, 7962860000000000019654, 8923300000000000019656, 4253150000000000019658, 5025420000000000019660, 4492600000000000019667, 2165550000000000019697, 4288080000000000019705, 6063900000000000019713, 1283940000000000019715, 2200910000000000019717, 2667930000000000019719, 5933500000000000019721, 1556730000000000019723, 9227810000000000019730, 5844080000000000019756, ); name = Products; sourceTree = "<group>"; };
5011080000000000019703 = { isa = PBXGroup; children = ( 1399140000000000019701, ); name = Products; sourceTree = "<group>"; };
9227810000000000019730 = { isa = PBXGroup; children = ( 0898430000000000019729, ); path = ../../../../../Data; sourceTree = "<group>"; };
9610890000000000019663 = { isa = PBXGroup; children = ( 6432570000000000019662, 9334530000000000019669, 4422570000000000019671, 5955150000000000019673, 3016070000000000019675, 5107210000000000019677, 4209110000000000019679, 1795080000000000019681, 0440670000000000019683, 2738610000000000019685, 3162090000000000019759, 5821940000000000019761, ); path = iOS; sourceTree = "<group>"; };
4029240000000000019726 = { isa = PBXGroup; children = ( 1292830000000000019725, 1908340000000000019732, 4448650000000000019734, 2244780000000000019736, ); path = Resources; sourceTree = "<group>"; };
9395570000000000019665 = { isa = PBXGroup; children = ( 5977640000000000019664, ); path = Runtime; sourceTree = "<group>"; };
2422500000000000019727 = { isa = PBXGroup; children = ( 4029240000000000019726, 5004450000000000019754, ); path = iOS; sourceTree = "<group>"; };
2386860000000000019740 = { isa = PBXGroup; children = ( 2461640000000000019739, ); path = iOS; sourceTree = "<group>"; };
4337020000000000019711 = { isa = PBXGroup; children = ( 7317910000000000019709, ); name = Products; sourceTree = "<group>"; };
2461640000000000019739 = { isa = PBXGroup; children = ( 4202100000000000019738, 8616490000000000019742, 6802340000000000019744, 4560770000000000019746, 0879910000000000019748, 0679650000000000019750, 1058540000000000019752, ); path = Resources; sourceTree = "<group>"; };
4492600000000000019667 = { isa = PBXGroup; children = ( 8680450000000000019666, ); path = ../../../../../Source; sourceTree = "<group>"; };
0898430000000000019729 = { isa = PBXGroup; children = ( 4543060000000000019728, 2386860000000000019740, ); path = Common; sourceTree = "<group>"; };
4543060000000000019728 = { isa = PBXGroup; children = ( 2422500000000000019727, ); path = Anarchy; sourceTree = "<group>"; };
8680450000000000019666 = { isa = PBXGroup; children = ( 9395570000000000019665, ); path = Vision; sourceTree = "<group>"; };
5977640000000000019664 = { isa = PBXGroup; children = ( 9610890000000000019663, ); path = Common; sourceTree = "<group>"; };

		
		/* Describes the build configurations */
		1508970000000000019763 = { isa = XCBuildConfiguration; name = debug_v7; buildSettings = { ARCHS = (armv7); SDKROOT = iphoneos; HEADER_SEARCH_PATHS = ( "../../../..", "$(HAVOK_THIRDPARTY_DIR)/redistsdks/Lua/5.1.4/", ); IPHONEOS_DEPLOYMENT_TARGET = 4.3;GCC_PRECOMPILE_PREFIX_HEADER = NO; GCC_PREPROCESSOR_DEFINITIONS_NOT_USED_IN_PRECOMPS = (HK_ANARCHY,PROFILING,_VISION_IOS,_VISION_POSIX,_VR_GLES2,VBASE_LIB,LINK_WITH_VISION,VISIONDLL_LIB);SUPPORTED_PLATFORMS = iphoneos;MACH_O_TYPE = mh_execute; WRAPPER_EXTENSION = app;LIBRARY_SEARCH_PATHS = ( "$(HAVOK_THIRDPARTY_DIR)/redistsdks/Lua/5.1.4/lib/iphoneos/Debug", "../../../../../Lib/ios_xcode_anarchy/$(CONFIGURATION)", ); OTHER_CPLUSPLUSFLAGS = ("-fno-strict-aliasing","-std=c++98","-mfpu=neon","-mfloat-abi=softfp",-DHK_ANARCHY,-DPROFILING,-D_VISION_IOS,-D_VISION_POSIX,-D_VR_GLES2,-DVBASE_LIB,-DLINK_WITH_VISION,-DVISIONDLL_LIB,-D_DEBUG,-DHK_DEBUG,-DHK_DEBUG_SLOW,"-fno-inline");OTHER_LDFLAGS = (-lluaIOS,-lBaseD,-lVisionD);GCC_INLINES_ARE_PRIVATE_EXTERN = YES;GCC_SYMBOLS_PRIVATE_EXTERN = NO;GCC_ENABLE_SYMBOL_SEPARATION = NO;GCC_USE_GCC3_PFE_SUPPORT = NO;GCC_STRICT_ALIASING = NO;GCC_ENABLE_CPP_RTTI = NO; GCC_ENABLE_CPP_EXCEPTIONS = NO; DEBUG_INFORMATION_FORMAT = dwarf;GCC_GENERATE_DEBUGGING_SYMBOLS = YES;GCC_OPTIMIZATION_LEVEL = 0;GCC_THUMB_SUPPORT = NO; GCC_VERSION = com.apple.compilers.llvm.clang.1_0;SKIP_INSTALL = NO; TARGETED_DEVICE_FAMILY = "1,2"; COMPRESS_PNG_FILES = NO; CODE_SIGN_IDENTITY = "iPhone Developer"; INFOPLIST_FILE = "../../../../../Data/Common/Anarchy/iOS/Samples-Info.plist"; WARNING_CFLAGS = ("-W", "-Wall", "-Wundef", "-Wno-inline", "-Wcast-qual", "-Wno-unused", "-Wno-unknown-pragmas","-Wno-ignored-qualifiers", "-Wno-overflow", "-Wno-type-limits", "-Wno-sign-compare", "-Wno-char-subscripts", "-Wno-switch", "-Wno-dangling-else", "-Wno-comment", "-Wno-shadow", -Wno-unused-parameter);GCC_WARN_ABOUT_INVALID_OFFSETOF_MACRO = NO;}; };
2059300000000000019764 = { isa = XCBuildConfiguration; name = dev_v7; buildSettings = { ARCHS = (armv7); SDKROOT = iphoneos; HEADER_SEARCH_PATHS = ( "../../../..", "$(HAVOK_THIRDPARTY_DIR)/redistsdks/Lua/5.1.4/", ); IPHONEOS_DEPLOYMENT_TARGET = 4.3;GCC_PRECOMPILE_PREFIX_HEADER = NO; GCC_PREPROCESSOR_DEFINITIONS_NOT_USED_IN_PRECOMPS = (HK_ANARCHY,PROFILING,_VISION_IOS,_VISION_POSIX,_VR_GLES2,VBASE_LIB,LINK_WITH_VISION,VISIONDLL_LIB);SUPPORTED_PLATFORMS = iphoneos;MACH_O_TYPE = mh_execute; WRAPPER_EXTENSION = app;LIBRARY_SEARCH_PATHS = ( "$(HAVOK_THIRDPARTY_DIR)/redistsdks/Lua/5.1.4/lib/iphoneos/Release", "../../../../../Lib/ios_xcode_anarchy/$(CONFIGURATION)", ); OTHER_CPLUSPLUSFLAGS = ("-fno-strict-aliasing","-std=c++98","-mfpu=neon","-mfloat-abi=softfp",-DHK_ANARCHY,-DPROFILING,-D_VISION_IOS,-D_VISION_POSIX,-D_VR_GLES2,-DVBASE_LIB,-DLINK_WITH_VISION,-DVISIONDLL_LIB,-DHK_DEBUG);OTHER_LDFLAGS = (-lluaIOS,-lBase,-lVision);GCC_INLINES_ARE_PRIVATE_EXTERN = YES;GCC_SYMBOLS_PRIVATE_EXTERN = NO;GCC_ENABLE_SYMBOL_SEPARATION = NO;GCC_USE_GCC3_PFE_SUPPORT = NO;GCC_STRICT_ALIASING = NO;GCC_ENABLE_CPP_RTTI = NO; GCC_ENABLE_CPP_EXCEPTIONS = NO; DEBUG_INFORMATION_FORMAT = dwarf;GCC_GENERATE_DEBUGGING_SYMBOLS = YES;GCC_OPTIMIZATION_LEVEL = 3;GCC_THUMB_SUPPORT = NO; GCC_VERSION = com.apple.compilers.llvm.clang.1_0;SKIP_INSTALL = NO; TARGETED_DEVICE_FAMILY = "1,2"; COMPRESS_PNG_FILES = NO; CODE_SIGN_IDENTITY = "iPhone Developer"; INFOPLIST_FILE = "../../../../../Data/Common/Anarchy/iOS/Samples-Info.plist"; WARNING_CFLAGS = ("-W", "-Wall", "-Wundef", "-Wno-inline", "-Wcast-qual", "-Wno-unused", "-Wno-unknown-pragmas","-Wno-ignored-qualifiers", "-Wno-overflow", "-Wno-type-limits", "-Wno-sign-compare", "-Wno-char-subscripts", "-Wno-switch", "-Wno-dangling-else", "-Wno-comment", "-Wno-shadow", -Wno-unused-parameter);GCC_WARN_ABOUT_INVALID_OFFSETOF_MACRO = NO;}; };
9764700000000000019765 = { isa = XCBuildConfiguration; name = release_v7; buildSettings = { ARCHS = (armv7); SDKROOT = iphoneos; HEADER_SEARCH_PATHS = ( "../../../..", "$(HAVOK_THIRDPARTY_DIR)/redistsdks/Lua/5.1.4/", ); IPHONEOS_DEPLOYMENT_TARGET = 4.3;GCC_PRECOMPILE_PREFIX_HEADER = NO; GCC_PREPROCESSOR_DEFINITIONS_NOT_USED_IN_PRECOMPS = (HK_ANARCHY,PROFILING,_VISION_IOS,_VISION_POSIX,_VR_GLES2,VBASE_LIB,LINK_WITH_VISION,VISIONDLL_LIB);SUPPORTED_PLATFORMS = iphoneos;MACH_O_TYPE = mh_execute; WRAPPER_EXTENSION = app;LIBRARY_SEARCH_PATHS = ( "$(HAVOK_THIRDPARTY_DIR)/redistsdks/Lua/5.1.4/lib/iphoneos/Release", "../../../../../Lib/ios_xcode_anarchy/$(CONFIGURATION)", ); OTHER_CPLUSPLUSFLAGS = ("-fno-strict-aliasing","-std=c++98","-mfpu=neon","-mfloat-abi=softfp",-DHK_ANARCHY,-DPROFILING,-D_VISION_IOS,-D_VISION_POSIX,-D_VR_GLES2,-DVBASE_LIB,-DLINK_WITH_VISION,-DVISIONDLL_LIB,"-fomit-frame-pointer","-fno-implement-inlines");OTHER_LDFLAGS = (-lluaIOS,-lBase,-lVision);GCC_INLINES_ARE_PRIVATE_EXTERN = YES;GCC_SYMBOLS_PRIVATE_EXTERN = NO;GCC_ENABLE_SYMBOL_SEPARATION = NO;GCC_USE_GCC3_PFE_SUPPORT = NO;GCC_STRICT_ALIASING = NO;GCC_ENABLE_CPP_RTTI = NO; GCC_ENABLE_CPP_EXCEPTIONS = NO; DEBUG_INFORMATION_FORMAT = dwarf;GCC_GENERATE_DEBUGGING_SYMBOLS = NO;GCC_OPTIMIZATION_LEVEL = 3;GCC_THUMB_SUPPORT = NO; GCC_VERSION = com.apple.compilers.llvm.clang.1_0;SKIP_INSTALL = NO; TARGETED_DEVICE_FAMILY = "1,2"; COMPRESS_PNG_FILES = NO; CODE_SIGN_IDENTITY = "iPhone Developer"; INFOPLIST_FILE = "../../../../../Data/Common/Anarchy/iOS/Samples-Info.plist"; WARNING_CFLAGS = ("-W", "-Wall", "-Wundef", "-Wno-inline", "-Wcast-qual", "-Wno-unused", "-Wno-unknown-pragmas","-Wno-ignored-qualifiers", "-Wno-overflow", "-Wno-type-limits", "-Wno-sign-compare", "-Wno-char-subscripts", "-Wno-switch", "-Wno-dangling-else", "-Wno-comment", "-Wno-shadow", -Wno-unused-parameter);GCC_WARN_ABOUT_INVALID_OFFSETOF_MACRO = NO;}; };
9881440000000000019766 = { isa = XCBuildConfiguration; name = distrib_v7; buildSettings = { ARCHS = (armv7); SDKROOT = iphoneos; HEADER_SEARCH_PATHS = ( "../../../..", "$(HAVOK_THIRDPARTY_DIR)/redistsdks/Lua/5.1.4/", ); IPHONEOS_DEPLOYMENT_TARGET = 4.3;GCC_PRECOMPILE_PREFIX_HEADER = NO; GCC_PREPROCESSOR_DEFINITIONS_NOT_USED_IN_PRECOMPS = (HK_ANARCHY,PROFILING,_VISION_IOS,_VISION_POSIX,_VR_GLES2,VBASE_LIB,LINK_WITH_VISION,VISIONDLL_LIB);SUPPORTED_PLATFORMS = iphoneos;MACH_O_TYPE = mh_execute; WRAPPER_EXTENSION = app;LIBRARY_SEARCH_PATHS = ( "$(HAVOK_THIRDPARTY_DIR)/redistsdks/Lua/5.1.4/lib/iphoneos/Release", "../../../../../Lib/ios_xcode_anarchy/$(CONFIGURATION)", ); OTHER_CPLUSPLUSFLAGS = ("-fno-strict-aliasing","-std=c++98","-mfpu=neon","-mfloat-abi=softfp",-DHK_ANARCHY,-DPROFILING,-D_VISION_IOS,-D_VISION_POSIX,-D_VR_GLES2,-DVBASE_LIB,-DLINK_WITH_VISION,-DVISIONDLL_LIB,"-fomit-frame-pointer","-fno-implement-inlines");OTHER_LDFLAGS = (-lluaIOS,-lBase,-lVision);GCC_INLINES_ARE_PRIVATE_EXTERN = YES;GCC_SYMBOLS_PRIVATE_EXTERN = NO;GCC_ENABLE_SYMBOL_SEPARATION = NO;GCC_USE_GCC3_PFE_SUPPORT = NO;GCC_STRICT_ALIASING = NO;GCC_ENABLE_CPP_RTTI = NO; GCC_ENABLE_CPP_EXCEPTIONS = NO; DEBUG_INFORMATION_FORMAT = dwarf;GCC_GENERATE_DEBUGGING_SYMBOLS = NO;GCC_OPTIMIZATION_LEVEL = 3;GCC_THUMB_SUPPORT = NO; GCC_VERSION = com.apple.compilers.llvm.clang.1_0;SKIP_INSTALL = NO; TARGETED_DEVICE_FAMILY = "1,2"; COMPRESS_PNG_FILES = NO; CODE_SIGN_IDENTITY = "iPhone Distribution"; INFOPLIST_FILE = "../../../../../Data/Common/Anarchy/iOS/Samples-Info.plist"; WARNING_CFLAGS = ("-W", "-Wall", "-Wundef", "-Wno-inline", "-Wcast-qual", "-Wno-unused", "-Wno-unknown-pragmas","-Wno-ignored-qualifiers", "-Wno-overflow", "-Wno-type-limits", "-Wno-sign-compare", "-Wno-char-subscripts", "-Wno-switch", "-Wno-dangling-else", "-Wno-comment", "-Wno-shadow", -Wno-unused-parameter);GCC_WARN_ABOUT_INVALID_OFFSETOF_MACRO = NO;}; };

		9347910000000000019767 = { isa = XCBuildConfiguration; name = debug_v7; buildSettings = { CONFIGURATION_BUILD_DIR = "$(BUILD_DIR)"; CONFIGURATION_TEMP_DIR = "$(PROJECT_TEMP_DIR)/$(CONFIGURATION)$"; SYMROOT = "../../../../../Bin/ios_xcode_anarchy/debug_v7"; OBJROOT = "../../../../../Obj/ios_xcode_anarchy/$(CONFIGURATION)/Unicode"; HEADER_SEARCH_PATHS = ( "../../../..", "$(HAVOK_THIRDPARTY_DIR)/redistsdks/Lua/5.1.4/", ); PRODUCT_NAME = "Unicode_ios-xcode_anarchy_debug_v7"; CONFIGURATION_BUILD_DIR = "$(BUILD_DIR)"; }; };
2960290000000000019768 = { isa = XCBuildConfiguration; name = dev_v7; buildSettings = { CONFIGURATION_BUILD_DIR = "$(BUILD_DIR)"; CONFIGURATION_TEMP_DIR = "$(PROJECT_TEMP_DIR)/$(CONFIGURATION)$"; SYMROOT = "../../../../../Bin/ios_xcode_anarchy/dev_v7"; OBJROOT = "../../../../../Obj/ios_xcode_anarchy/$(CONFIGURATION)/Unicode"; HEADER_SEARCH_PATHS = ( "../../../..", "$(HAVOK_THIRDPARTY_DIR)/redistsdks/Lua/5.1.4/", ); PRODUCT_NAME = "Unicode_ios-xcode_anarchy_dev_v7"; CONFIGURATION_BUILD_DIR = "$(BUILD_DIR)"; }; };
5595570000000000019769 = { isa = XCBuildConfiguration; name = release_v7; buildSettings = { CONFIGURATION_BUILD_DIR = "$(BUILD_DIR)"; CONFIGURATION_TEMP_DIR = "$(PROJECT_TEMP_DIR)/$(CONFIGURATION)$"; SYMROOT = "../../../../../Bin/ios_xcode_anarchy/release_v7"; OBJROOT = "../../../../../Obj/ios_xcode_anarchy/$(CONFIGURATION)/Unicode"; HEADER_SEARCH_PATHS = ( "../../../..", "$(HAVOK_THIRDPARTY_DIR)/redistsdks/Lua/5.1.4/", ); PRODUCT_NAME = "Unicode_ios-xcode_anarchy_release_v7"; CONFIGURATION_BUILD_DIR = "$(BUILD_DIR)"; }; };
0600790000000000019770 = { isa = XCBuildConfiguration; name = distrib_v7; buildSettings = { CONFIGURATION_BUILD_DIR = "$(BUILD_DIR)"; CONFIGURATION_TEMP_DIR = "$(PROJECT_TEMP_DIR)/$(CONFIGURATION)$"; SYMROOT = "../../../../../Bin/ios_xcode_anarchy/distrib_v7"; OBJROOT = "../../../../../Obj/ios_xcode_anarchy/$(CONFIGURATION)/Unicode"; HEADER_SEARCH_PATHS = ( "../../../..", "$(HAVOK_THIRDPARTY_DIR)/redistsdks/Lua/5.1.4/", ); PRODUCT_NAME = "Unicode_ios-xcode_anarchy_distrib_v7"; CONFIGURATION_BUILD_DIR = "$(BUILD_DIR)"; }; };

		2162030000000000019771 = { isa = XCConfigurationList; buildConfigurations = ( 2059300000000000019764, 1508970000000000019763, 9881440000000000019766, 9764700000000000019765, ); };
		6444980000000000019772 = { isa = XCConfigurationList; buildConfigurations = ( 2960290000000000019768, 9347910000000000019767, 0600790000000000019770, 5595570000000000019769, ); };
		
		/* Describes the target */
		/* Pre Build Step */
		4641720000000000019773 =  /*  */ { isa = PBXShellScriptBuildPhase; buildActionMask = 2147483647; files = ( ); inputPaths = ( ); name = "Making symlinks to resources...."; outputPaths = ( ); runOnlyForDeploymentPostprocessing = 0; shellPath = "/bin/sh";shellScript = "python ../../../../../Build/StandaloneTools/Deployment/Python/linkiOSResources.py -r ../../../../../Data/Vision/Base/ Data/Vision/Base/ -r ../../../../../Data/Vision/Samples/Engine/Unicode/ Data/Vision/Samples/Engine/Unicode/ -l $CONFIGURATION";};
		9146400000000000019774 = { isa = PBXSourcesBuildPhase; buildActionMask = 2147483647; files = ( 5868750000000000019653, 7407380000000000019691, 2811800000000000019647, 1619120000000000019649, 7966380000000000019688, 9781400000000000019690, 5154030000000000019693, 7568200000000000019695, 4415890000000000019659, ); runOnlyForDeploymentPostprocessing = 0; };
		2950530000000000019775 = { isa = PBXResourcesBuildPhase; buildActionMask = 2147483647; files = ( 2709690000000000019762, 4335290000000000019737, 9315150000000000019753, 0012280000000000019751, 8064590000000000019735, 2078280000000000019733, 8729610000000000019747, 5670550000000000019758, 2613420000000000019743, 1368370000000000019760, 1465780000000000019741, 2455390000000000019749, 8104470000000000019745, 5147340000000000019731, ); runOnlyForDeploymentPostprocessing = 0; };
		3123300000000000019776 = { isa = PBXFrameworksBuildPhase; buildActionMask = 2147483647; files = ( 3584070000000000019720, 2843570000000000019716, 9980690000000000019724, 8817140000000000019714, 6638990000000000019722, 3834080000000000019718, 2602760000000000019702, 9032230000000000019710, ); runOnlyForDeploymentPostprocessing = 0; };
		9554120000000000019777 =  /* Copy resources to bundle.... */ { isa = PBXShellScriptBuildPhase; buildActionMask = 2147483647; files = ( ); inputPaths = ( ); name = "Copy resources to bundle...."; outputPaths = ( ); runOnlyForDeploymentPostprocessing = 0;shellPath = "/bin/sh";shellScript = "python ../../../../../Build/StandaloneTools/Deployment/Python/copyiOSResources.py -d $BUILT_PRODUCTS_DIR/$CONTENTS_FOLDER_PATH -r Data";};
		685379138731271800000127 = { isa = PBXNativeTarget; buildConfigurationList = 2162030000000000019771; buildPhases = ( 7299540000000000015028, 2617680000000000015078, 8015840000000000015317, 6841110000000000015384, 6082340000000000015444, 8884940000000000016185, 2017860000000000016480, 1344860000000000016625, 3244150000000000016755, 1897360000000000016880, 5253300000000000017132, 9131760000000000017341, 5260190000000000017548, 4895540000000000017868, 3173570000000000018107, 2923890000000000018529, 5929710000000000018681, 1863470000000000018886, 7690050000000000019011, 7216720000000000019135, 8735350000000000019259, 5564460000000000019383, 6943400000000000019511, 6409580000000000019639, 4641720000000000019773, 9146400000000000019774, 3123300000000000019776, 2950530000000000019775, 9554120000000000019777,  ); dependencies = ( 7342580000000000019704,0704600000000000019712, ); name = Unicode; productName = Unicode; productReference = 863925138731271700000126 /* Unicode */ ;productType = "com.apple.product-type.application";}; 
		
		/* Describes the project */
		6769200000000000019778 = { isa = PBXProject; projectDirPath = ""; projectRoot = ""; compatibilityVersion = "Xcode 3.2"; mainGroup = 7693930000000000019646; buildConfigurationList = 6444980000000000019772; projectReferences = ( { ProductGroup = 5011080000000000019703 /* Products */; ProjectRef = 2165550000000000019697; /* xcodeproj */ },
 { ProductGroup = 4337020000000000019711 /* Products */; ProjectRef = 4288080000000000019705; /* xcodeproj */ },
 );
 targets = ( 685379138731271800000127 ); };
	};
	
	rootObject = 6769200000000000019778 /* Project object */;
}
