// !$*UTF8*$!
{
	archiveVersion = 1;
	classes = {
	};
	objectVersion = 46;
	objects = {
		
		/* Describes the files */
		313183139655268100000126 = {isa = PBXFileReference; explicitFileType = archive.ar; includeInIndex = 0; path = Unicode.app;sourceTree = BUILT_PRODUCTS_DIR; };
4442080000000000019699 = { isa = PBXFileReference; path = Unicode.cpp; sourceTree = "<group>"; };
5437520000000000019701 = { isa = PBXBuildFile; fileRef = 4442080000000000019699; };
9144850000000000019702 = { isa = PBXFileReference; path = UnicodePCH.cpp; sourceTree = "<group>"; };
6329220000000000019703 = { isa = PBXBuildFile; fileRef = 9144850000000000019702; };
8641090000000000019704 = { isa = PBXFileReference; path = UnicodePCH.h; sourceTree = "<group>"; };
8684420000000000019705 = { isa = PBXBuildFile; fileRef = 8641090000000000019704; };
9177910000000000019706 = { isa = PBXFileReference; path = VArabicConverter.cpp; sourceTree = "<group>"; };
7772410000000000019707 = { isa = PBXBuildFile; fileRef = 9177910000000000019706; };
9280180000000000019708 = { isa = PBXFileReference; path = VArabicConverter.hpp; sourceTree = "<group>"; };
1600010000000000019709 = { isa = PBXBuildFile; fileRef = 9280180000000000019708; };
2036900000000000019710 = { isa = PBXFileReference; path = VArrayHelper.hpp; sourceTree = "<group>"; };
4896500000000000019711 = { isa = PBXBuildFile; fileRef = 2036900000000000019710; };
5336860000000000019712 = { isa = PBXFileReference; path = WorldLanguages.cpp; sourceTree = "<group>"; };
6401110000000000019713 = { isa = PBXBuildFile; fileRef = 5336860000000000019712; };
1355940000000000019714 = { isa = PBXFileReference; path = WorldLanguages.hpp; sourceTree = "<group>"; };
9468800000000000019715 = { isa = PBXBuildFile; fileRef = 1355940000000000019714; };
2049790000000000019716 = { isa = PBXFileReference; path = VisAppDelegateIOS.h; sourceTree = "<group>"; };
9036040000000000019722 = { isa = PBXBuildFile; fileRef = 2049790000000000019716; };
9057390000000000019723 = { isa = PBXFileReference; path = VisAppDelegateIOS.m; sourceTree = "<group>"; };
3806360000000000019724 = { isa = PBXBuildFile; fileRef = 9057390000000000019723; };
9829290000000000019725 = { isa = PBXFileReference; path = VisEAGLViewIOS.h; sourceTree = "<group>"; };
1913150000000000019726 = { isa = PBXBuildFile; fileRef = 9829290000000000019725; };
4639760000000000019727 = { isa = PBXFileReference; path = VisEAGLViewIOS.m; sourceTree = "<group>"; };
1711660000000000019728 = { isa = PBXBuildFile; fileRef = 4639760000000000019727; };
0172070000000000019729 = { isa = PBXFileReference; path = VisMainIOS.m; sourceTree = "<group>"; };
5071920000000000019730 = { isa = PBXBuildFile; fileRef = 0172070000000000019729; };
9127000000000000019731 = { isa = PBXFileReference; path = VisViewControllerIOS.h; sourceTree = "<group>"; };
9211620000000000019732 = { isa = PBXBuildFile; fileRef = 9127000000000000019731; };
3625500000000000019733 = { isa = PBXFileReference; path = VisViewControllerIOS.m; sourceTree = "<group>"; };
9396210000000000019734 = { isa = PBXBuildFile; fileRef = 3625500000000000019733; };
0941790000000000019735 = { isa = PBXFileReference; path = VisUncaughtExceptionHandler.h; sourceTree = "<group>"; };
8081010000000000019736 = { isa = PBXBuildFile; fileRef = 0941790000000000019735; };
1672560000000000019737 = { isa = PBXFileReference; path = VisUncaughtExceptionHandler.m; sourceTree = "<group>"; };
5456080000000000019738 = { isa = PBXBuildFile; fileRef = 1672560000000000019737; };
5889450000000000019739 = { isa = PBXFileReference; path = VisAppSettings.h; sourceTree = "<group>"; };
7312260000000000019740 = { isa = PBXBuildFile; fileRef = 5889450000000000019739; };
2049790000000000019716 = { isa = PBXFileReference; path = VisAppDelegateIOS.h; sourceTree = "<group>"; };
6605180000000000019741 = { isa = PBXBuildFile; fileRef = 2049790000000000019716; };
9057390000000000019723 = { isa = PBXFileReference; path = VisAppDelegateIOS.m; sourceTree = "<group>"; };
6518750000000000019742 = { isa = PBXBuildFile; fileRef = 9057390000000000019723; };
9829290000000000019725 = { isa = PBXFileReference; path = VisEAGLViewIOS.h; sourceTree = "<group>"; };
4311430000000000019743 = { isa = PBXBuildFile; fileRef = 9829290000000000019725; };
4639760000000000019727 = { isa = PBXFileReference; path = VisEAGLViewIOS.m; sourceTree = "<group>"; };
5260240000000000019744 = { isa = PBXBuildFile; fileRef = 4639760000000000019727; };
0172070000000000019729 = { isa = PBXFileReference; path = VisMainIOS.m; sourceTree = "<group>"; };
3985630000000000019745 = { isa = PBXBuildFile; fileRef = 0172070000000000019729; };
9127000000000000019731 = { isa = PBXFileReference; path = VisViewControllerIOS.h; sourceTree = "<group>"; };
7984820000000000019746 = { isa = PBXBuildFile; fileRef = 9127000000000000019731; };
3625500000000000019733 = { isa = PBXFileReference; path = VisViewControllerIOS.m; sourceTree = "<group>"; };
7126060000000000019747 = { isa = PBXBuildFile; fileRef = 3625500000000000019733; };
0941790000000000019735 = { isa = PBXFileReference; path = VisUncaughtExceptionHandler.h; sourceTree = "<group>"; };
6506720000000000019748 = { isa = PBXBuildFile; fileRef = 0941790000000000019735; };
1672560000000000019737 = { isa = PBXFileReference; path = VisUncaughtExceptionHandler.m; sourceTree = "<group>"; };
2955790000000000019749 = { isa = PBXBuildFile; fileRef = 1672560000000000019737; };
5889450000000000019739 = { isa = PBXFileReference; path = VisAppSettings.h; sourceTree = "<group>"; };
4213840000000000019750 = { isa = PBXBuildFile; fileRef = 5889450000000000019739; };
8394310000000000019751 = { isa = PBXFileReference; lastKnownFileType = "wrapper.pb-project"; name = VisionEnginePlugin_ios_anarchy.xcodeproj; path = ../../../Runtime/EnginePlugins/VisionEnginePlugin/VisionEnginePlugin_ios_anarchy.xcodeproj; sourceTree = SOURCE_ROOT ; };
1160290000000000019752 = { isa = PBXContainerItemProxy; containerPortal = 8394310000000000019751; proxyType = 1; remoteGlobalIDString = 397426139655267700000081; remoteInfo = libVisionEnginePlugin; };
6299890000000000019753 = { isa = PBXContainerItemProxy; containerPortal = 8394310000000000019751; proxyType = 2; remoteGlobalIDString = 1099530000000000019754; remoteInfo = libVisionEnginePlugin; };
7659670000000000019755 = { isa = PBXReferenceProxy; fileType = archive.ar; path = libVisionEnginePlugin.a; remoteRef = 6299890000000000019753 /* PBXContainerItemProxy */; sourceTree = BUILT_PRODUCTS_DIR; };
7678590000000000019756 = { isa = PBXBuildFile; fileRef = 7659670000000000019755; };
3375590000000000019758 = { isa = PBXTargetDependency; name = VisionEnginePlugin; targetProxy = 1160290000000000019752; /* PBXContainerItemProxy */ };
2962970000000000019759 = { isa = PBXFileReference; lastKnownFileType = "wrapper.pb-project"; name = VisionApp_ios_anarchy.xcodeproj; path = ../../../Runtime/Framework/VisionApp/VisionApp_ios_anarchy.xcodeproj; sourceTree = SOURCE_ROOT ; };
8260830000000000019760 = { isa = PBXContainerItemProxy; containerPortal = 2962970000000000019759; proxyType = 1; remoteGlobalIDString = 444929139655267700000083; remoteInfo = libVisionApp; };
3797610000000000019761 = { isa = PBXContainerItemProxy; containerPortal = 2962970000000000019759; proxyType = 2; remoteGlobalIDString = 7688850000000000019762; remoteInfo = libVisionApp; };
9776630000000000019763 = { isa = PBXReferenceProxy; fileType = archive.ar; path = libVisionApp.a; remoteRef = 3797610000000000019761 /* PBXContainerItemProxy */; sourceTree = BUILT_PRODUCTS_DIR; };
1916930000000000019764 = { isa = PBXBuildFile; fileRef = 9776630000000000019763; };
4967460000000000019766 = { isa = PBXTargetDependency; name = VisionApp; targetProxy = 8260830000000000019760; /* PBXContainerItemProxy */ };
7216440000000000019767 = { isa = PBXFileReference; name = OpenGLES.framework; path = System/Library/Frameworks/OpenGLES.framework; sourceTree = SDKROOT; };
8867960000000000019768 = { isa = PBXBuildFile; fileRef = 7216440000000000019767; };
9002050000000000019769 = { isa = PBXFileReference; name = UIKit.framework; path = System/Library/Frameworks/UIKit.framework; sourceTree = SDKROOT; };
6871140000000000019770 = { isa = PBXBuildFile; fileRef = 9002050000000000019769; };
0235760000000000019771 = { isa = PBXFileReference; name = Foundation.framework; path = System/Library/Frameworks/Foundation.framework; sourceTree = SDKROOT; };
2687050000000000019772 = { isa = PBXBuildFile; fileRef = 0235760000000000019771; };
1782630000000000019773 = { isa = PBXFileReference; name = QuartzCore.framework; path = System/Library/Frameworks/QuartzCore.framework; sourceTree = SDKROOT; };
9516600000000000019774 = { isa = PBXBuildFile; fileRef = 1782630000000000019773; };
1762590000000000019775 = { isa = PBXFileReference; name = CoreData.framework; path = System/Library/Frameworks/CoreData.framework; sourceTree = SDKROOT; };
9096830000000000019776 = { isa = PBXBuildFile; fileRef = 1762590000000000019775; };
1545100000000000019777 = { isa = PBXFileReference; name = SystemConfiguration.framework; path = System/Library/Frameworks/SystemConfiguration.framework; sourceTree = SDKROOT; };
5801760000000000019778 = { isa = PBXBuildFile; fileRef = 1545100000000000019777; };
3513730000000000019779 = { isa = PBXFileReference; lastKnownFileType = image.png; path = "Anarchy.png"; sourceTree = "<group>"; };
2637210000000000019785 = { isa = PBXBuildFile; fileRef = 3513730000000000019779; };
9406010000000000019786 = { isa = PBXFileReference; lastKnownFileType = image.png; path = "Anarchy@2x.png"; sourceTree = "<group>"; };
0214590000000000019787 = { isa = PBXBuildFile; fileRef = 9406010000000000019786; };
9534910000000000019788 = { isa = PBXFileReference; lastKnownFileType = image.png; path = "Anarchy-72.png"; sourceTree = "<group>"; };
2824730000000000019789 = { isa = PBXBuildFile; fileRef = 9534910000000000019788; };
7787950000000000019790 = { isa = PBXFileReference; lastKnownFileType = image.png; path = "Anarchy-72@2x.png"; sourceTree = "<group>"; };
0277780000000000019791 = { isa = PBXBuildFile; fileRef = 7787950000000000019790; };
9073480000000000019792 = { isa = PBXFileReference; lastKnownFileType = image.png; path = "Default-Landscape@2x~ipad.png"; sourceTree = "<group>"; };
3345990000000000019795 = { isa = PBXBuildFile; fileRef = 9073480000000000019792; };
1125630000000000019796 = { isa = PBXFileReference; lastKnownFileType = image.png; path = "Default-Landscape~ipad.png"; sourceTree = "<group>"; };
0870630000000000019797 = { isa = PBXBuildFile; fileRef = 1125630000000000019796; };
3416690000000000019798 = { isa = PBXFileReference; lastKnownFileType = image.png; path = "Default-Portrait@2x~ipad.png"; sourceTree = "<group>"; };
3937180000000000019799 = { isa = PBXBuildFile; fileRef = 3416690000000000019798; };
9255070000000000019800 = { isa = PBXFileReference; lastKnownFileType = image.png; path = "Default-Portrait~ipad.png"; sourceTree = "<group>"; };
6527420000000000019801 = { isa = PBXBuildFile; fileRef = 9255070000000000019800; };
2529350000000000019802 = { isa = PBXFileReference; lastKnownFileType = image.png; path = "Default-568h@2x~iphone.png"; sourceTree = "<group>"; };
7971270000000000019803 = { isa = PBXBuildFile; fileRef = 2529350000000000019802; };
1976700000000000019804 = { isa = PBXFileReference; lastKnownFileType = image.png; path = "Default@2x~iphone.png"; sourceTree = "<group>"; };
0542040000000000019805 = { isa = PBXBuildFile; fileRef = 1976700000000000019804; };
5030380000000000019806 = { isa = PBXFileReference; lastKnownFileType = image.png; path = "Default~iphone.png"; sourceTree = "<group>"; };
9133780000000000019807 = { isa = PBXBuildFile; fileRef = 5030380000000000019806; };
2740340000000000019808 = { isa = PBXFileReference; lastKnownFileType = text.plist.xml; path = "Samples-Info.plist"; sourceTree = "<group>"; };
6110050000000000019809 = { isa = PBXBuildFile; fileRef = 2740340000000000019808; };
9862630000000000019810 = { isa = PBXFileReference; lastKnownFileType = folder; path = "Data"; sourceTree = "<group>"; };
8390680000000000019811 = { isa = PBXBuildFile; fileRef = 9862630000000000019810; };
9862630000000000019810 = { isa = PBXFileReference; lastKnownFileType = folder; path = "Data"; sourceTree = "<group>"; };
1736030000000000019812 = { isa = PBXBuildFile; fileRef = 9862630000000000019810; };
8601920000000000019813 = { isa = PBXFileReference; lastKnownFileType = file.xib; path = "VisMainWindowIOS.xib"; sourceTree = "<group>"; };
7780310000000000019814 = { isa = PBXBuildFile; fileRef = 8601920000000000019813; };
2868680000000000019815 = { isa = PBXFileReference; lastKnownFileType = file.xib; path = "VisViewControllerIOS.xib"; sourceTree = "<group>"; };
4987120000000000019816 = { isa = PBXBuildFile; fileRef = 2868680000000000019815; };
9534700000000000019700 = { isa = PBXGroup; children = ( 4442080000000000019699, 9144850000000000019702, 8641090000000000019704, 9177910000000000019706, 9280180000000000019708, 2036900000000000019710, 5336860000000000019712, 1355940000000000019714, 0562990000000000019721, 8394310000000000019751, 2962970000000000019759, 7216440000000000019767, 9002050000000000019769, 0235760000000000019771, 1782630000000000019773, 1762590000000000019775, 1545100000000000019777, 5366590000000000019784, 9862630000000000019810, ); name = Products; sourceTree = "<group>"; };
3461740000000000019757 = { isa = PBXGroup; children = ( 7659670000000000019755, ); name = Products; sourceTree = "<group>"; };
5366590000000000019784 = { isa = PBXGroup; children = ( 0614770000000000019783, ); path = ../../../../../Data; sourceTree = "<group>"; };
5591220000000000019717 = { isa = PBXGroup; children = ( 2049790000000000019716, 9057390000000000019723, 9829290000000000019725, 4639760000000000019727, 0172070000000000019729, 9127000000000000019731, 3625500000000000019733, 0941790000000000019735, 1672560000000000019737, 5889450000000000019739, 8601920000000000019813, 2868680000000000019815, ); path = iOS; sourceTree = "<group>"; };
4620760000000000019780 = { isa = PBXGroup; children = ( 3513730000000000019779, 9406010000000000019786, 9534910000000000019788, 7787950000000000019790, ); path = Resources; sourceTree = "<group>"; };
7309240000000000019719 = { isa = PBXGroup; children = ( 2988060000000000019718, ); path = Runtime; sourceTree = "<group>"; };
6495440000000000019781 = { isa = PBXGroup; children = ( 4620760000000000019780, 2740340000000000019808, ); path = iOS; sourceTree = "<group>"; };
3929920000000000019794 = { isa = PBXGroup; children = ( 9043910000000000019793, ); path = iOS; sourceTree = "<group>"; };
7306650000000000019765 = { isa = PBXGroup; children = ( 9776630000000000019763, ); name = Products; sourceTree = "<group>"; };
9043910000000000019793 = { isa = PBXGroup; children = ( 9073480000000000019792, 1125630000000000019796, 3416690000000000019798, 9255070000000000019800, 2529350000000000019802, 1976700000000000019804, 5030380000000000019806, ); path = Resources; sourceTree = "<group>"; };
0562990000000000019721 = { isa = PBXGroup; children = ( 4369330000000000019720, ); path = ../../../../../Source; sourceTree = "<group>"; };
0614770000000000019783 = { isa = PBXGroup; children = ( 5360510000000000019782, 3929920000000000019794, ); path = Common; sourceTree = "<group>"; };
5360510000000000019782 = { isa = PBXGroup; children = ( 6495440000000000019781, ); path = Anarchy; sourceTree = "<group>"; };
4369330000000000019720 = { isa = PBXGroup; children = ( 7309240000000000019719, ); path = Vision; sourceTree = "<group>"; };
2988060000000000019718 = { isa = PBXGroup; children = ( 5591220000000000019717, ); path = Common; sourceTree = "<group>"; };

		
		/* Describes the build configurations */
		2681630000000000019817 = { isa = XCBuildConfiguration; name = debug_v7; buildSettings = { ARCHS = (armv7); SDKROOT = iphoneos; HEADER_SEARCH_PATHS = ( "../../../..", "$(HAVOK_THIRDPARTY_DIR)/redistsdks/Lua/5.1.4/", ); IPHONEOS_DEPLOYMENT_TARGET = 4.3;GCC_PRECOMPILE_PREFIX_HEADER = NO; GCC_PREPROCESSOR_DEFINITIONS_NOT_USED_IN_PRECOMPS = (HK_ANARCHY,PROFILING,_VISION_IOS,_VISION_POSIX,_VR_GLES2,VBASE_LIB,LINK_WITH_VISION,VISIONDLL_LIB);SUPPORTED_PLATFORMS = iphoneos;MACH_O_TYPE = mh_execute; WRAPPER_EXTENSION = app;LIBRARY_SEARCH_PATHS = ( "$(HAVOK_THIRDPARTY_DIR)/redistsdks/Lua/5.1.4/lib/iphoneos/Debug", "../../../../../Lib/ios_xcode_anarchy/$(CONFIGURATION)", ); OTHER_CPLUSPLUSFLAGS = ("-fno-strict-aliasing","-std=c++98","-mfpu=neon","-mfloat-abi=softfp",-DHK_ANARCHY,-DPROFILING,-D_VISION_IOS,-D_VISION_POSIX,-D_VR_GLES2,-DVBASE_LIB,-DLINK_WITH_VISION,-DVISIONDLL_LIB,-D_DEBUG,-DHK_DEBUG,-DHK_DEBUG_SLOW,"-fno-inline");OTHER_LDFLAGS = (-lluaIOS,-lBaseD,-lVisionD);GCC_INLINES_ARE_PRIVATE_EXTERN = YES;GCC_SYMBOLS_PRIVATE_EXTERN = NO;GCC_ENABLE_SYMBOL_SEPARATION = NO;GCC_USE_GCC3_PFE_SUPPORT = NO;GCC_STRICT_ALIASING = NO;GCC_ENABLE_CPP_RTTI = NO; GCC_ENABLE_CPP_EXCEPTIONS = NO; DEBUG_INFORMATION_FORMAT = dwarf;GCC_GENERATE_DEBUGGING_SYMBOLS = YES;GCC_OPTIMIZATION_LEVEL = 0;GCC_THUMB_SUPPORT = NO; GCC_VERSION = com.apple.compilers.llvm.clang.1_0;SKIP_INSTALL = NO; TARGETED_DEVICE_FAMILY = "1,2"; COMPRESS_PNG_FILES = NO; CODE_SIGN_IDENTITY = "iPhone Developer"; INFOPLIST_FILE = "../../../../../Data/Common/Anarchy/iOS/Samples-Info.plist"; WARNING_CFLAGS = ("-W", "-Wall", "-Wundef", "-Wno-inline", "-Wcast-qual", "-Wno-unused", "-Wno-unknown-pragmas","-Wno-ignored-qualifiers", "-Wno-overflow", "-Wno-type-limits", "-Wno-sign-compare", "-Wno-char-subscripts", "-Wno-switch", "-Wno-dangling-else", "-Wno-comment", "-Wno-shadow", -Wno-unused-parameter);GCC_WARN_ABOUT_INVALID_OFFSETOF_MACRO = NO;}; };
1077100000000000019818 = { isa = XCBuildConfiguration; name = dev_v7; buildSettings = { ARCHS = (armv7); SDKROOT = iphoneos; HEADER_SEARCH_PATHS = ( "../../../..", "$(HAVOK_THIRDPARTY_DIR)/redistsdks/Lua/5.1.4/", ); IPHONEOS_DEPLOYMENT_TARGET = 4.3;GCC_PRECOMPILE_PREFIX_HEADER = NO; GCC_PREPROCESSOR_DEFINITIONS_NOT_USED_IN_PRECOMPS = (HK_ANARCHY,PROFILING,_VISION_IOS,_VISION_POSIX,_VR_GLES2,VBASE_LIB,LINK_WITH_VISION,VISIONDLL_LIB);SUPPORTED_PLATFORMS = iphoneos;MACH_O_TYPE = mh_execute; WRAPPER_EXTENSION = app;LIBRARY_SEARCH_PATHS = ( "$(HAVOK_THIRDPARTY_DIR)/redistsdks/Lua/5.1.4/lib/iphoneos/Release", "../../../../../Lib/ios_xcode_anarchy/$(CONFIGURATION)", ); OTHER_CPLUSPLUSFLAGS = ("-fno-strict-aliasing","-std=c++98","-mfpu=neon","-mfloat-abi=softfp",-DHK_ANARCHY,-DPROFILING,-D_VISION_IOS,-D_VISION_POSIX,-D_VR_GLES2,-DVBASE_LIB,-DLINK_WITH_VISION,-DVISIONDLL_LIB,-DHK_DEBUG);OTHER_LDFLAGS = (-lluaIOS,-lBase,-lVision);GCC_INLINES_ARE_PRIVATE_EXTERN = YES;GCC_SYMBOLS_PRIVATE_EXTERN = NO;GCC_ENABLE_SYMBOL_SEPARATION = NO;GCC_USE_GCC3_PFE_SUPPORT = NO;GCC_STRICT_ALIASING = NO;GCC_ENABLE_CPP_RTTI = NO; GCC_ENABLE_CPP_EXCEPTIONS = NO; DEBUG_INFORMATION_FORMAT = dwarf;GCC_GENERATE_DEBUGGING_SYMBOLS = YES;GCC_OPTIMIZATION_LEVEL = 3;GCC_THUMB_SUPPORT = NO; GCC_VERSION = com.apple.compilers.llvm.clang.1_0;SKIP_INSTALL = NO; TARGETED_DEVICE_FAMILY = "1,2"; COMPRESS_PNG_FILES = NO; CODE_SIGN_IDENTITY = "iPhone Developer"; INFOPLIST_FILE = "../../../../../Data/Common/Anarchy/iOS/Samples-Info.plist"; WARNING_CFLAGS = ("-W", "-Wall", "-Wundef", "-Wno-inline", "-Wcast-qual", "-Wno-unused", "-Wno-unknown-pragmas","-Wno-ignored-qualifiers", "-Wno-overflow", "-Wno-type-limits", "-Wno-sign-compare", "-Wno-char-subscripts", "-Wno-switch", "-Wno-dangling-else", "-Wno-comment", "-Wno-shadow", -Wno-unused-parameter);GCC_WARN_ABOUT_INVALID_OFFSETOF_MACRO = NO;}; };
2005230000000000019819 = { isa = XCBuildConfiguration; name = release_v7; buildSettings = { ARCHS = (armv7); SDKROOT = iphoneos; HEADER_SEARCH_PATHS = ( "../../../..", "$(HAVOK_THIRDPARTY_DIR)/redistsdks/Lua/5.1.4/", ); IPHONEOS_DEPLOYMENT_TARGET = 4.3;GCC_PRECOMPILE_PREFIX_HEADER = NO; GCC_PREPROCESSOR_DEFINITIONS_NOT_USED_IN_PRECOMPS = (HK_ANARCHY,PROFILING,_VISION_IOS,_VISION_POSIX,_VR_GLES2,VBASE_LIB,LINK_WITH_VISION,VISIONDLL_LIB);SUPPORTED_PLATFORMS = iphoneos;MACH_O_TYPE = mh_execute; WRAPPER_EXTENSION = app;LIBRARY_SEARCH_PATHS = ( "$(HAVOK_THIRDPARTY_DIR)/redistsdks/Lua/5.1.4/lib/iphoneos/Release", "../../../../../Lib/ios_xcode_anarchy/$(CONFIGURATION)", ); OTHER_CPLUSPLUSFLAGS = ("-fno-strict-aliasing","-std=c++98","-mfpu=neon","-mfloat-abi=softfp",-DHK_ANARCHY,-DPROFILING,-D_VISION_IOS,-D_VISION_POSIX,-D_VR_GLES2,-DVBASE_LIB,-DLINK_WITH_VISION,-DVISIONDLL_LIB,"-fomit-frame-pointer");OTHER_LDFLAGS = (-lluaIOS,-lBase,-lVision);GCC_INLINES_ARE_PRIVATE_EXTERN = YES;GCC_SYMBOLS_PRIVATE_EXTERN = NO;GCC_ENABLE_SYMBOL_SEPARATION = NO;GCC_USE_GCC3_PFE_SUPPORT = NO;GCC_STRICT_ALIASING = NO;GCC_ENABLE_CPP_RTTI = NO; GCC_ENABLE_CPP_EXCEPTIONS = NO; DEBUG_INFORMATION_FORMAT = dwarf;GCC_GENERATE_DEBUGGING_SYMBOLS = NO;GCC_OPTIMIZATION_LEVEL = 3;GCC_THUMB_SUPPORT = NO; GCC_VERSION = com.apple.compilers.llvm.clang.1_0;SKIP_INSTALL = NO; TARGETED_DEVICE_FAMILY = "1,2"; COMPRESS_PNG_FILES = NO; CODE_SIGN_IDENTITY = "iPhone Developer"; INFOPLIST_FILE = "../../../../../Data/Common/Anarchy/iOS/Samples-Info.plist"; WARNING_CFLAGS = ("-W", "-Wall", "-Wundef", "-Wno-inline", "-Wcast-qual", "-Wno-unused", "-Wno-unknown-pragmas","-Wno-ignored-qualifiers", "-Wno-overflow", "-Wno-type-limits", "-Wno-sign-compare", "-Wno-char-subscripts", "-Wno-switch", "-Wno-dangling-else", "-Wno-comment", "-Wno-shadow", -Wno-unused-parameter);GCC_WARN_ABOUT_INVALID_OFFSETOF_MACRO = NO;}; };
7301130000000000019820 = { isa = XCBuildConfiguration; name = distrib_v7; buildSettings = { ARCHS = (armv7); SDKROOT = iphoneos; HEADER_SEARCH_PATHS = ( "../../../..", "$(HAVOK_THIRDPARTY_DIR)/redistsdks/Lua/5.1.4/", ); IPHONEOS_DEPLOYMENT_TARGET = 4.3;GCC_PRECOMPILE_PREFIX_HEADER = NO; GCC_PREPROCESSOR_DEFINITIONS_NOT_USED_IN_PRECOMPS = (HK_ANARCHY,PROFILING,_VISION_IOS,_VISION_POSIX,_VR_GLES2,VBASE_LIB,LINK_WITH_VISION,VISIONDLL_LIB);SUPPORTED_PLATFORMS = iphoneos;MACH_O_TYPE = mh_execute; WRAPPER_EXTENSION = app;LIBRARY_SEARCH_PATHS = ( "$(HAVOK_THIRDPARTY_DIR)/redistsdks/Lua/5.1.4/lib/iphoneos/Release", "../../../../../Lib/ios_xcode_anarchy/$(CONFIGURATION)", ); OTHER_CPLUSPLUSFLAGS = ("-fno-strict-aliasing","-std=c++98","-mfpu=neon","-mfloat-abi=softfp",-DHK_ANARCHY,-DPROFILING,-D_VISION_IOS,-D_VISION_POSIX,-D_VR_GLES2,-DVBASE_LIB,-DLINK_WITH_VISION,-DVISIONDLL_LIB,"-fomit-frame-pointer");OTHER_LDFLAGS = (-lluaIOS,-lBase,-lVision);GCC_INLINES_ARE_PRIVATE_EXTERN = YES;GCC_SYMBOLS_PRIVATE_EXTERN = NO;GCC_ENABLE_SYMBOL_SEPARATION = NO;GCC_USE_GCC3_PFE_SUPPORT = NO;GCC_STRICT_ALIASING = NO;GCC_ENABLE_CPP_RTTI = NO; GCC_ENABLE_CPP_EXCEPTIONS = NO; DEBUG_INFORMATION_FORMAT = dwarf;GCC_GENERATE_DEBUGGING_SYMBOLS = NO;GCC_OPTIMIZATION_LEVEL = 3;GCC_THUMB_SUPPORT = NO; GCC_VERSION = com.apple.compilers.llvm.clang.1_0;SKIP_INSTALL = NO; TARGETED_DEVICE_FAMILY = "1,2"; COMPRESS_PNG_FILES = NO; CODE_SIGN_IDENTITY = "iPhone Distribution"; INFOPLIST_FILE = "../../../../../Data/Common/Anarchy/iOS/Samples-Info.plist"; WARNING_CFLAGS = ("-W", "-Wall", "-Wundef", "-Wno-inline", "-Wcast-qual", "-Wno-unused", "-Wno-unknown-pragmas","-Wno-ignored-qualifiers", "-Wno-overflow", "-Wno-type-limits", "-Wno-sign-compare", "-Wno-char-subscripts", "-Wno-switch", "-Wno-dangling-else", "-Wno-comment", "-Wno-shadow", -Wno-unused-parameter);GCC_WARN_ABOUT_INVALID_OFFSETOF_MACRO = NO;}; };

		6972860000000000019821 = { isa = XCBuildConfiguration; name = debug_v7; buildSettings = { CONFIGURATION_BUILD_DIR = "$(BUILD_DIR)"; CONFIGURATION_TEMP_DIR = "$(PROJECT_TEMP_DIR)/$(CONFIGURATION)$"; SYMROOT = "../../../../../Bin/ios_xcode_anarchy/debug_v7"; OBJROOT = "../../../../../Obj/ios_xcode_anarchy/$(CONFIGURATION)/Unicode"; HEADER_SEARCH_PATHS = ( "../../../..", "$(HAVOK_THIRDPARTY_DIR)/redistsdks/Lua/5.1.4/", ); PRODUCT_NAME = "Unicode_ios-xcode_anarchy_debug_v7"; CONFIGURATION_BUILD_DIR = "$(BUILD_DIR)"; }; };
1129490000000000019822 = { isa = XCBuildConfiguration; name = dev_v7; buildSettings = { CONFIGURATION_BUILD_DIR = "$(BUILD_DIR)"; CONFIGURATION_TEMP_DIR = "$(PROJECT_TEMP_DIR)/$(CONFIGURATION)$"; SYMROOT = "../../../../../Bin/ios_xcode_anarchy/dev_v7"; OBJROOT = "../../../../../Obj/ios_xcode_anarchy/$(CONFIGURATION)/Unicode"; HEADER_SEARCH_PATHS = ( "../../../..", "$(HAVOK_THIRDPARTY_DIR)/redistsdks/Lua/5.1.4/", ); PRODUCT_NAME = "Unicode_ios-xcode_anarchy_dev_v7"; CONFIGURATION_BUILD_DIR = "$(BUILD_DIR)"; }; };
2460210000000000019823 = { isa = XCBuildConfiguration; name = release_v7; buildSettings = { CONFIGURATION_BUILD_DIR = "$(BUILD_DIR)"; CONFIGURATION_TEMP_DIR = "$(PROJECT_TEMP_DIR)/$(CONFIGURATION)$"; SYMROOT = "../../../../../Bin/ios_xcode_anarchy/release_v7"; OBJROOT = "../../../../../Obj/ios_xcode_anarchy/$(CONFIGURATION)/Unicode"; HEADER_SEARCH_PATHS = ( "../../../..", "$(HAVOK_THIRDPARTY_DIR)/redistsdks/Lua/5.1.4/", ); PRODUCT_NAME = "Unicode_ios-xcode_anarchy_release_v7"; CONFIGURATION_BUILD_DIR = "$(BUILD_DIR)"; }; };
4200460000000000019824 = { isa = XCBuildConfiguration; name = distrib_v7; buildSettings = { CONFIGURATION_BUILD_DIR = "$(BUILD_DIR)"; CONFIGURATION_TEMP_DIR = "$(PROJECT_TEMP_DIR)/$(CONFIGURATION)$"; SYMROOT = "../../../../../Bin/ios_xcode_anarchy/distrib_v7"; OBJROOT = "../../../../../Obj/ios_xcode_anarchy/$(CONFIGURATION)/Unicode"; HEADER_SEARCH_PATHS = ( "../../../..", "$(HAVOK_THIRDPARTY_DIR)/redistsdks/Lua/5.1.4/", ); PRODUCT_NAME = "Unicode_ios-xcode_anarchy_distrib_v7"; CONFIGURATION_BUILD_DIR = "$(BUILD_DIR)"; }; };

		9644350000000000019825 = { isa = XCConfigurationList; buildConfigurations = ( 1077100000000000019818, 2681630000000000019817, 7301130000000000019820, 2005230000000000019819, ); };
		6197940000000000019826 = { isa = XCConfigurationList; buildConfigurations = ( 1129490000000000019822, 6972860000000000019821, 4200460000000000019824, 2460210000000000019823, ); };
		
		/* Describes the target */
		/* Pre Build Step */
		1315970000000000019827 =  /*  */ { isa = PBXShellScriptBuildPhase; buildActionMask = 2147483647; files = ( ); inputPaths = ( ); name = "Making symlinks to resources...."; outputPaths = ( ); runOnlyForDeploymentPostprocessing = 0; shellPath = "/bin/sh";shellScript = "python ../../../../../Build/StandaloneTools/Deployment/Python/linkiOSResources.py -r ../../../../../Data/Vision/Base/ Data/Vision/Base/ -r ../../../../../Data/Vision/Samples/Engine/Unicode/ Data/Vision/Samples/Engine/Unicode/ -l $CONFIGURATION";};
		5020170000000000019828 = { isa = PBXSourcesBuildPhase; buildActionMask = 2147483647; files = ( 7772410000000000019707, 3985630000000000019745, 5437520000000000019701, 6329220000000000019703, 6518750000000000019742, 5260240000000000019744, 7126060000000000019747, 2955790000000000019749, 6401110000000000019713, ); runOnlyForDeploymentPostprocessing = 0; };
		1798440000000000019829 = { isa = PBXResourcesBuildPhase; buildActionMask = 2147483647; files = ( 4987120000000000019816, 0277780000000000019791, 9133780000000000019807, 0542040000000000019805, 2824730000000000019789, 0214590000000000019787, 6527420000000000019801, 1736030000000000019812, 0870630000000000019797, 7780310000000000019814, 3345990000000000019795, 7971270000000000019803, 3937180000000000019799, 2637210000000000019785, ); runOnlyForDeploymentPostprocessing = 0; };
		1242370000000000019830 = { isa = PBXFrameworksBuildPhase; buildActionMask = 2147483647; files = ( 9516600000000000019774, 6871140000000000019770, 5801760000000000019778, 8867960000000000019768, 9096830000000000019776, 2687050000000000019772, 7678590000000000019756, 1916930000000000019764, ); runOnlyForDeploymentPostprocessing = 0; };
		0712360000000000019831 =  /* Copy resources to bundle.... */ { isa = PBXShellScriptBuildPhase; buildActionMask = 2147483647; files = ( ); inputPaths = ( ); name = "Copy resources to bundle...."; outputPaths = ( ); runOnlyForDeploymentPostprocessing = 0;shellPath = "/bin/sh";shellScript = "python ../../../../../Build/StandaloneTools/Deployment/Python/copyiOSResources.py -d $BUILT_PRODUCTS_DIR/$CONTENTS_FOLDER_PATH -r Data";};
		915787139655268200000127 = { isa = PBXNativeTarget; buildConfigurationList = 9644350000000000019825; buildPhases = ( 7810980000000000015032, 5284070000000000015082, 0197440000000000015325, 2069200000000000015392, 0020520000000000015466, 0419640000000000016215, 7217460000000000016510, 9790400000000000016655, 2851610000000000016785, 5661130000000000016910, 7186320000000000017162, 7631590000000000017379, 3475030000000000017586, 9251860000000000017906, 3522840000000000018153, 4183490000000000018583, 8973850000000000018735, 9588520000000000018940, 1329470000000000019065, 4552850000000000019189, 8928630000000000019313, 7901950000000000019437, 2026480000000000019565, 7141460000000000019693, 1315970000000000019827, 5020170000000000019828, 1242370000000000019830, 1798440000000000019829, 0712360000000000019831,  ); dependencies = ( 3375590000000000019758,4967460000000000019766, ); name = Unicode; productName = Unicode; productReference = 313183139655268100000126 /* Unicode */ ;productType = "com.apple.product-type.application";}; 
		
		/* Describes the project */
		2258600000000000019832 = { isa = PBXProject; projectDirPath = ""; projectRoot = ""; compatibilityVersion = "Xcode 3.2"; mainGroup = 9534700000000000019700; buildConfigurationList = 6197940000000000019826; projectReferences = ( { ProductGroup = 3461740000000000019757 /* Products */; ProjectRef = 8394310000000000019751; /* xcodeproj */ },
 { ProductGroup = 7306650000000000019765 /* Products */; ProjectRef = 2962970000000000019759; /* xcodeproj */ },
 );
 targets = ( 915787139655268200000127 ); };
	};
	
	rootObject = 2258600000000000019832 /* Project object */;
}
