<?xml version="1.0" encoding="utf-8"?>
<Project ToolsVersion="4.0" xmlns="http://schemas.microsoft.com/developer/msbuild/2003">
  <ItemGroup>


  </ItemGroup>
  <ItemGroup>
    <ClInclude Include="MyEntity.hpp">
        <Filter></Filter>
        <DeploymentContent>False</DeploymentContent></ClInclude>
    <ClInclude Include="Tutorial04PCH.h">
        <Filter></Filter>
        <DeploymentContent>False</DeploymentContent></ClInclude>
    <ClCompile Include="Tutorial04PCH.cpp">
        <Filter></Filter>
        <DeploymentContent>False</DeploymentContent></ClCompile>
    <ClCompile Include="MyEntity.cpp">
        <Filter></Filter>
        <DeploymentContent>False</DeploymentContent></ClCompile>
    <ClCompile Include="Tutorial04.cpp">
        <Filter></Filter>
        <DeploymentContent>False</DeploymentContent></ClCompile>

  </ItemGroup>
</Project>
