// !$*UTF8*$!
{
	archiveVersion = 1;
	classes = {
	};
	objectVersion = 46;
	objects = {
		
		/* Describes the files */
		960445138731271700000114 = {isa = PBXFileReference; explicitFileType = archive.ar; includeInIndex = 0; path = SimpleFont.app;sourceTree = BUILT_PRODUCTS_DIR; };
7019430000000000018892 = { isa = PBXFileReference; path = SimpleFont.cpp; sourceTree = "<group>"; };
4599520000000000018894 = { isa = PBXBuildFile; fileRef = 7019430000000000018892; };
9133800000000000018895 = { isa = PBXFileReference; path = SimpleFontPCH.cpp; sourceTree = "<group>"; };
7540530000000000018896 = { isa = PBXBuildFile; fileRef = 9133800000000000018895; };
5942290000000000018897 = { isa = PBXFileReference; path = SimpleFontPCH.h; sourceTree = "<group>"; };
6524350000000000018898 = { isa = PBXBuildFile; fileRef = 5942290000000000018897; };
5357380000000000018899 = { isa = PBXFileReference; path = VisAppDelegateIOS.h; sourceTree = "<group>"; };
8612330000000000018905 = { isa = PBXBuildFile; fileRef = 5357380000000000018899; };
5435950000000000018906 = { isa = PBXFileReference; path = VisAppDelegateIOS.m; sourceTree = "<group>"; };
9087440000000000018907 = { isa = PBXBuildFile; fileRef = 5435950000000000018906; };
4008380000000000018908 = { isa = PBXFileReference; path = VisEAGLViewIOS.h; sourceTree = "<group>"; };
7553880000000000018909 = { isa = PBXBuildFile; fileRef = 4008380000000000018908; };
6835410000000000018910 = { isa = PBXFileReference; path = VisEAGLViewIOS.m; sourceTree = "<group>"; };
1004340000000000018911 = { isa = PBXBuildFile; fileRef = 6835410000000000018910; };
8847750000000000018912 = { isa = PBXFileReference; path = VisMainIOS.m; sourceTree = "<group>"; };
5586400000000000018913 = { isa = PBXBuildFile; fileRef = 8847750000000000018912; };
0960280000000000018914 = { isa = PBXFileReference; path = VisViewControllerIOS.h; sourceTree = "<group>"; };
0659070000000000018915 = { isa = PBXBuildFile; fileRef = 0960280000000000018914; };
0488280000000000018916 = { isa = PBXFileReference; path = VisViewControllerIOS.m; sourceTree = "<group>"; };
6714320000000000018917 = { isa = PBXBuildFile; fileRef = 0488280000000000018916; };
9991340000000000018918 = { isa = PBXFileReference; path = VisUncaughtExceptionHandler.h; sourceTree = "<group>"; };
1908860000000000018919 = { isa = PBXBuildFile; fileRef = 9991340000000000018918; };
0426110000000000018920 = { isa = PBXFileReference; path = VisUncaughtExceptionHandler.m; sourceTree = "<group>"; };
6540210000000000018921 = { isa = PBXBuildFile; fileRef = 0426110000000000018920; };
3130710000000000018922 = { isa = PBXFileReference; path = VisAppSettings.h; sourceTree = "<group>"; };
6380430000000000018923 = { isa = PBXBuildFile; fileRef = 3130710000000000018922; };
5357380000000000018899 = { isa = PBXFileReference; path = VisAppDelegateIOS.h; sourceTree = "<group>"; };
6905870000000000018924 = { isa = PBXBuildFile; fileRef = 5357380000000000018899; };
5435950000000000018906 = { isa = PBXFileReference; path = VisAppDelegateIOS.m; sourceTree = "<group>"; };
5658990000000000018925 = { isa = PBXBuildFile; fileRef = 5435950000000000018906; };
4008380000000000018908 = { isa = PBXFileReference; path = VisEAGLViewIOS.h; sourceTree = "<group>"; };
8304970000000000018926 = { isa = PBXBuildFile; fileRef = 4008380000000000018908; };
6835410000000000018910 = { isa = PBXFileReference; path = VisEAGLViewIOS.m; sourceTree = "<group>"; };
9129880000000000018927 = { isa = PBXBuildFile; fileRef = 6835410000000000018910; };
8847750000000000018912 = { isa = PBXFileReference; path = VisMainIOS.m; sourceTree = "<group>"; };
3777660000000000018928 = { isa = PBXBuildFile; fileRef = 8847750000000000018912; };
0960280000000000018914 = { isa = PBXFileReference; path = VisViewControllerIOS.h; sourceTree = "<group>"; };
2792530000000000018929 = { isa = PBXBuildFile; fileRef = 0960280000000000018914; };
0488280000000000018916 = { isa = PBXFileReference; path = VisViewControllerIOS.m; sourceTree = "<group>"; };
7626670000000000018930 = { isa = PBXBuildFile; fileRef = 0488280000000000018916; };
9991340000000000018918 = { isa = PBXFileReference; path = VisUncaughtExceptionHandler.h; sourceTree = "<group>"; };
0388540000000000018931 = { isa = PBXBuildFile; fileRef = 9991340000000000018918; };
0426110000000000018920 = { isa = PBXFileReference; path = VisUncaughtExceptionHandler.m; sourceTree = "<group>"; };
9355120000000000018932 = { isa = PBXBuildFile; fileRef = 0426110000000000018920; };
3130710000000000018922 = { isa = PBXFileReference; path = VisAppSettings.h; sourceTree = "<group>"; };
1913630000000000018933 = { isa = PBXBuildFile; fileRef = 3130710000000000018922; };
8357020000000000018934 = { isa = PBXFileReference; lastKnownFileType = "wrapper.pb-project"; name = VisionEnginePlugin_ios_anarchy.xcodeproj; path = ../../../Runtime/EnginePlugins/VisionEnginePlugin/VisionEnginePlugin_ios_anarchy.xcodeproj; sourceTree = SOURCE_ROOT ; };
1476260000000000018935 = { isa = PBXContainerItemProxy; containerPortal = 8357020000000000018934; proxyType = 1; remoteGlobalIDString = 008679138731271300000081; remoteInfo = libVisionEnginePlugin; };
4254020000000000018936 = { isa = PBXContainerItemProxy; containerPortal = 8357020000000000018934; proxyType = 2; remoteGlobalIDString = 4615860000000000018937; remoteInfo = libVisionEnginePlugin; };
3357610000000000018938 = { isa = PBXReferenceProxy; fileType = archive.ar; path = libVisionEnginePlugin.a; remoteRef = 4254020000000000018936 /* PBXContainerItemProxy */; sourceTree = BUILT_PRODUCTS_DIR; };
3550540000000000018939 = { isa = PBXBuildFile; fileRef = 3357610000000000018938; };
8151260000000000018941 = { isa = PBXTargetDependency; name = VisionEnginePlugin; targetProxy = 1476260000000000018935; /* PBXContainerItemProxy */ };
9006800000000000018942 = { isa = PBXFileReference; lastKnownFileType = "wrapper.pb-project"; name = VisionApp_ios_anarchy.xcodeproj; path = ../../../Runtime/Framework/VisionApp/VisionApp_ios_anarchy.xcodeproj; sourceTree = SOURCE_ROOT ; };
0170280000000000018943 = { isa = PBXContainerItemProxy; containerPortal = 9006800000000000018942; proxyType = 1; remoteGlobalIDString = 460313138731271300000083; remoteInfo = libVisionApp; };
3665390000000000018944 = { isa = PBXContainerItemProxy; containerPortal = 9006800000000000018942; proxyType = 2; remoteGlobalIDString = 6843290000000000018945; remoteInfo = libVisionApp; };
0920110000000000018946 = { isa = PBXReferenceProxy; fileType = archive.ar; path = libVisionApp.a; remoteRef = 3665390000000000018944 /* PBXContainerItemProxy */; sourceTree = BUILT_PRODUCTS_DIR; };
1835440000000000018947 = { isa = PBXBuildFile; fileRef = 0920110000000000018946; };
4922940000000000018949 = { isa = PBXTargetDependency; name = VisionApp; targetProxy = 0170280000000000018943; /* PBXContainerItemProxy */ };
5436440000000000018950 = { isa = PBXFileReference; name = OpenGLES.framework; path = System/Library/Frameworks/OpenGLES.framework; sourceTree = SDKROOT; };
0712820000000000018951 = { isa = PBXBuildFile; fileRef = 5436440000000000018950; };
5968280000000000018952 = { isa = PBXFileReference; name = UIKit.framework; path = System/Library/Frameworks/UIKit.framework; sourceTree = SDKROOT; };
4966110000000000018953 = { isa = PBXBuildFile; fileRef = 5968280000000000018952; };
2742870000000000018954 = { isa = PBXFileReference; name = Foundation.framework; path = System/Library/Frameworks/Foundation.framework; sourceTree = SDKROOT; };
9180880000000000018955 = { isa = PBXBuildFile; fileRef = 2742870000000000018954; };
4968910000000000018956 = { isa = PBXFileReference; name = QuartzCore.framework; path = System/Library/Frameworks/QuartzCore.framework; sourceTree = SDKROOT; };
5982030000000000018957 = { isa = PBXBuildFile; fileRef = 4968910000000000018956; };
1742920000000000018958 = { isa = PBXFileReference; name = CoreData.framework; path = System/Library/Frameworks/CoreData.framework; sourceTree = SDKROOT; };
5009300000000000018959 = { isa = PBXBuildFile; fileRef = 1742920000000000018958; };
2753300000000000018960 = { isa = PBXFileReference; name = SystemConfiguration.framework; path = System/Library/Frameworks/SystemConfiguration.framework; sourceTree = SDKROOT; };
2008250000000000018961 = { isa = PBXBuildFile; fileRef = 2753300000000000018960; };
2219480000000000018962 = { isa = PBXFileReference; lastKnownFileType = image.png; path = "Anarchy.png"; sourceTree = "<group>"; };
7737310000000000018968 = { isa = PBXBuildFile; fileRef = 2219480000000000018962; };
3849810000000000018969 = { isa = PBXFileReference; lastKnownFileType = image.png; path = "Anarchy@2x.png"; sourceTree = "<group>"; };
3074830000000000018970 = { isa = PBXBuildFile; fileRef = 3849810000000000018969; };
9482210000000000018971 = { isa = PBXFileReference; lastKnownFileType = image.png; path = "Anarchy-72.png"; sourceTree = "<group>"; };
3602600000000000018972 = { isa = PBXBuildFile; fileRef = 9482210000000000018971; };
3517740000000000018973 = { isa = PBXFileReference; lastKnownFileType = image.png; path = "Anarchy-72@2x.png"; sourceTree = "<group>"; };
9849240000000000018974 = { isa = PBXBuildFile; fileRef = 3517740000000000018973; };
9234410000000000018975 = { isa = PBXFileReference; lastKnownFileType = image.png; path = "Default-Landscape@2x~ipad.png"; sourceTree = "<group>"; };
4578230000000000018978 = { isa = PBXBuildFile; fileRef = 9234410000000000018975; };
8078050000000000018979 = { isa = PBXFileReference; lastKnownFileType = image.png; path = "Default-Landscape~ipad.png"; sourceTree = "<group>"; };
7244410000000000018980 = { isa = PBXBuildFile; fileRef = 8078050000000000018979; };
5677230000000000018981 = { isa = PBXFileReference; lastKnownFileType = image.png; path = "Default-Portrait@2x~ipad.png"; sourceTree = "<group>"; };
2944560000000000018982 = { isa = PBXBuildFile; fileRef = 5677230000000000018981; };
9425960000000000018983 = { isa = PBXFileReference; lastKnownFileType = image.png; path = "Default-Portrait~ipad.png"; sourceTree = "<group>"; };
9813930000000000018984 = { isa = PBXBuildFile; fileRef = 9425960000000000018983; };
2539020000000000018985 = { isa = PBXFileReference; lastKnownFileType = image.png; path = "Default-568h@2x~iphone.png"; sourceTree = "<group>"; };
2105920000000000018986 = { isa = PBXBuildFile; fileRef = 2539020000000000018985; };
6203140000000000018987 = { isa = PBXFileReference; lastKnownFileType = image.png; path = "Default@2x~iphone.png"; sourceTree = "<group>"; };
2389930000000000018988 = { isa = PBXBuildFile; fileRef = 6203140000000000018987; };
8991350000000000018989 = { isa = PBXFileReference; lastKnownFileType = image.png; path = "Default~iphone.png"; sourceTree = "<group>"; };
9793770000000000018990 = { isa = PBXBuildFile; fileRef = 8991350000000000018989; };
8722510000000000018991 = { isa = PBXFileReference; lastKnownFileType = text.plist.xml; path = "Samples-Info.plist"; sourceTree = "<group>"; };
4628610000000000018992 = { isa = PBXBuildFile; fileRef = 8722510000000000018991; };
5582110000000000018993 = { isa = PBXFileReference; lastKnownFileType = folder; path = "Data"; sourceTree = "<group>"; };
2574560000000000018994 = { isa = PBXBuildFile; fileRef = 5582110000000000018993; };
5582110000000000018993 = { isa = PBXFileReference; lastKnownFileType = folder; path = "Data"; sourceTree = "<group>"; };
8801260000000000018995 = { isa = PBXBuildFile; fileRef = 5582110000000000018993; };
5582110000000000018993 = { isa = PBXFileReference; lastKnownFileType = folder; path = "Data"; sourceTree = "<group>"; };
2169550000000000018996 = { isa = PBXBuildFile; fileRef = 5582110000000000018993; };
8671800000000000018997 = { isa = PBXFileReference; lastKnownFileType = file.xib; path = "VisMainWindowIOS.xib"; sourceTree = "<group>"; };
9115930000000000018998 = { isa = PBXBuildFile; fileRef = 8671800000000000018997; };
8959490000000000018999 = { isa = PBXFileReference; lastKnownFileType = file.xib; path = "VisViewControllerIOS.xib"; sourceTree = "<group>"; };
1778230000000000019000 = { isa = PBXBuildFile; fileRef = 8959490000000000018999; };
0269250000000000018893 = { isa = PBXGroup; children = ( 7019430000000000018892, 9133800000000000018895, 5942290000000000018897, 2282950000000000018904, 8357020000000000018934, 9006800000000000018942, 5436440000000000018950, 5968280000000000018952, 2742870000000000018954, 4968910000000000018956, 1742920000000000018958, 2753300000000000018960, 7636410000000000018967, 5582110000000000018993, ); name = Products; sourceTree = "<group>"; };
7542540000000000018940 = { isa = PBXGroup; children = ( 3357610000000000018938, ); name = Products; sourceTree = "<group>"; };
7636410000000000018967 = { isa = PBXGroup; children = ( 5798790000000000018966, ); path = ../../../../../Data; sourceTree = "<group>"; };
9182840000000000018900 = { isa = PBXGroup; children = ( 5357380000000000018899, 5435950000000000018906, 4008380000000000018908, 6835410000000000018910, 8847750000000000018912, 0960280000000000018914, 0488280000000000018916, 9991340000000000018918, 0426110000000000018920, 3130710000000000018922, 8671800000000000018997, 8959490000000000018999, ); path = iOS; sourceTree = "<group>"; };
3387090000000000018963 = { isa = PBXGroup; children = ( 2219480000000000018962, 3849810000000000018969, 9482210000000000018971, 3517740000000000018973, ); path = Resources; sourceTree = "<group>"; };
2498120000000000018977 = { isa = PBXGroup; children = ( 0175480000000000018976, ); path = iOS; sourceTree = "<group>"; };
1013530000000000018902 = { isa = PBXGroup; children = ( 9166960000000000018901, ); path = Runtime; sourceTree = "<group>"; };
5671450000000000018964 = { isa = PBXGroup; children = ( 3387090000000000018963, 8722510000000000018991, ); path = iOS; sourceTree = "<group>"; };
9166960000000000018901 = { isa = PBXGroup; children = ( 9182840000000000018900, ); path = Common; sourceTree = "<group>"; };
1024040000000000018948 = { isa = PBXGroup; children = ( 0920110000000000018946, ); name = Products; sourceTree = "<group>"; };
0175480000000000018976 = { isa = PBXGroup; children = ( 9234410000000000018975, 8078050000000000018979, 5677230000000000018981, 9425960000000000018983, 2539020000000000018985, 6203140000000000018987, 8991350000000000018989, ); path = Resources; sourceTree = "<group>"; };
2282950000000000018904 = { isa = PBXGroup; children = ( 7056620000000000018903, ); path = ../../../../../Source; sourceTree = "<group>"; };
5798790000000000018966 = { isa = PBXGroup; children = ( 7904710000000000018965, 2498120000000000018977, ); path = Common; sourceTree = "<group>"; };
7904710000000000018965 = { isa = PBXGroup; children = ( 5671450000000000018964, ); path = Anarchy; sourceTree = "<group>"; };
7056620000000000018903 = { isa = PBXGroup; children = ( 1013530000000000018902, ); path = Vision; sourceTree = "<group>"; };

		
		/* Describes the build configurations */
		7863690000000000019001 = { isa = XCBuildConfiguration; name = debug_v7; buildSettings = { ARCHS = (armv7); SDKROOT = iphoneos; HEADER_SEARCH_PATHS = ( "../../../..", "$(HAVOK_THIRDPARTY_DIR)/redistsdks/Lua/5.1.4/", ); IPHONEOS_DEPLOYMENT_TARGET = 4.3;GCC_PRECOMPILE_PREFIX_HEADER = NO; GCC_PREPROCESSOR_DEFINITIONS_NOT_USED_IN_PRECOMPS = (HK_ANARCHY,PROFILING,_VISION_IOS,_VISION_POSIX,_VR_GLES2,VBASE_LIB,LINK_WITH_VISION,VISIONDLL_LIB);SUPPORTED_PLATFORMS = iphoneos;MACH_O_TYPE = mh_execute; WRAPPER_EXTENSION = app;LIBRARY_SEARCH_PATHS = ( "$(HAVOK_THIRDPARTY_DIR)/redistsdks/Lua/5.1.4/lib/iphoneos/Debug", "../../../../../Lib/ios_xcode_anarchy/$(CONFIGURATION)", ); OTHER_CPLUSPLUSFLAGS = ("-fno-strict-aliasing","-std=c++98","-mfpu=neon","-mfloat-abi=softfp",-DHK_ANARCHY,-DPROFILING,-D_VISION_IOS,-D_VISION_POSIX,-D_VR_GLES2,-DVBASE_LIB,-DLINK_WITH_VISION,-DVISIONDLL_LIB,-D_DEBUG,-DHK_DEBUG,-DHK_DEBUG_SLOW,"-fno-inline");OTHER_LDFLAGS = (-lluaIOS,-lBaseD,-lVisionD);GCC_INLINES_ARE_PRIVATE_EXTERN = YES;GCC_SYMBOLS_PRIVATE_EXTERN = NO;GCC_ENABLE_SYMBOL_SEPARATION = NO;GCC_USE_GCC3_PFE_SUPPORT = NO;GCC_STRICT_ALIASING = NO;GCC_ENABLE_CPP_RTTI = NO; GCC_ENABLE_CPP_EXCEPTIONS = NO; DEBUG_INFORMATION_FORMAT = dwarf;GCC_GENERATE_DEBUGGING_SYMBOLS = YES;GCC_OPTIMIZATION_LEVEL = 0;GCC_THUMB_SUPPORT = NO; GCC_VERSION = com.apple.compilers.llvm.clang.1_0;SKIP_INSTALL = NO; TARGETED_DEVICE_FAMILY = "1,2"; COMPRESS_PNG_FILES = NO; CODE_SIGN_IDENTITY = "iPhone Developer"; INFOPLIST_FILE = "../../../../../Data/Common/Anarchy/iOS/Samples-Info.plist"; WARNING_CFLAGS = ("-W", "-Wall", "-Wundef", "-Wno-inline", "-Wcast-qual", "-Wno-unused", "-Wno-unknown-pragmas","-Wno-ignored-qualifiers", "-Wno-overflow", "-Wno-type-limits", "-Wno-sign-compare", "-Wno-char-subscripts", "-Wno-switch", "-Wno-dangling-else", "-Wno-comment", "-Wno-shadow", -Wno-unused-parameter);GCC_WARN_ABOUT_INVALID_OFFSETOF_MACRO = NO;}; };
8478630000000000019002 = { isa = XCBuildConfiguration; name = dev_v7; buildSettings = { ARCHS = (armv7); SDKROOT = iphoneos; HEADER_SEARCH_PATHS = ( "../../../..", "$(HAVOK_THIRDPARTY_DIR)/redistsdks/Lua/5.1.4/", ); IPHONEOS_DEPLOYMENT_TARGET = 4.3;GCC_PRECOMPILE_PREFIX_HEADER = NO; GCC_PREPROCESSOR_DEFINITIONS_NOT_USED_IN_PRECOMPS = (HK_ANARCHY,PROFILING,_VISION_IOS,_VISION_POSIX,_VR_GLES2,VBASE_LIB,LINK_WITH_VISION,VISIONDLL_LIB);SUPPORTED_PLATFORMS = iphoneos;MACH_O_TYPE = mh_execute; WRAPPER_EXTENSION = app;LIBRARY_SEARCH_PATHS = ( "$(HAVOK_THIRDPARTY_DIR)/redistsdks/Lua/5.1.4/lib/iphoneos/Release", "../../../../../Lib/ios_xcode_anarchy/$(CONFIGURATION)", ); OTHER_CPLUSPLUSFLAGS = ("-fno-strict-aliasing","-std=c++98","-mfpu=neon","-mfloat-abi=softfp",-DHK_ANARCHY,-DPROFILING,-D_VISION_IOS,-D_VISION_POSIX,-D_VR_GLES2,-DVBASE_LIB,-DLINK_WITH_VISION,-DVISIONDLL_LIB,-DHK_DEBUG);OTHER_LDFLAGS = (-lluaIOS,-lBase,-lVision);GCC_INLINES_ARE_PRIVATE_EXTERN = YES;GCC_SYMBOLS_PRIVATE_EXTERN = NO;GCC_ENABLE_SYMBOL_SEPARATION = NO;GCC_USE_GCC3_PFE_SUPPORT = NO;GCC_STRICT_ALIASING = NO;GCC_ENABLE_CPP_RTTI = NO; GCC_ENABLE_CPP_EXCEPTIONS = NO; DEBUG_INFORMATION_FORMAT = dwarf;GCC_GENERATE_DEBUGGING_SYMBOLS = YES;GCC_OPTIMIZATION_LEVEL = 3;GCC_THUMB_SUPPORT = NO; GCC_VERSION = com.apple.compilers.llvm.clang.1_0;SKIP_INSTALL = NO; TARGETED_DEVICE_FAMILY = "1,2"; COMPRESS_PNG_FILES = NO; CODE_SIGN_IDENTITY = "iPhone Developer"; INFOPLIST_FILE = "../../../../../Data/Common/Anarchy/iOS/Samples-Info.plist"; WARNING_CFLAGS = ("-W", "-Wall", "-Wundef", "-Wno-inline", "-Wcast-qual", "-Wno-unused", "-Wno-unknown-pragmas","-Wno-ignored-qualifiers", "-Wno-overflow", "-Wno-type-limits", "-Wno-sign-compare", "-Wno-char-subscripts", "-Wno-switch", "-Wno-dangling-else", "-Wno-comment", "-Wno-shadow", -Wno-unused-parameter);GCC_WARN_ABOUT_INVALID_OFFSETOF_MACRO = NO;}; };
0618180000000000019003 = { isa = XCBuildConfiguration; name = release_v7; buildSettings = { ARCHS = (armv7); SDKROOT = iphoneos; HEADER_SEARCH_PATHS = ( "../../../..", "$(HAVOK_THIRDPARTY_DIR)/redistsdks/Lua/5.1.4/", ); IPHONEOS_DEPLOYMENT_TARGET = 4.3;GCC_PRECOMPILE_PREFIX_HEADER = NO; GCC_PREPROCESSOR_DEFINITIONS_NOT_USED_IN_PRECOMPS = (HK_ANARCHY,PROFILING,_VISION_IOS,_VISION_POSIX,_VR_GLES2,VBASE_LIB,LINK_WITH_VISION,VISIONDLL_LIB);SUPPORTED_PLATFORMS = iphoneos;MACH_O_TYPE = mh_execute; WRAPPER_EXTENSION = app;LIBRARY_SEARCH_PATHS = ( "$(HAVOK_THIRDPARTY_DIR)/redistsdks/Lua/5.1.4/lib/iphoneos/Release", "../../../../../Lib/ios_xcode_anarchy/$(CONFIGURATION)", ); OTHER_CPLUSPLUSFLAGS = ("-fno-strict-aliasing","-std=c++98","-mfpu=neon","-mfloat-abi=softfp",-DHK_ANARCHY,-DPROFILING,-D_VISION_IOS,-D_VISION_POSIX,-D_VR_GLES2,-DVBASE_LIB,-DLINK_WITH_VISION,-DVISIONDLL_LIB,"-fomit-frame-pointer","-fno-implement-inlines");OTHER_LDFLAGS = (-lluaIOS,-lBase,-lVision);GCC_INLINES_ARE_PRIVATE_EXTERN = YES;GCC_SYMBOLS_PRIVATE_EXTERN = NO;GCC_ENABLE_SYMBOL_SEPARATION = NO;GCC_USE_GCC3_PFE_SUPPORT = NO;GCC_STRICT_ALIASING = NO;GCC_ENABLE_CPP_RTTI = NO; GCC_ENABLE_CPP_EXCEPTIONS = NO; DEBUG_INFORMATION_FORMAT = dwarf;GCC_GENERATE_DEBUGGING_SYMBOLS = NO;GCC_OPTIMIZATION_LEVEL = 3;GCC_THUMB_SUPPORT = NO; GCC_VERSION = com.apple.compilers.llvm.clang.1_0;SKIP_INSTALL = NO; TARGETED_DEVICE_FAMILY = "1,2"; COMPRESS_PNG_FILES = NO; CODE_SIGN_IDENTITY = "iPhone Developer"; INFOPLIST_FILE = "../../../../../Data/Common/Anarchy/iOS/Samples-Info.plist"; WARNING_CFLAGS = ("-W", "-Wall", "-Wundef", "-Wno-inline", "-Wcast-qual", "-Wno-unused", "-Wno-unknown-pragmas","-Wno-ignored-qualifiers", "-Wno-overflow", "-Wno-type-limits", "-Wno-sign-compare", "-Wno-char-subscripts", "-Wno-switch", "-Wno-dangling-else", "-Wno-comment", "-Wno-shadow", -Wno-unused-parameter);GCC_WARN_ABOUT_INVALID_OFFSETOF_MACRO = NO;}; };
9328650000000000019004 = { isa = XCBuildConfiguration; name = distrib_v7; buildSettings = { ARCHS = (armv7); SDKROOT = iphoneos; HEADER_SEARCH_PATHS = ( "../../../..", "$(HAVOK_THIRDPARTY_DIR)/redistsdks/Lua/5.1.4/", ); IPHONEOS_DEPLOYMENT_TARGET = 4.3;GCC_PRECOMPILE_PREFIX_HEADER = NO; GCC_PREPROCESSOR_DEFINITIONS_NOT_USED_IN_PRECOMPS = (HK_ANARCHY,PROFILING,_VISION_IOS,_VISION_POSIX,_VR_GLES2,VBASE_LIB,LINK_WITH_VISION,VISIONDLL_LIB);SUPPORTED_PLATFORMS = iphoneos;MACH_O_TYPE = mh_execute; WRAPPER_EXTENSION = app;LIBRARY_SEARCH_PATHS = ( "$(HAVOK_THIRDPARTY_DIR)/redistsdks/Lua/5.1.4/lib/iphoneos/Release", "../../../../../Lib/ios_xcode_anarchy/$(CONFIGURATION)", ); OTHER_CPLUSPLUSFLAGS = ("-fno-strict-aliasing","-std=c++98","-mfpu=neon","-mfloat-abi=softfp",-DHK_ANARCHY,-DPROFILING,-D_VISION_IOS,-D_VISION_POSIX,-D_VR_GLES2,-DVBASE_LIB,-DLINK_WITH_VISION,-DVISIONDLL_LIB,"-fomit-frame-pointer","-fno-implement-inlines");OTHER_LDFLAGS = (-lluaIOS,-lBase,-lVision);GCC_INLINES_ARE_PRIVATE_EXTERN = YES;GCC_SYMBOLS_PRIVATE_EXTERN = NO;GCC_ENABLE_SYMBOL_SEPARATION = NO;GCC_USE_GCC3_PFE_SUPPORT = NO;GCC_STRICT_ALIASING = NO;GCC_ENABLE_CPP_RTTI = NO; GCC_ENABLE_CPP_EXCEPTIONS = NO; DEBUG_INFORMATION_FORMAT = dwarf;GCC_GENERATE_DEBUGGING_SYMBOLS = NO;GCC_OPTIMIZATION_LEVEL = 3;GCC_THUMB_SUPPORT = NO; GCC_VERSION = com.apple.compilers.llvm.clang.1_0;SKIP_INSTALL = NO; TARGETED_DEVICE_FAMILY = "1,2"; COMPRESS_PNG_FILES = NO; CODE_SIGN_IDENTITY = "iPhone Distribution"; INFOPLIST_FILE = "../../../../../Data/Common/Anarchy/iOS/Samples-Info.plist"; WARNING_CFLAGS = ("-W", "-Wall", "-Wundef", "-Wno-inline", "-Wcast-qual", "-Wno-unused", "-Wno-unknown-pragmas","-Wno-ignored-qualifiers", "-Wno-overflow", "-Wno-type-limits", "-Wno-sign-compare", "-Wno-char-subscripts", "-Wno-switch", "-Wno-dangling-else", "-Wno-comment", "-Wno-shadow", -Wno-unused-parameter);GCC_WARN_ABOUT_INVALID_OFFSETOF_MACRO = NO;}; };

		4013680000000000019005 = { isa = XCBuildConfiguration; name = debug_v7; buildSettings = { CONFIGURATION_BUILD_DIR = "$(BUILD_DIR)"; CONFIGURATION_TEMP_DIR = "$(PROJECT_TEMP_DIR)/$(CONFIGURATION)$"; SYMROOT = "../../../../../Bin/ios_xcode_anarchy/debug_v7"; OBJROOT = "../../../../../Obj/ios_xcode_anarchy/$(CONFIGURATION)/SimpleFont"; HEADER_SEARCH_PATHS = ( "../../../..", "$(HAVOK_THIRDPARTY_DIR)/redistsdks/Lua/5.1.4/", ); PRODUCT_NAME = "SimpleFont_ios-xcode_anarchy_debug_v7"; CONFIGURATION_BUILD_DIR = "$(BUILD_DIR)"; }; };
4470130000000000019006 = { isa = XCBuildConfiguration; name = dev_v7; buildSettings = { CONFIGURATION_BUILD_DIR = "$(BUILD_DIR)"; CONFIGURATION_TEMP_DIR = "$(PROJECT_TEMP_DIR)/$(CONFIGURATION)$"; SYMROOT = "../../../../../Bin/ios_xcode_anarchy/dev_v7"; OBJROOT = "../../../../../Obj/ios_xcode_anarchy/$(CONFIGURATION)/SimpleFont"; HEADER_SEARCH_PATHS = ( "../../../..", "$(HAVOK_THIRDPARTY_DIR)/redistsdks/Lua/5.1.4/", ); PRODUCT_NAME = "SimpleFont_ios-xcode_anarchy_dev_v7"; CONFIGURATION_BUILD_DIR = "$(BUILD_DIR)"; }; };
2753160000000000019007 = { isa = XCBuildConfiguration; name = release_v7; buildSettings = { CONFIGURATION_BUILD_DIR = "$(BUILD_DIR)"; CONFIGURATION_TEMP_DIR = "$(PROJECT_TEMP_DIR)/$(CONFIGURATION)$"; SYMROOT = "../../../../../Bin/ios_xcode_anarchy/release_v7"; OBJROOT = "../../../../../Obj/ios_xcode_anarchy/$(CONFIGURATION)/SimpleFont"; HEADER_SEARCH_PATHS = ( "../../../..", "$(HAVOK_THIRDPARTY_DIR)/redistsdks/Lua/5.1.4/", ); PRODUCT_NAME = "SimpleFont_ios-xcode_anarchy_release_v7"; CONFIGURATION_BUILD_DIR = "$(BUILD_DIR)"; }; };
7955830000000000019008 = { isa = XCBuildConfiguration; name = distrib_v7; buildSettings = { CONFIGURATION_BUILD_DIR = "$(BUILD_DIR)"; CONFIGURATION_TEMP_DIR = "$(PROJECT_TEMP_DIR)/$(CONFIGURATION)$"; SYMROOT = "../../../../../Bin/ios_xcode_anarchy/distrib_v7"; OBJROOT = "../../../../../Obj/ios_xcode_anarchy/$(CONFIGURATION)/SimpleFont"; HEADER_SEARCH_PATHS = ( "../../../..", "$(HAVOK_THIRDPARTY_DIR)/redistsdks/Lua/5.1.4/", ); PRODUCT_NAME = "SimpleFont_ios-xcode_anarchy_distrib_v7"; CONFIGURATION_BUILD_DIR = "$(BUILD_DIR)"; }; };

		1191600000000000019009 = { isa = XCConfigurationList; buildConfigurations = ( 8478630000000000019002, 7863690000000000019001, 9328650000000000019004, 0618180000000000019003, ); };
		8875650000000000019010 = { isa = XCConfigurationList; buildConfigurations = ( 4470130000000000019006, 4013680000000000019005, 7955830000000000019008, 2753160000000000019007, ); };
		
		/* Describes the target */
		/* Pre Build Step */
		7690050000000000019011 =  /*  */ { isa = PBXShellScriptBuildPhase; buildActionMask = 2147483647; files = ( ); inputPaths = ( ); name = "Making symlinks to resources...."; outputPaths = ( ); runOnlyForDeploymentPostprocessing = 0; shellPath = "/bin/sh";shellScript = "python ../../../../../Build/StandaloneTools/Deployment/Python/linkiOSResources.py -r ../../../../../Data/Vision/Base/ Data/Vision/Base/ -r ../../../../../Data/Vision/Samples/Engine/Maps/ViewerMap/ Data/Vision/Samples/Engine/Maps/ViewerMap/ -r ../../../../../Data/Vision/Samples/Engine/Textures/ Data/Vision/Samples/Engine/Textures/ -l $CONFIGURATION";};
		1679640000000000019012 = { isa = PBXSourcesBuildPhase; buildActionMask = 2147483647; files = ( 4599520000000000018894, 3777660000000000018928, 7540530000000000018896, 5658990000000000018925, 9129880000000000018927, 7626670000000000018930, 9355120000000000018932, ); runOnlyForDeploymentPostprocessing = 0; };
		1102070000000000019013 = { isa = PBXResourcesBuildPhase; buildActionMask = 2147483647; files = ( 1778230000000000019000, 9849240000000000018974, 9793770000000000018990, 2389930000000000018988, 3074830000000000018970, 9813930000000000018984, 2169550000000000018996, 7244410000000000018980, 9115930000000000018998, 4578230000000000018978, 3602600000000000018972, 2105920000000000018986, 2944560000000000018982, 7737310000000000018968, ); runOnlyForDeploymentPostprocessing = 0; };
		5498550000000000019014 = { isa = PBXFrameworksBuildPhase; buildActionMask = 2147483647; files = ( 5982030000000000018957, 4966110000000000018953, 2008250000000000018961, 0712820000000000018951, 5009300000000000018959, 9180880000000000018955, 3550540000000000018939, 1835440000000000018947, ); runOnlyForDeploymentPostprocessing = 0; };
		3624910000000000019015 =  /* Copy resources to bundle.... */ { isa = PBXShellScriptBuildPhase; buildActionMask = 2147483647; files = ( ); inputPaths = ( ); name = "Copy resources to bundle...."; outputPaths = ( ); runOnlyForDeploymentPostprocessing = 0;shellPath = "/bin/sh";shellScript = "python ../../../../../Build/StandaloneTools/Deployment/Python/copyiOSResources.py -d $BUILT_PRODUCTS_DIR/$CONTENTS_FOLDER_PATH -r Data";};
		715729138731271700000115 = { isa = PBXNativeTarget; buildConfigurationList = 1191600000000000019009; buildPhases = ( 7299540000000000015028, 2617680000000000015078, 8015840000000000015317, 6841110000000000015384, 6082340000000000015444, 8884940000000000016185, 2017860000000000016480, 1344860000000000016625, 3244150000000000016755, 1897360000000000016880, 5253300000000000017132, 9131760000000000017341, 5260190000000000017548, 4895540000000000017868, 3173570000000000018107, 2923890000000000018529, 5929710000000000018681, 1863470000000000018886, 7690050000000000019011, 1679640000000000019012, 5498550000000000019014, 1102070000000000019013, 3624910000000000019015,  ); dependencies = ( 8151260000000000018941,4922940000000000018949, ); name = SimpleFont; productName = SimpleFont; productReference = 960445138731271700000114 /* SimpleFont */ ;productType = "com.apple.product-type.application";}; 
		
		/* Describes the project */
		9469840000000000019016 = { isa = PBXProject; projectDirPath = ""; projectRoot = ""; compatibilityVersion = "Xcode 3.2"; mainGroup = 0269250000000000018893; buildConfigurationList = 8875650000000000019010; projectReferences = ( { ProductGroup = 7542540000000000018940 /* Products */; ProjectRef = 8357020000000000018934; /* xcodeproj */ },
 { ProductGroup = 1024040000000000018948 /* Products */; ProjectRef = 9006800000000000018942; /* xcodeproj */ },
 );
 targets = ( 715729138731271700000115 ); };
	};
	
	rootObject = 9469840000000000019016 /* Project object */;
}
