Microsoft Visual Studio Solution File, Format Version 11.00
# Visual Studio 2010
Project("{8BC9CEB8-8B4A-11D0-8D11-00A0C91BC942}") = "GameApplication", "Source\GameApplication\GameApplication_android_arm_vs2010_anarchy.vcxproj", "{D98E8B3F-985A-40CF-99D1-140E56C1F0B0}"
	ProjectSection(ProjectDependencies) = postProject
		{754E509C-F5D1-4B26-9844-CB090FFCE67A} = {754E509C-F5D1-4B26-9844-CB090FFCE67A}
	EndProjectSection
EndProject
Project("{8BC9CEB8-8B4A-11D0-8D11-00A0C91BC942}") = "GamePlugin", "Source\GamePlugin\GamePlugin_android_arm_vs2010_anarchy.vcxproj", "{754E509C-F5D1-4B26-9844-CB090FFCE67A}"
EndProject
Project("{2150E333-8FDC-42A3-9474-1A3956D46DE8}") = "Vision", "Vision", "{E4B6BFC5-90C3-416F-BA61-DE91F8CE9A68}"
EndProject
Project("{2150E333-8FDC-42A3-9474-1A3956D46DE8}") = "Samples", "Samples", "{0E73B32B-1F62-4EFD-9894-254239B3BB0D}"
EndProject
Project("{2150E333-8FDC-42A3-9474-1A3956D46DE8}") = "Templates", "Templates", "{81CAD0BE-6CF8-4F6E-B7DB-6E9B0B618DF9}"
EndProject
Global
	GlobalSection(SolutionConfigurationPlatforms) = preSolution
		Debug|hkAndroid = Debug|hkAndroid
		Dev|hkAndroid = Dev|hkAndroid
		Release|hkAndroid = Release|hkAndroid
	EndGlobalSection
	GlobalSection(ProjectConfigurationPlatforms) = postSolution
		{D98E8B3F-985A-40CF-99D1-140E56C1F0B0}.Debug|hkAndroid.ActiveCfg = Debug|hkAndroid
		{D98E8B3F-985A-40CF-99D1-140E56C1F0B0}.Debug|hkAndroid.Build.0 = Debug|hkAndroid
		{D98E8B3F-985A-40CF-99D1-140E56C1F0B0}.Dev|hkAndroid.ActiveCfg = Dev|hkAndroid
		{D98E8B3F-985A-40CF-99D1-140E56C1F0B0}.Dev|hkAndroid.Build.0 = Dev|hkAndroid
		{D98E8B3F-985A-40CF-99D1-140E56C1F0B0}.Release|hkAndroid.ActiveCfg = Release|hkAndroid
		{D98E8B3F-985A-40CF-99D1-140E56C1F0B0}.Release|hkAndroid.Build.0 = Release|hkAndroid
		{754E509C-F5D1-4B26-9844-CB090FFCE67A}.Debug|hkAndroid.ActiveCfg = Debug|hkAndroid
		{754E509C-F5D1-4B26-9844-CB090FFCE67A}.Debug|hkAndroid.Build.0 = Debug|hkAndroid
		{754E509C-F5D1-4B26-9844-CB090FFCE67A}.Dev|hkAndroid.ActiveCfg = Dev|hkAndroid
		{754E509C-F5D1-4B26-9844-CB090FFCE67A}.Dev|hkAndroid.Build.0 = Dev|hkAndroid
		{754E509C-F5D1-4B26-9844-CB090FFCE67A}.Release|hkAndroid.ActiveCfg = Release|hkAndroid
		{754E509C-F5D1-4B26-9844-CB090FFCE67A}.Release|hkAndroid.Build.0 = Release|hkAndroid
	EndGlobalSection
	GlobalSection(SolutionProperties) = preSolution
		HideSolutionNode = FALSE
	EndGlobalSection
	GlobalSection(NestedProjects) = preSolution
		{E4B6BFC5-90C3-416F-BA61-DE91F8CE9A68} = {618103B9-5882-4A49-9AF4-ACC14148614B}
		{0E73B32B-1F62-4EFD-9894-254239B3BB0D} = {E4B6BFC5-90C3-416F-BA61-DE91F8CE9A68}
		{81CAD0BE-6CF8-4F6E-B7DB-6E9B0B618DF9} = {0E73B32B-1F62-4EFD-9894-254239B3BB0D}
		{D98E8B3F-985A-40CF-99D1-140E56C1F0B0} = {81CAD0BE-6CF8-4F6E-B7DB-6E9B0B618DF9}
		{754E509C-F5D1-4B26-9844-CB090FFCE67A} = {81CAD0BE-6CF8-4F6E-B7DB-6E9B0B618DF9}
	EndGlobalSection
EndGlobal