// !$*UTF8*$!
{
	archiveVersion = 1;
	classes = {
	};
	objectVersion = 46;
	objects = {
		
		/* Describes the files */
		764848138731271300000082 = {isa = PBXFileReference; explicitFileType = archive.ar; includeInIndex = 0; path = libVisionApp.a;sourceTree = BUILT_PRODUCTS_DIR; };
3595590000000000016189 = { isa = PBXFileReference; path = VAppBase.cpp; sourceTree = "<group>"; };
4682980000000000016191 = { isa = PBXBuildFile; fileRef = 3595590000000000016189; };
1390970000000000016192 = { isa = PBXFileReference; path = VAppBase.hpp; sourceTree = "<group>"; };
7934890000000000016193 = { isa = PBXBuildFile; fileRef = 1390970000000000016192; };
3936450000000000016194 = { isa = PBXFileReference; path = VAppImpl.cpp; sourceTree = "<group>"; };
0791970000000000016195 = { isa = PBXBuildFile; fileRef = 3936450000000000016194; };
9800210000000000016196 = { isa = PBXFileReference; path = VAppImpl.hpp; sourceTree = "<group>"; };
7202250000000000016197 = { isa = PBXBuildFile; fileRef = 9800210000000000016196; };
9688870000000000016198 = { isa = PBXFileReference; explicitFileType = sourcecode.c; path = VAppMain.inl; sourceTree = "<group>"; };
0804170000000000016199 = { isa = PBXBuildFile; fileRef = 9688870000000000016198; };
7810400000000000016200 = { isa = PBXFileReference; path = VAppModule.cpp; sourceTree = "<group>"; };
0616260000000000016201 = { isa = PBXBuildFile; fileRef = 7810400000000000016200; };
5522350000000000016202 = { isa = PBXFileReference; path = VAppModule.hpp; sourceTree = "<group>"; };
8906790000000000016203 = { isa = PBXBuildFile; fileRef = 5522350000000000016202; };
9695540000000000016204 = { isa = PBXFileReference; path = VAppHelper.cpp; sourceTree = "<group>"; };
3634960000000000016206 = { isa = PBXBuildFile; fileRef = 9695540000000000016204; };
8166290000000000016207 = { isa = PBXFileReference; path = VAppHelper.hpp; sourceTree = "<group>"; };
9515600000000000016208 = { isa = PBXBuildFile; fileRef = 8166290000000000016207; };
5713250000000000016209 = { isa = PBXFileReference; path = VAppMobile.cpp; sourceTree = "<group>"; };
6030700000000000016210 = { isa = PBXBuildFile; fileRef = 5713250000000000016209; };
9409110000000000016211 = { isa = PBXFileReference; path = VAppMobile.hpp; sourceTree = "<group>"; };
5817760000000000016212 = { isa = PBXBuildFile; fileRef = 9409110000000000016211; };
4786700000000000016213 = { isa = PBXFileReference; path = VDataDirectoryHelper.cpp; sourceTree = "<group>"; };
5728560000000000016214 = { isa = PBXBuildFile; fileRef = 4786700000000000016213; };
2105950000000000016215 = { isa = PBXFileReference; path = VDataDirectoryHelper.hpp; sourceTree = "<group>"; };
0790530000000000016216 = { isa = PBXBuildFile; fileRef = 2105950000000000016215; };
4866700000000000016217 = { isa = PBXFileReference; path = VScreenShotHelper.cpp; sourceTree = "<group>"; };
5464710000000000016218 = { isa = PBXBuildFile; fileRef = 4866700000000000016217; };
9101110000000000016219 = { isa = PBXFileReference; path = VScreenShotHelper.hpp; sourceTree = "<group>"; };
1316650000000000016220 = { isa = PBXBuildFile; fileRef = 9101110000000000016219; };
0278230000000000016221 = { isa = PBXFileReference; path = VAppIOS.cpp; sourceTree = "<group>"; };
0769940000000000016223 = { isa = PBXBuildFile; fileRef = 0278230000000000016221; };
4378200000000000016224 = { isa = PBXFileReference; path = VAppIOS.hpp; sourceTree = "<group>"; };
4750980000000000016225 = { isa = PBXBuildFile; fileRef = 4378200000000000016224; };
8217660000000000016226 = { isa = PBXFileReference; path = VCameraHandling.cpp; sourceTree = "<group>"; };
3757690000000000016228 = { isa = PBXBuildFile; fileRef = 8217660000000000016226; };
4271810000000000016229 = { isa = PBXFileReference; path = VCameraHandling.hpp; sourceTree = "<group>"; };
1126050000000000016230 = { isa = PBXBuildFile; fileRef = 4271810000000000016229; };
3943120000000000016231 = { isa = PBXFileReference; path = VCheckOutputFolder.cpp; sourceTree = "<group>"; };
5059230000000000016232 = { isa = PBXBuildFile; fileRef = 3943120000000000016231; };
9039180000000000016233 = { isa = PBXFileReference; path = VCheckOutputFolder.hpp; sourceTree = "<group>"; };
6430560000000000016234 = { isa = PBXBuildFile; fileRef = 9039180000000000016233; };
4388690000000000016235 = { isa = PBXFileReference; path = VDebugOptions.cpp; sourceTree = "<group>"; };
1214340000000000016236 = { isa = PBXBuildFile; fileRef = 4388690000000000016235; };
2254870000000000016237 = { isa = PBXFileReference; path = VDebugOptions.hpp; sourceTree = "<group>"; };
4178870000000000016238 = { isa = PBXBuildFile; fileRef = 2254870000000000016237; };
3964040000000000016239 = { isa = PBXFileReference; path = VDebugProfiling.cpp; sourceTree = "<group>"; };
3687310000000000016240 = { isa = PBXBuildFile; fileRef = 3964040000000000016239; };
5781160000000000016241 = { isa = PBXFileReference; path = VDebugProfiling.hpp; sourceTree = "<group>"; };
5785790000000000016242 = { isa = PBXBuildFile; fileRef = 5781160000000000016241; };
0828310000000000016243 = { isa = PBXFileReference; path = VDebugShadingModes.cpp; sourceTree = "<group>"; };
0401280000000000016244 = { isa = PBXBuildFile; fileRef = 0828310000000000016243; };
2170980000000000016245 = { isa = PBXFileReference; path = VDebugShadingModes.hpp; sourceTree = "<group>"; };
0418760000000000016246 = { isa = PBXBuildFile; fileRef = 2170980000000000016245; };
9337530000000000016247 = { isa = PBXFileReference; path = VDefaultMenu.cpp; sourceTree = "<group>"; };
4125350000000000016248 = { isa = PBXBuildFile; fileRef = 9337530000000000016247; };
0932710000000000016249 = { isa = PBXFileReference; path = VDefaultMenu.hpp; sourceTree = "<group>"; };
0090030000000000016250 = { isa = PBXBuildFile; fileRef = 0932710000000000016249; };
1884080000000000016251 = { isa = PBXFileReference; path = VExitHandler.cpp; sourceTree = "<group>"; };
4714740000000000016252 = { isa = PBXBuildFile; fileRef = 1884080000000000016251; };
5255400000000000016253 = { isa = PBXFileReference; path = VExitHandler.hpp; sourceTree = "<group>"; };
2358810000000000016254 = { isa = PBXBuildFile; fileRef = 5255400000000000016253; };
7142610000000000016255 = { isa = PBXFileReference; path = VFileServe.hpp; sourceTree = "<group>"; };
7255260000000000016256 = { isa = PBXBuildFile; fileRef = 7142610000000000016255; };
8285830000000000016257 = { isa = PBXFileReference; path = VHelp.cpp; sourceTree = "<group>"; };
2479020000000000016258 = { isa = PBXBuildFile; fileRef = 8285830000000000016257; };
6804480000000000016259 = { isa = PBXFileReference; path = VHelp.hpp; sourceTree = "<group>"; };
6283390000000000016260 = { isa = PBXBuildFile; fileRef = 6804480000000000016259; };
2874940000000000016261 = { isa = PBXFileReference; path = VLoadingScreen.cpp; sourceTree = "<group>"; };
5695140000000000016262 = { isa = PBXBuildFile; fileRef = 2874940000000000016261; };
9535990000000000016263 = { isa = PBXFileReference; path = VLoadingScreen.hpp; sourceTree = "<group>"; };
5397210000000000016264 = { isa = PBXBuildFile; fileRef = 9535990000000000016263; };
3330510000000000016265 = { isa = PBXFileReference; path = VLogoOverlay.cpp; sourceTree = "<group>"; };
0545820000000000016266 = { isa = PBXBuildFile; fileRef = 3330510000000000016265; };
9825400000000000016267 = { isa = PBXFileReference; path = VLogoOverlay.hpp; sourceTree = "<group>"; };
6707550000000000016268 = { isa = PBXBuildFile; fileRef = 9825400000000000016267; };
2294070000000000016269 = { isa = PBXFileReference; path = VRestoreScreen.cpp; sourceTree = "<group>"; };
8008270000000000016270 = { isa = PBXBuildFile; fileRef = 2294070000000000016269; };
1346970000000000016271 = { isa = PBXFileReference; path = VRestoreScreen.hpp; sourceTree = "<group>"; };
1381880000000000016272 = { isa = PBXBuildFile; fileRef = 1346970000000000016271; };
4900090000000000016190 = { isa = PBXGroup; children = ( 3595590000000000016189, 1390970000000000016192, 3936450000000000016194, 9800210000000000016196, 9688870000000000016198, 7810400000000000016200, 5522350000000000016202, 5656280000000000016205, 8067390000000000016222, 7580510000000000016227, ); name = Products; sourceTree = "<group>"; };
8067390000000000016222 = { isa = PBXGroup; children = ( 0278230000000000016221, 4378200000000000016224, ); path = iOS; sourceTree = "<group>"; };
7580510000000000016227 = { isa = PBXGroup; children = ( 8217660000000000016226, 4271810000000000016229, 3943120000000000016231, 9039180000000000016233, 4388690000000000016235, 2254870000000000016237, 3964040000000000016239, 5781160000000000016241, 0828310000000000016243, 2170980000000000016245, 9337530000000000016247, 0932710000000000016249, 1884080000000000016251, 5255400000000000016253, 7142610000000000016255, 8285830000000000016257, 6804480000000000016259, 2874940000000000016261, 9535990000000000016263, 3330510000000000016265, 9825400000000000016267, 2294070000000000016269, 1346970000000000016271, ); path = Modules; sourceTree = "<group>"; };
5656280000000000016205 = { isa = PBXGroup; children = ( 9695540000000000016204, 8166290000000000016207, 5713250000000000016209, 9409110000000000016211, 4786700000000000016213, 2105950000000000016215, 4866700000000000016217, 9101110000000000016219, ); path = Helper; sourceTree = "<group>"; };

		
		/* Describes the build configurations */
		6177210000000000016273 = { isa = XCBuildConfiguration; name = debug_v7; buildSettings = { ARCHS = (armv7); SDKROOT = iphoneos; HEADER_SEARCH_PATHS = ( "../../../..", ); IPHONEOS_DEPLOYMENT_TARGET = 4.3;GCC_PRECOMPILE_PREFIX_HEADER = NO; GCC_PREPROCESSOR_DEFINITIONS_NOT_USED_IN_PRECOMPS = (HK_ANARCHY,PROFILING,_VISION_IOS,_VISION_POSIX,_VR_GLES2,VBASE_LIB,LINK_WITH_VISION,VISIONDLL_LIB,PARTICLEMODULE_IMPORTS,EFFECTSMODULE_IMPORTS,GUI_ENGINEPLUGIN_IMPORTS,SCRIPTMODULE_IMPORTS,VTERRAINPLUGIN_IMPORTS,ANIMATIONMODULE_IMPORTS,DEFERREDMODULE_IMPORTS,SCENEMODULE_IMPORTS,PATHRENDERINGMODULE_IMPORTS);SUPPORTED_PLATFORMS = iphoneos;MACH_O_TYPE = staticlib;LIBRARY_SEARCH_PATHS = ( "../../../../../Lib/ios_xcode_anarchy/$(CONFIGURATION)", ); OTHER_CPLUSPLUSFLAGS = ("-fno-strict-aliasing","-std=c++98","-mfpu=neon","-mfloat-abi=softfp",-DHK_ANARCHY,-DPROFILING,-D_VISION_IOS,-D_VISION_POSIX,-D_VR_GLES2,-DVBASE_LIB,-DLINK_WITH_VISION,-DVISIONDLL_LIB,-DPARTICLEMODULE_IMPORTS,-DEFFECTSMODULE_IMPORTS,-DGUI_ENGINEPLUGIN_IMPORTS,-DSCRIPTMODULE_IMPORTS,-DVTERRAINPLUGIN_IMPORTS,-DANIMATIONMODULE_IMPORTS,-DDEFERREDMODULE_IMPORTS,-DSCENEMODULE_IMPORTS,-DPATHRENDERINGMODULE_IMPORTS,-D_DEBUG,-DHK_DEBUG,-DHK_DEBUG_SLOW,"-fno-inline");OTHER_LDFLAGS = ();GCC_INLINES_ARE_PRIVATE_EXTERN = YES;GCC_SYMBOLS_PRIVATE_EXTERN = NO;GCC_ENABLE_SYMBOL_SEPARATION = NO;GCC_USE_GCC3_PFE_SUPPORT = NO;GCC_STRICT_ALIASING = NO;GCC_ENABLE_CPP_RTTI = NO; GCC_ENABLE_CPP_EXCEPTIONS = NO; DEBUG_INFORMATION_FORMAT = dwarf;GCC_GENERATE_DEBUGGING_SYMBOLS = YES;GCC_OPTIMIZATION_LEVEL = 0;GCC_THUMB_SUPPORT = NO; GCC_VERSION = com.apple.compilers.llvm.clang.1_0;SKIP_INSTALL = YES; WARNING_CFLAGS = ("-W", "-Wall", "-Wundef", "-Wno-inline", "-Wcast-qual", "-Wno-unused", "-Wno-unknown-pragmas","-Wno-ignored-qualifiers", "-Wno-overflow", "-Wno-type-limits", "-Wno-sign-compare", "-Wno-char-subscripts", "-Wno-switch", "-Wno-dangling-else", "-Wno-comment", "-Wno-shadow", -Wno-unused-parameter);GCC_WARN_ABOUT_INVALID_OFFSETOF_MACRO = NO;}; };
3155400000000000016274 = { isa = XCBuildConfiguration; name = dev_v7; buildSettings = { ARCHS = (armv7); SDKROOT = iphoneos; HEADER_SEARCH_PATHS = ( "../../../..", ); IPHONEOS_DEPLOYMENT_TARGET = 4.3;GCC_PRECOMPILE_PREFIX_HEADER = NO; GCC_PREPROCESSOR_DEFINITIONS_NOT_USED_IN_PRECOMPS = (HK_ANARCHY,PROFILING,_VISION_IOS,_VISION_POSIX,_VR_GLES2,VBASE_LIB,LINK_WITH_VISION,VISIONDLL_LIB,PARTICLEMODULE_IMPORTS,EFFECTSMODULE_IMPORTS,GUI_ENGINEPLUGIN_IMPORTS,SCRIPTMODULE_IMPORTS,VTERRAINPLUGIN_IMPORTS,ANIMATIONMODULE_IMPORTS,DEFERREDMODULE_IMPORTS,SCENEMODULE_IMPORTS,PATHRENDERINGMODULE_IMPORTS);SUPPORTED_PLATFORMS = iphoneos;MACH_O_TYPE = staticlib;LIBRARY_SEARCH_PATHS = ( "../../../../../Lib/ios_xcode_anarchy/$(CONFIGURATION)", ); OTHER_CPLUSPLUSFLAGS = ("-fno-strict-aliasing","-std=c++98","-mfpu=neon","-mfloat-abi=softfp",-DHK_ANARCHY,-DPROFILING,-D_VISION_IOS,-D_VISION_POSIX,-D_VR_GLES2,-DVBASE_LIB,-DLINK_WITH_VISION,-DVISIONDLL_LIB,-DPARTICLEMODULE_IMPORTS,-DEFFECTSMODULE_IMPORTS,-DGUI_ENGINEPLUGIN_IMPORTS,-DSCRIPTMODULE_IMPORTS,-DVTERRAINPLUGIN_IMPORTS,-DANIMATIONMODULE_IMPORTS,-DDEFERREDMODULE_IMPORTS,-DSCENEMODULE_IMPORTS,-DPATHRENDERINGMODULE_IMPORTS,-DHK_DEBUG);OTHER_LDFLAGS = ();GCC_INLINES_ARE_PRIVATE_EXTERN = YES;GCC_SYMBOLS_PRIVATE_EXTERN = NO;GCC_ENABLE_SYMBOL_SEPARATION = NO;GCC_USE_GCC3_PFE_SUPPORT = NO;GCC_STRICT_ALIASING = NO;GCC_ENABLE_CPP_RTTI = NO; GCC_ENABLE_CPP_EXCEPTIONS = NO; DEBUG_INFORMATION_FORMAT = dwarf;GCC_GENERATE_DEBUGGING_SYMBOLS = YES;GCC_OPTIMIZATION_LEVEL = 3;GCC_THUMB_SUPPORT = NO; GCC_VERSION = com.apple.compilers.llvm.clang.1_0;SKIP_INSTALL = YES; WARNING_CFLAGS = ("-W", "-Wall", "-Wundef", "-Wno-inline", "-Wcast-qual", "-Wno-unused", "-Wno-unknown-pragmas","-Wno-ignored-qualifiers", "-Wno-overflow", "-Wno-type-limits", "-Wno-sign-compare", "-Wno-char-subscripts", "-Wno-switch", "-Wno-dangling-else", "-Wno-comment", "-Wno-shadow", -Wno-unused-parameter);GCC_WARN_ABOUT_INVALID_OFFSETOF_MACRO = NO;}; };
4997360000000000016275 = { isa = XCBuildConfiguration; name = release_v7; buildSettings = { ARCHS = (armv7); SDKROOT = iphoneos; HEADER_SEARCH_PATHS = ( "../../../..", ); IPHONEOS_DEPLOYMENT_TARGET = 4.3;GCC_PRECOMPILE_PREFIX_HEADER = NO; GCC_PREPROCESSOR_DEFINITIONS_NOT_USED_IN_PRECOMPS = (HK_ANARCHY,PROFILING,_VISION_IOS,_VISION_POSIX,_VR_GLES2,VBASE_LIB,LINK_WITH_VISION,VISIONDLL_LIB,PARTICLEMODULE_IMPORTS,EFFECTSMODULE_IMPORTS,GUI_ENGINEPLUGIN_IMPORTS,SCRIPTMODULE_IMPORTS,VTERRAINPLUGIN_IMPORTS,ANIMATIONMODULE_IMPORTS,DEFERREDMODULE_IMPORTS,SCENEMODULE_IMPORTS,PATHRENDERINGMODULE_IMPORTS);SUPPORTED_PLATFORMS = iphoneos;MACH_O_TYPE = staticlib;LIBRARY_SEARCH_PATHS = ( "../../../../../Lib/ios_xcode_anarchy/$(CONFIGURATION)", ); OTHER_CPLUSPLUSFLAGS = ("-fno-strict-aliasing","-std=c++98","-mfpu=neon","-mfloat-abi=softfp",-DHK_ANARCHY,-DPROFILING,-D_VISION_IOS,-D_VISION_POSIX,-D_VR_GLES2,-DVBASE_LIB,-DLINK_WITH_VISION,-DVISIONDLL_LIB,-DPARTICLEMODULE_IMPORTS,-DEFFECTSMODULE_IMPORTS,-DGUI_ENGINEPLUGIN_IMPORTS,-DSCRIPTMODULE_IMPORTS,-DVTERRAINPLUGIN_IMPORTS,-DANIMATIONMODULE_IMPORTS,-DDEFERREDMODULE_IMPORTS,-DSCENEMODULE_IMPORTS,-DPATHRENDERINGMODULE_IMPORTS,"-fomit-frame-pointer","-fno-implement-inlines");OTHER_LDFLAGS = ();GCC_INLINES_ARE_PRIVATE_EXTERN = YES;GCC_SYMBOLS_PRIVATE_EXTERN = NO;GCC_ENABLE_SYMBOL_SEPARATION = NO;GCC_USE_GCC3_PFE_SUPPORT = NO;GCC_STRICT_ALIASING = NO;GCC_ENABLE_CPP_RTTI = NO; GCC_ENABLE_CPP_EXCEPTIONS = NO; DEBUG_INFORMATION_FORMAT = dwarf;GCC_GENERATE_DEBUGGING_SYMBOLS = NO;GCC_OPTIMIZATION_LEVEL = 3;GCC_THUMB_SUPPORT = NO; GCC_VERSION = com.apple.compilers.llvm.clang.1_0;SKIP_INSTALL = YES; WARNING_CFLAGS = ("-W", "-Wall", "-Wundef", "-Wno-inline", "-Wcast-qual", "-Wno-unused", "-Wno-unknown-pragmas","-Wno-ignored-qualifiers", "-Wno-overflow", "-Wno-type-limits", "-Wno-sign-compare", "-Wno-char-subscripts", "-Wno-switch", "-Wno-dangling-else", "-Wno-comment", "-Wno-shadow", -Wno-unused-parameter);GCC_WARN_ABOUT_INVALID_OFFSETOF_MACRO = NO;}; };
9345130000000000016276 = { isa = XCBuildConfiguration; name = distrib_v7; buildSettings = { ARCHS = (armv7); SDKROOT = iphoneos; HEADER_SEARCH_PATHS = ( "../../../..", ); IPHONEOS_DEPLOYMENT_TARGET = 4.3;GCC_PRECOMPILE_PREFIX_HEADER = NO; GCC_PREPROCESSOR_DEFINITIONS_NOT_USED_IN_PRECOMPS = (HK_ANARCHY,PROFILING,_VISION_IOS,_VISION_POSIX,_VR_GLES2,VBASE_LIB,LINK_WITH_VISION,VISIONDLL_LIB,PARTICLEMODULE_IMPORTS,EFFECTSMODULE_IMPORTS,GUI_ENGINEPLUGIN_IMPORTS,SCRIPTMODULE_IMPORTS,VTERRAINPLUGIN_IMPORTS,ANIMATIONMODULE_IMPORTS,DEFERREDMODULE_IMPORTS,SCENEMODULE_IMPORTS,PATHRENDERINGMODULE_IMPORTS);SUPPORTED_PLATFORMS = iphoneos;MACH_O_TYPE = staticlib;LIBRARY_SEARCH_PATHS = ( "../../../../../Lib/ios_xcode_anarchy/$(CONFIGURATION)", ); OTHER_CPLUSPLUSFLAGS = ("-fno-strict-aliasing","-std=c++98","-mfpu=neon","-mfloat-abi=softfp",-DHK_ANARCHY,-DPROFILING,-D_VISION_IOS,-D_VISION_POSIX,-D_VR_GLES2,-DVBASE_LIB,-DLINK_WITH_VISION,-DVISIONDLL_LIB,-DPARTICLEMODULE_IMPORTS,-DEFFECTSMODULE_IMPORTS,-DGUI_ENGINEPLUGIN_IMPORTS,-DSCRIPTMODULE_IMPORTS,-DVTERRAINPLUGIN_IMPORTS,-DANIMATIONMODULE_IMPORTS,-DDEFERREDMODULE_IMPORTS,-DSCENEMODULE_IMPORTS,-DPATHRENDERINGMODULE_IMPORTS,"-fomit-frame-pointer","-fno-implement-inlines");OTHER_LDFLAGS = ();GCC_INLINES_ARE_PRIVATE_EXTERN = YES;GCC_SYMBOLS_PRIVATE_EXTERN = NO;GCC_ENABLE_SYMBOL_SEPARATION = NO;GCC_USE_GCC3_PFE_SUPPORT = NO;GCC_STRICT_ALIASING = NO;GCC_ENABLE_CPP_RTTI = NO; GCC_ENABLE_CPP_EXCEPTIONS = NO; DEBUG_INFORMATION_FORMAT = dwarf;GCC_GENERATE_DEBUGGING_SYMBOLS = NO;GCC_OPTIMIZATION_LEVEL = 3;GCC_THUMB_SUPPORT = NO; GCC_VERSION = com.apple.compilers.llvm.clang.1_0;SKIP_INSTALL = YES; WARNING_CFLAGS = ("-W", "-Wall", "-Wundef", "-Wno-inline", "-Wcast-qual", "-Wno-unused", "-Wno-unknown-pragmas","-Wno-ignored-qualifiers", "-Wno-overflow", "-Wno-type-limits", "-Wno-sign-compare", "-Wno-char-subscripts", "-Wno-switch", "-Wno-dangling-else", "-Wno-comment", "-Wno-shadow", -Wno-unused-parameter);GCC_WARN_ABOUT_INVALID_OFFSETOF_MACRO = NO;}; };

		0426380000000000016277 = { isa = XCBuildConfiguration; name = debug_v7; buildSettings = { CONFIGURATION_BUILD_DIR = "$(BUILD_DIR)"; CONFIGURATION_TEMP_DIR = "$(PROJECT_TEMP_DIR)/$(CONFIGURATION)$"; SYMROOT = "../../../../../Lib/ios_xcode_anarchy/debug_v7"; OBJROOT = "../../../../../Obj/ios_xcode_anarchy/$(CONFIGURATION)/VisionApp"; HEADER_SEARCH_PATHS = ( "../../../..", ); PRODUCT_NAME = "VisionAppD"; }; };
5422450000000000016278 = { isa = XCBuildConfiguration; name = dev_v7; buildSettings = { CONFIGURATION_BUILD_DIR = "$(BUILD_DIR)"; CONFIGURATION_TEMP_DIR = "$(PROJECT_TEMP_DIR)/$(CONFIGURATION)$"; SYMROOT = "../../../../../Lib/ios_xcode_anarchy/dev_v7"; OBJROOT = "../../../../../Obj/ios_xcode_anarchy/$(CONFIGURATION)/VisionApp"; HEADER_SEARCH_PATHS = ( "../../../..", ); PRODUCT_NAME = "VisionApp"; }; };
7714210000000000016279 = { isa = XCBuildConfiguration; name = release_v7; buildSettings = { CONFIGURATION_BUILD_DIR = "$(BUILD_DIR)"; CONFIGURATION_TEMP_DIR = "$(PROJECT_TEMP_DIR)/$(CONFIGURATION)$"; SYMROOT = "../../../../../Lib/ios_xcode_anarchy/release_v7"; OBJROOT = "../../../../../Obj/ios_xcode_anarchy/$(CONFIGURATION)/VisionApp"; HEADER_SEARCH_PATHS = ( "../../../..", ); PRODUCT_NAME = "VisionApp"; }; };
4899790000000000016280 = { isa = XCBuildConfiguration; name = distrib_v7; buildSettings = { CONFIGURATION_BUILD_DIR = "$(BUILD_DIR)"; CONFIGURATION_TEMP_DIR = "$(PROJECT_TEMP_DIR)/$(CONFIGURATION)$"; SYMROOT = "../../../../../Lib/ios_xcode_anarchy/distrib_v7"; OBJROOT = "../../../../../Obj/ios_xcode_anarchy/$(CONFIGURATION)/VisionApp"; HEADER_SEARCH_PATHS = ( "../../../..", ); PRODUCT_NAME = "VisionApp"; }; };

		3383870000000000016281 = { isa = XCConfigurationList; buildConfigurations = ( 3155400000000000016274, 6177210000000000016273, 9345130000000000016276, 4997360000000000016275, ); };
		1659140000000000016282 = { isa = XCConfigurationList; buildConfigurations = ( 5422450000000000016278, 0426380000000000016277, 4899790000000000016280, 7714210000000000016279, ); };

		/* Describes the target */
		
		4085590000000000016283 = { isa = PBXSourcesBuildPhase; buildActionMask = 2147483647; files = ( 6030700000000000016210, 4125350000000000016248, 8008270000000000016270, 4714740000000000016252, 0616260000000000016201, 5728560000000000016214, 3687310000000000016240, 0401280000000000016244, 0769940000000000016223, 3757690000000000016228, 0545820000000000016266, 5695140000000000016262, 5464710000000000016218, 2479020000000000016258, 4682980000000000016191, 3634960000000000016206, 0791970000000000016195, 5059230000000000016232, 1214340000000000016236, ); runOnlyForDeploymentPostprocessing = 0; };
		8168330000000000016284 = { isa = PBXFrameworksBuildPhase; buildActionMask = 2147483647; files = ( ); runOnlyForDeploymentPostprocessing = 0; };
		460313138731271300000083 = { isa = PBXNativeTarget; buildConfigurationList = 3383870000000000016281; buildPhases = ( 7299540000000000015028, 2617680000000000015078, 8015840000000000015317, 6841110000000000015384, 6082340000000000015444, 8884940000000000016185, 4085590000000000016283, 8168330000000000016284,  ); dependencies = (  ); name = libVisionApp; productName = libVisionApp; productReference = 764848138731271300000082 /* libVisionApp */ ;productType = "com.apple.product-type.library.static";}; 
		
		/* Describes the project */
		5704690000000000016285 = { isa = PBXProject; projectDirPath = ""; projectRoot = ""; compatibilityVersion = "Xcode 3.2"; mainGroup = 4900090000000000016190; buildConfigurationList = 1659140000000000016282; projectReferences = ( );
 targets = ( 460313138731271300000083 ); };
	};
	
	rootObject = 5704690000000000016285 /* Project object */;
}
