<?xml version="1.0" encoding="utf-8"?>
<Project ToolsVersion="4.0" xmlns="http://schemas.microsoft.com/developer/msbuild/2003">
  <ItemGroup>


  </ItemGroup>
  <ItemGroup>
    <ClInclude Include="OculusVRPCH.h">
        <Filter></Filter>
        <DeploymentContent>False</DeploymentContent></ClInclude>
    <ClCompile Include="HmdRenderLoop.cpp">
        <Filter></Filter>
        <DeploymentContent>False</DeploymentContent></ClCompile>
    <ClInclude Include="HmdManager.hpp">
        <Filter></Filter>
        <DeploymentContent>False</DeploymentContent></ClInclude>
    <ClCompile Include="HmdManager.cpp">
        <Filter></Filter>
        <DeploymentContent>False</DeploymentContent></ClCompile>
    <ClCompile Include="OculusVR.cpp">
        <Filter></Filter>
        <DeploymentContent>False</DeploymentContent></ClCompile>
    <ClCompile Include="OculusVRPCH.cpp">
        <Filter></Filter>
        <DeploymentContent>False</DeploymentContent></ClCompile>
    <ClInclude Include="HmdRenderLoop.hpp">
        <Filter></Filter>
        <DeploymentContent>False</DeploymentContent></ClInclude>

  </ItemGroup>
</Project>
