// !$*UTF8*$!
{
	archiveVersion = 1;
	classes = {
	};
	objectVersion = 46;
	objects = {
		
		/* Describes the files */
		228265139655267800000088 = {isa = PBXFileReference; explicitFileType = archive.ar; includeInIndex = 0; path = CharacterLOD.app;sourceTree = BUILT_PRODUCTS_DIR; };
1474050000000000016661 = { isa = PBXFileReference; path = CharacterLOD.cpp; sourceTree = "<group>"; };
8266270000000000016663 = { isa = PBXBuildFile; fileRef = 1474050000000000016661; };
7705510000000000016664 = { isa = PBXFileReference; path = CharacterLODPCH.cpp; sourceTree = "<group>"; };
7060110000000000016665 = { isa = PBXBuildFile; fileRef = 7705510000000000016664; };
8085230000000000016666 = { isa = PBXFileReference; path = CharacterLODPCH.h; sourceTree = "<group>"; };
0391740000000000016667 = { isa = PBXBuildFile; fileRef = 8085230000000000016666; };
0243030000000000016668 = { isa = PBXFileReference; path = MenuSystem.cpp; sourceTree = "<group>"; };
2004510000000000016670 = { isa = PBXBuildFile; fileRef = 0243030000000000016668; };
3325850000000000016671 = { isa = PBXFileReference; path = MenuSystem.hpp; sourceTree = "<group>"; };
1283820000000000016672 = { isa = PBXBuildFile; fileRef = 3325850000000000016671; };
4984560000000000016673 = { isa = PBXFileReference; path = VisAppDelegateIOS.h; sourceTree = "<group>"; };
6448510000000000016679 = { isa = PBXBuildFile; fileRef = 4984560000000000016673; };
5496070000000000016680 = { isa = PBXFileReference; path = VisAppDelegateIOS.m; sourceTree = "<group>"; };
9563870000000000016681 = { isa = PBXBuildFile; fileRef = 5496070000000000016680; };
3225730000000000016682 = { isa = PBXFileReference; path = VisEAGLViewIOS.h; sourceTree = "<group>"; };
2977500000000000016683 = { isa = PBXBuildFile; fileRef = 3225730000000000016682; };
7885580000000000016684 = { isa = PBXFileReference; path = VisEAGLViewIOS.m; sourceTree = "<group>"; };
4977920000000000016685 = { isa = PBXBuildFile; fileRef = 7885580000000000016684; };
4059230000000000016686 = { isa = PBXFileReference; path = VisMainIOS.m; sourceTree = "<group>"; };
2330840000000000016687 = { isa = PBXBuildFile; fileRef = 4059230000000000016686; };
9060730000000000016688 = { isa = PBXFileReference; path = VisViewControllerIOS.h; sourceTree = "<group>"; };
7431700000000000016689 = { isa = PBXBuildFile; fileRef = 9060730000000000016688; };
1588550000000000016690 = { isa = PBXFileReference; path = VisViewControllerIOS.m; sourceTree = "<group>"; };
8983730000000000016691 = { isa = PBXBuildFile; fileRef = 1588550000000000016690; };
2459490000000000016692 = { isa = PBXFileReference; path = VisUncaughtExceptionHandler.h; sourceTree = "<group>"; };
2353090000000000016693 = { isa = PBXBuildFile; fileRef = 2459490000000000016692; };
5025610000000000016694 = { isa = PBXFileReference; path = VisUncaughtExceptionHandler.m; sourceTree = "<group>"; };
3286780000000000016695 = { isa = PBXBuildFile; fileRef = 5025610000000000016694; };
9418580000000000016696 = { isa = PBXFileReference; path = VisAppSettings.h; sourceTree = "<group>"; };
4921330000000000016697 = { isa = PBXBuildFile; fileRef = 9418580000000000016696; };
4984560000000000016673 = { isa = PBXFileReference; path = VisAppDelegateIOS.h; sourceTree = "<group>"; };
0295110000000000016698 = { isa = PBXBuildFile; fileRef = 4984560000000000016673; };
5496070000000000016680 = { isa = PBXFileReference; path = VisAppDelegateIOS.m; sourceTree = "<group>"; };
4284460000000000016699 = { isa = PBXBuildFile; fileRef = 5496070000000000016680; };
3225730000000000016682 = { isa = PBXFileReference; path = VisEAGLViewIOS.h; sourceTree = "<group>"; };
6755420000000000016700 = { isa = PBXBuildFile; fileRef = 3225730000000000016682; };
7885580000000000016684 = { isa = PBXFileReference; path = VisEAGLViewIOS.m; sourceTree = "<group>"; };
7364910000000000016701 = { isa = PBXBuildFile; fileRef = 7885580000000000016684; };
4059230000000000016686 = { isa = PBXFileReference; path = VisMainIOS.m; sourceTree = "<group>"; };
7705020000000000016702 = { isa = PBXBuildFile; fileRef = 4059230000000000016686; };
9060730000000000016688 = { isa = PBXFileReference; path = VisViewControllerIOS.h; sourceTree = "<group>"; };
2703210000000000016703 = { isa = PBXBuildFile; fileRef = 9060730000000000016688; };
1588550000000000016690 = { isa = PBXFileReference; path = VisViewControllerIOS.m; sourceTree = "<group>"; };
9160270000000000016704 = { isa = PBXBuildFile; fileRef = 1588550000000000016690; };
2459490000000000016692 = { isa = PBXFileReference; path = VisUncaughtExceptionHandler.h; sourceTree = "<group>"; };
3943960000000000016705 = { isa = PBXBuildFile; fileRef = 2459490000000000016692; };
5025610000000000016694 = { isa = PBXFileReference; path = VisUncaughtExceptionHandler.m; sourceTree = "<group>"; };
8864160000000000016706 = { isa = PBXBuildFile; fileRef = 5025610000000000016694; };
9418580000000000016696 = { isa = PBXFileReference; path = VisAppSettings.h; sourceTree = "<group>"; };
1290050000000000016707 = { isa = PBXBuildFile; fileRef = 9418580000000000016696; };
5100600000000000016708 = { isa = PBXFileReference; lastKnownFileType = "wrapper.pb-project"; name = VisionEnginePlugin_ios_anarchy.xcodeproj; path = ../../../Runtime/EnginePlugins/VisionEnginePlugin/VisionEnginePlugin_ios_anarchy.xcodeproj; sourceTree = SOURCE_ROOT ; };
4495120000000000016709 = { isa = PBXContainerItemProxy; containerPortal = 5100600000000000016708; proxyType = 1; remoteGlobalIDString = 397426139655267700000081; remoteInfo = libVisionEnginePlugin; };
5562640000000000016710 = { isa = PBXContainerItemProxy; containerPortal = 5100600000000000016708; proxyType = 2; remoteGlobalIDString = 7056820000000000016711; remoteInfo = libVisionEnginePlugin; };
7680500000000000016712 = { isa = PBXReferenceProxy; fileType = archive.ar; path = libVisionEnginePlugin.a; remoteRef = 5562640000000000016710 /* PBXContainerItemProxy */; sourceTree = BUILT_PRODUCTS_DIR; };
9094170000000000016713 = { isa = PBXBuildFile; fileRef = 7680500000000000016712; };
0834670000000000016715 = { isa = PBXTargetDependency; name = VisionEnginePlugin; targetProxy = 4495120000000000016709; /* PBXContainerItemProxy */ };
7410480000000000016716 = { isa = PBXFileReference; lastKnownFileType = "wrapper.pb-project"; name = VisionApp_ios_anarchy.xcodeproj; path = ../../../Runtime/Framework/VisionApp/VisionApp_ios_anarchy.xcodeproj; sourceTree = SOURCE_ROOT ; };
0495810000000000016717 = { isa = PBXContainerItemProxy; containerPortal = 7410480000000000016716; proxyType = 1; remoteGlobalIDString = 444929139655267700000083; remoteInfo = libVisionApp; };
1979390000000000016718 = { isa = PBXContainerItemProxy; containerPortal = 7410480000000000016716; proxyType = 2; remoteGlobalIDString = 7034850000000000016719; remoteInfo = libVisionApp; };
3863450000000000016720 = { isa = PBXReferenceProxy; fileType = archive.ar; path = libVisionApp.a; remoteRef = 1979390000000000016718 /* PBXContainerItemProxy */; sourceTree = BUILT_PRODUCTS_DIR; };
1430520000000000016721 = { isa = PBXBuildFile; fileRef = 3863450000000000016720; };
2122290000000000016723 = { isa = PBXTargetDependency; name = VisionApp; targetProxy = 0495810000000000016717; /* PBXContainerItemProxy */ };
4129760000000000016724 = { isa = PBXFileReference; name = OpenGLES.framework; path = System/Library/Frameworks/OpenGLES.framework; sourceTree = SDKROOT; };
7011190000000000016725 = { isa = PBXBuildFile; fileRef = 4129760000000000016724; };
9535450000000000016726 = { isa = PBXFileReference; name = UIKit.framework; path = System/Library/Frameworks/UIKit.framework; sourceTree = SDKROOT; };
2652010000000000016727 = { isa = PBXBuildFile; fileRef = 9535450000000000016726; };
2802550000000000016728 = { isa = PBXFileReference; name = Foundation.framework; path = System/Library/Frameworks/Foundation.framework; sourceTree = SDKROOT; };
8174260000000000016729 = { isa = PBXBuildFile; fileRef = 2802550000000000016728; };
6287680000000000016730 = { isa = PBXFileReference; name = QuartzCore.framework; path = System/Library/Frameworks/QuartzCore.framework; sourceTree = SDKROOT; };
9043240000000000016731 = { isa = PBXBuildFile; fileRef = 6287680000000000016730; };
1335640000000000016732 = { isa = PBXFileReference; name = CoreData.framework; path = System/Library/Frameworks/CoreData.framework; sourceTree = SDKROOT; };
7063660000000000016733 = { isa = PBXBuildFile; fileRef = 1335640000000000016732; };
9780920000000000016734 = { isa = PBXFileReference; name = SystemConfiguration.framework; path = System/Library/Frameworks/SystemConfiguration.framework; sourceTree = SDKROOT; };
6002100000000000016735 = { isa = PBXBuildFile; fileRef = 9780920000000000016734; };
0648750000000000016736 = { isa = PBXFileReference; lastKnownFileType = image.png; path = "Anarchy.png"; sourceTree = "<group>"; };
7239190000000000016742 = { isa = PBXBuildFile; fileRef = 0648750000000000016736; };
9309810000000000016743 = { isa = PBXFileReference; lastKnownFileType = image.png; path = "Anarchy@2x.png"; sourceTree = "<group>"; };
0066900000000000016744 = { isa = PBXBuildFile; fileRef = 9309810000000000016743; };
0470830000000000016745 = { isa = PBXFileReference; lastKnownFileType = image.png; path = "Anarchy-72.png"; sourceTree = "<group>"; };
3463140000000000016746 = { isa = PBXBuildFile; fileRef = 0470830000000000016745; };
6420730000000000016747 = { isa = PBXFileReference; lastKnownFileType = image.png; path = "Anarchy-72@2x.png"; sourceTree = "<group>"; };
7371790000000000016748 = { isa = PBXBuildFile; fileRef = 6420730000000000016747; };
9682780000000000016749 = { isa = PBXFileReference; lastKnownFileType = image.png; path = "Default-Landscape@2x~ipad.png"; sourceTree = "<group>"; };
1520560000000000016752 = { isa = PBXBuildFile; fileRef = 9682780000000000016749; };
9698740000000000016753 = { isa = PBXFileReference; lastKnownFileType = image.png; path = "Default-Landscape~ipad.png"; sourceTree = "<group>"; };
3849220000000000016754 = { isa = PBXBuildFile; fileRef = 9698740000000000016753; };
3614830000000000016755 = { isa = PBXFileReference; lastKnownFileType = image.png; path = "Default-Portrait@2x~ipad.png"; sourceTree = "<group>"; };
2787640000000000016756 = { isa = PBXBuildFile; fileRef = 3614830000000000016755; };
9934530000000000016757 = { isa = PBXFileReference; lastKnownFileType = image.png; path = "Default-Portrait~ipad.png"; sourceTree = "<group>"; };
4315700000000000016758 = { isa = PBXBuildFile; fileRef = 9934530000000000016757; };
9616730000000000016759 = { isa = PBXFileReference; lastKnownFileType = image.png; path = "Default-568h@2x~iphone.png"; sourceTree = "<group>"; };
2873430000000000016760 = { isa = PBXBuildFile; fileRef = 9616730000000000016759; };
3524140000000000016761 = { isa = PBXFileReference; lastKnownFileType = image.png; path = "Default@2x~iphone.png"; sourceTree = "<group>"; };
6674250000000000016762 = { isa = PBXBuildFile; fileRef = 3524140000000000016761; };
5992280000000000016763 = { isa = PBXFileReference; lastKnownFileType = image.png; path = "Default~iphone.png"; sourceTree = "<group>"; };
2780930000000000016764 = { isa = PBXBuildFile; fileRef = 5992280000000000016763; };
9021300000000000016765 = { isa = PBXFileReference; lastKnownFileType = text.plist.xml; path = "Samples-Info.plist"; sourceTree = "<group>"; };
5989660000000000016766 = { isa = PBXBuildFile; fileRef = 9021300000000000016765; };
9543360000000000016767 = { isa = PBXFileReference; lastKnownFileType = folder; path = "Data"; sourceTree = "<group>"; };
2832330000000000016768 = { isa = PBXBuildFile; fileRef = 9543360000000000016767; };
9543360000000000016767 = { isa = PBXFileReference; lastKnownFileType = folder; path = "Data"; sourceTree = "<group>"; };
0165470000000000016769 = { isa = PBXBuildFile; fileRef = 9543360000000000016767; };
9543360000000000016767 = { isa = PBXFileReference; lastKnownFileType = folder; path = "Data"; sourceTree = "<group>"; };
8991870000000000016770 = { isa = PBXBuildFile; fileRef = 9543360000000000016767; };
9710070000000000016771 = { isa = PBXFileReference; lastKnownFileType = file.xib; path = "VisMainWindowIOS.xib"; sourceTree = "<group>"; };
0655090000000000016772 = { isa = PBXBuildFile; fileRef = 9710070000000000016771; };
5576780000000000016773 = { isa = PBXFileReference; lastKnownFileType = file.xib; path = "VisViewControllerIOS.xib"; sourceTree = "<group>"; };
3782010000000000016774 = { isa = PBXBuildFile; fileRef = 5576780000000000016773; };
0217930000000000016662 = { isa = PBXGroup; children = ( 1474050000000000016661, 7705510000000000016664, 8085230000000000016666, 6010370000000000016669, 4540460000000000016678, 5100600000000000016708, 7410480000000000016716, 4129760000000000016724, 9535450000000000016726, 2802550000000000016728, 6287680000000000016730, 1335640000000000016732, 9780920000000000016734, 7656170000000000016741, 9543360000000000016767, ); name = Products; sourceTree = "<group>"; };
7680330000000000016714 = { isa = PBXGroup; children = ( 7680500000000000016712, ); name = Products; sourceTree = "<group>"; };
7656170000000000016741 = { isa = PBXGroup; children = ( 1053650000000000016740, ); path = ../../../../../Data; sourceTree = "<group>"; };
6010370000000000016669 = { isa = PBXGroup; children = ( 0243030000000000016668, 3325850000000000016671, ); path = GUI; sourceTree = "<group>"; };
7784450000000000016674 = { isa = PBXGroup; children = ( 4984560000000000016673, 5496070000000000016680, 3225730000000000016682, 7885580000000000016684, 4059230000000000016686, 9060730000000000016688, 1588550000000000016690, 2459490000000000016692, 5025610000000000016694, 9418580000000000016696, 9710070000000000016771, 5576780000000000016773, ); path = iOS; sourceTree = "<group>"; };
5665040000000000016737 = { isa = PBXGroup; children = ( 0648750000000000016736, 9309810000000000016743, 0470830000000000016745, 6420730000000000016747, ); path = Resources; sourceTree = "<group>"; };
5171310000000000016751 = { isa = PBXGroup; children = ( 2341800000000000016750, ); path = iOS; sourceTree = "<group>"; };
0912960000000000016676 = { isa = PBXGroup; children = ( 8770980000000000016675, ); path = Runtime; sourceTree = "<group>"; };
1338910000000000016738 = { isa = PBXGroup; children = ( 5665040000000000016737, 9021300000000000016765, ); path = iOS; sourceTree = "<group>"; };
8770980000000000016675 = { isa = PBXGroup; children = ( 7784450000000000016674, ); path = Common; sourceTree = "<group>"; };
6759600000000000016722 = { isa = PBXGroup; children = ( 3863450000000000016720, ); name = Products; sourceTree = "<group>"; };
2341800000000000016750 = { isa = PBXGroup; children = ( 9682780000000000016749, 9698740000000000016753, 3614830000000000016755, 9934530000000000016757, 9616730000000000016759, 3524140000000000016761, 5992280000000000016763, ); path = Resources; sourceTree = "<group>"; };
4540460000000000016678 = { isa = PBXGroup; children = ( 5818180000000000016677, ); path = ../../../../../Source; sourceTree = "<group>"; };
1053650000000000016740 = { isa = PBXGroup; children = ( 6117010000000000016739, 5171310000000000016751, ); path = Common; sourceTree = "<group>"; };
6117010000000000016739 = { isa = PBXGroup; children = ( 1338910000000000016738, ); path = Anarchy; sourceTree = "<group>"; };
5818180000000000016677 = { isa = PBXGroup; children = ( 0912960000000000016676, ); path = Vision; sourceTree = "<group>"; };

		
		/* Describes the build configurations */
		9169020000000000016775 = { isa = XCBuildConfiguration; name = debug_v7; buildSettings = { ARCHS = (armv7); SDKROOT = iphoneos; HEADER_SEARCH_PATHS = ( "../../../..", "$(HAVOK_THIRDPARTY_DIR)/redistsdks/Lua/5.1.4/", ); IPHONEOS_DEPLOYMENT_TARGET = 4.3;GCC_PRECOMPILE_PREFIX_HEADER = NO; GCC_PREPROCESSOR_DEFINITIONS_NOT_USED_IN_PRECOMPS = (HK_ANARCHY,PROFILING,_VISION_IOS,_VISION_POSIX,_VR_GLES2,VBASE_LIB,LINK_WITH_VISION,VISIONDLL_LIB);SUPPORTED_PLATFORMS = iphoneos;MACH_O_TYPE = mh_execute; WRAPPER_EXTENSION = app;LIBRARY_SEARCH_PATHS = ( "$(HAVOK_THIRDPARTY_DIR)/redistsdks/Lua/5.1.4/lib/iphoneos/Debug", "../../../../../Lib/ios_xcode_anarchy/$(CONFIGURATION)", ); OTHER_CPLUSPLUSFLAGS = ("-fno-strict-aliasing","-std=c++98","-mfpu=neon","-mfloat-abi=softfp",-DHK_ANARCHY,-DPROFILING,-D_VISION_IOS,-D_VISION_POSIX,-D_VR_GLES2,-DVBASE_LIB,-DLINK_WITH_VISION,-DVISIONDLL_LIB,-D_DEBUG,-DHK_DEBUG,-DHK_DEBUG_SLOW,"-fno-inline");OTHER_LDFLAGS = (-lluaIOS,-lBaseD,-lVisionD);GCC_INLINES_ARE_PRIVATE_EXTERN = YES;GCC_SYMBOLS_PRIVATE_EXTERN = NO;GCC_ENABLE_SYMBOL_SEPARATION = NO;GCC_USE_GCC3_PFE_SUPPORT = NO;GCC_STRICT_ALIASING = NO;GCC_ENABLE_CPP_RTTI = NO; GCC_ENABLE_CPP_EXCEPTIONS = NO; DEBUG_INFORMATION_FORMAT = dwarf;GCC_GENERATE_DEBUGGING_SYMBOLS = YES;GCC_OPTIMIZATION_LEVEL = 0;GCC_THUMB_SUPPORT = NO; GCC_VERSION = com.apple.compilers.llvm.clang.1_0;SKIP_INSTALL = NO; TARGETED_DEVICE_FAMILY = "1,2"; COMPRESS_PNG_FILES = NO; CODE_SIGN_IDENTITY = "iPhone Developer"; INFOPLIST_FILE = "../../../../../Data/Common/Anarchy/iOS/Samples-Info.plist"; WARNING_CFLAGS = ("-W", "-Wall", "-Wundef", "-Wno-inline", "-Wcast-qual", "-Wno-unused", "-Wno-unknown-pragmas","-Wno-ignored-qualifiers", "-Wno-overflow", "-Wno-type-limits", "-Wno-sign-compare", "-Wno-char-subscripts", "-Wno-switch", "-Wno-dangling-else", "-Wno-comment", "-Wno-shadow", -Wno-unused-parameter);GCC_WARN_ABOUT_INVALID_OFFSETOF_MACRO = NO;}; };
3210450000000000016776 = { isa = XCBuildConfiguration; name = dev_v7; buildSettings = { ARCHS = (armv7); SDKROOT = iphoneos; HEADER_SEARCH_PATHS = ( "../../../..", "$(HAVOK_THIRDPARTY_DIR)/redistsdks/Lua/5.1.4/", ); IPHONEOS_DEPLOYMENT_TARGET = 4.3;GCC_PRECOMPILE_PREFIX_HEADER = NO; GCC_PREPROCESSOR_DEFINITIONS_NOT_USED_IN_PRECOMPS = (HK_ANARCHY,PROFILING,_VISION_IOS,_VISION_POSIX,_VR_GLES2,VBASE_LIB,LINK_WITH_VISION,VISIONDLL_LIB);SUPPORTED_PLATFORMS = iphoneos;MACH_O_TYPE = mh_execute; WRAPPER_EXTENSION = app;LIBRARY_SEARCH_PATHS = ( "$(HAVOK_THIRDPARTY_DIR)/redistsdks/Lua/5.1.4/lib/iphoneos/Release", "../../../../../Lib/ios_xcode_anarchy/$(CONFIGURATION)", ); OTHER_CPLUSPLUSFLAGS = ("-fno-strict-aliasing","-std=c++98","-mfpu=neon","-mfloat-abi=softfp",-DHK_ANARCHY,-DPROFILING,-D_VISION_IOS,-D_VISION_POSIX,-D_VR_GLES2,-DVBASE_LIB,-DLINK_WITH_VISION,-DVISIONDLL_LIB,-DHK_DEBUG);OTHER_LDFLAGS = (-lluaIOS,-lBase,-lVision);GCC_INLINES_ARE_PRIVATE_EXTERN = YES;GCC_SYMBOLS_PRIVATE_EXTERN = NO;GCC_ENABLE_SYMBOL_SEPARATION = NO;GCC_USE_GCC3_PFE_SUPPORT = NO;GCC_STRICT_ALIASING = NO;GCC_ENABLE_CPP_RTTI = NO; GCC_ENABLE_CPP_EXCEPTIONS = NO; DEBUG_INFORMATION_FORMAT = dwarf;GCC_GENERATE_DEBUGGING_SYMBOLS = YES;GCC_OPTIMIZATION_LEVEL = 3;GCC_THUMB_SUPPORT = NO; GCC_VERSION = com.apple.compilers.llvm.clang.1_0;SKIP_INSTALL = NO; TARGETED_DEVICE_FAMILY = "1,2"; COMPRESS_PNG_FILES = NO; CODE_SIGN_IDENTITY = "iPhone Developer"; INFOPLIST_FILE = "../../../../../Data/Common/Anarchy/iOS/Samples-Info.plist"; WARNING_CFLAGS = ("-W", "-Wall", "-Wundef", "-Wno-inline", "-Wcast-qual", "-Wno-unused", "-Wno-unknown-pragmas","-Wno-ignored-qualifiers", "-Wno-overflow", "-Wno-type-limits", "-Wno-sign-compare", "-Wno-char-subscripts", "-Wno-switch", "-Wno-dangling-else", "-Wno-comment", "-Wno-shadow", -Wno-unused-parameter);GCC_WARN_ABOUT_INVALID_OFFSETOF_MACRO = NO;}; };
4696220000000000016777 = { isa = XCBuildConfiguration; name = release_v7; buildSettings = { ARCHS = (armv7); SDKROOT = iphoneos; HEADER_SEARCH_PATHS = ( "../../../..", "$(HAVOK_THIRDPARTY_DIR)/redistsdks/Lua/5.1.4/", ); IPHONEOS_DEPLOYMENT_TARGET = 4.3;GCC_PRECOMPILE_PREFIX_HEADER = NO; GCC_PREPROCESSOR_DEFINITIONS_NOT_USED_IN_PRECOMPS = (HK_ANARCHY,PROFILING,_VISION_IOS,_VISION_POSIX,_VR_GLES2,VBASE_LIB,LINK_WITH_VISION,VISIONDLL_LIB);SUPPORTED_PLATFORMS = iphoneos;MACH_O_TYPE = mh_execute; WRAPPER_EXTENSION = app;LIBRARY_SEARCH_PATHS = ( "$(HAVOK_THIRDPARTY_DIR)/redistsdks/Lua/5.1.4/lib/iphoneos/Release", "../../../../../Lib/ios_xcode_anarchy/$(CONFIGURATION)", ); OTHER_CPLUSPLUSFLAGS = ("-fno-strict-aliasing","-std=c++98","-mfpu=neon","-mfloat-abi=softfp",-DHK_ANARCHY,-DPROFILING,-D_VISION_IOS,-D_VISION_POSIX,-D_VR_GLES2,-DVBASE_LIB,-DLINK_WITH_VISION,-DVISIONDLL_LIB,"-fomit-frame-pointer");OTHER_LDFLAGS = (-lluaIOS,-lBase,-lVision);GCC_INLINES_ARE_PRIVATE_EXTERN = YES;GCC_SYMBOLS_PRIVATE_EXTERN = NO;GCC_ENABLE_SYMBOL_SEPARATION = NO;GCC_USE_GCC3_PFE_SUPPORT = NO;GCC_STRICT_ALIASING = NO;GCC_ENABLE_CPP_RTTI = NO; GCC_ENABLE_CPP_EXCEPTIONS = NO; DEBUG_INFORMATION_FORMAT = dwarf;GCC_GENERATE_DEBUGGING_SYMBOLS = NO;GCC_OPTIMIZATION_LEVEL = 3;GCC_THUMB_SUPPORT = NO; GCC_VERSION = com.apple.compilers.llvm.clang.1_0;SKIP_INSTALL = NO; TARGETED_DEVICE_FAMILY = "1,2"; COMPRESS_PNG_FILES = NO; CODE_SIGN_IDENTITY = "iPhone Developer"; INFOPLIST_FILE = "../../../../../Data/Common/Anarchy/iOS/Samples-Info.plist"; WARNING_CFLAGS = ("-W", "-Wall", "-Wundef", "-Wno-inline", "-Wcast-qual", "-Wno-unused", "-Wno-unknown-pragmas","-Wno-ignored-qualifiers", "-Wno-overflow", "-Wno-type-limits", "-Wno-sign-compare", "-Wno-char-subscripts", "-Wno-switch", "-Wno-dangling-else", "-Wno-comment", "-Wno-shadow", -Wno-unused-parameter);GCC_WARN_ABOUT_INVALID_OFFSETOF_MACRO = NO;}; };
8950150000000000016778 = { isa = XCBuildConfiguration; name = distrib_v7; buildSettings = { ARCHS = (armv7); SDKROOT = iphoneos; HEADER_SEARCH_PATHS = ( "../../../..", "$(HAVOK_THIRDPARTY_DIR)/redistsdks/Lua/5.1.4/", ); IPHONEOS_DEPLOYMENT_TARGET = 4.3;GCC_PRECOMPILE_PREFIX_HEADER = NO; GCC_PREPROCESSOR_DEFINITIONS_NOT_USED_IN_PRECOMPS = (HK_ANARCHY,PROFILING,_VISION_IOS,_VISION_POSIX,_VR_GLES2,VBASE_LIB,LINK_WITH_VISION,VISIONDLL_LIB);SUPPORTED_PLATFORMS = iphoneos;MACH_O_TYPE = mh_execute; WRAPPER_EXTENSION = app;LIBRARY_SEARCH_PATHS = ( "$(HAVOK_THIRDPARTY_DIR)/redistsdks/Lua/5.1.4/lib/iphoneos/Release", "../../../../../Lib/ios_xcode_anarchy/$(CONFIGURATION)", ); OTHER_CPLUSPLUSFLAGS = ("-fno-strict-aliasing","-std=c++98","-mfpu=neon","-mfloat-abi=softfp",-DHK_ANARCHY,-DPROFILING,-D_VISION_IOS,-D_VISION_POSIX,-D_VR_GLES2,-DVBASE_LIB,-DLINK_WITH_VISION,-DVISIONDLL_LIB,"-fomit-frame-pointer");OTHER_LDFLAGS = (-lluaIOS,-lBase,-lVision);GCC_INLINES_ARE_PRIVATE_EXTERN = YES;GCC_SYMBOLS_PRIVATE_EXTERN = NO;GCC_ENABLE_SYMBOL_SEPARATION = NO;GCC_USE_GCC3_PFE_SUPPORT = NO;GCC_STRICT_ALIASING = NO;GCC_ENABLE_CPP_RTTI = NO; GCC_ENABLE_CPP_EXCEPTIONS = NO; DEBUG_INFORMATION_FORMAT = dwarf;GCC_GENERATE_DEBUGGING_SYMBOLS = NO;GCC_OPTIMIZATION_LEVEL = 3;GCC_THUMB_SUPPORT = NO; GCC_VERSION = com.apple.compilers.llvm.clang.1_0;SKIP_INSTALL = NO; TARGETED_DEVICE_FAMILY = "1,2"; COMPRESS_PNG_FILES = NO; CODE_SIGN_IDENTITY = "iPhone Distribution"; INFOPLIST_FILE = "../../../../../Data/Common/Anarchy/iOS/Samples-Info.plist"; WARNING_CFLAGS = ("-W", "-Wall", "-Wundef", "-Wno-inline", "-Wcast-qual", "-Wno-unused", "-Wno-unknown-pragmas","-Wno-ignored-qualifiers", "-Wno-overflow", "-Wno-type-limits", "-Wno-sign-compare", "-Wno-char-subscripts", "-Wno-switch", "-Wno-dangling-else", "-Wno-comment", "-Wno-shadow", -Wno-unused-parameter);GCC_WARN_ABOUT_INVALID_OFFSETOF_MACRO = NO;}; };

		5419240000000000016779 = { isa = XCBuildConfiguration; name = debug_v7; buildSettings = { CONFIGURATION_BUILD_DIR = "$(BUILD_DIR)"; CONFIGURATION_TEMP_DIR = "$(PROJECT_TEMP_DIR)/$(CONFIGURATION)$"; SYMROOT = "../../../../../Bin/ios_xcode_anarchy/debug_v7"; OBJROOT = "../../../../../Obj/ios_xcode_anarchy/$(CONFIGURATION)/CharacterLOD"; HEADER_SEARCH_PATHS = ( "../../../..", "$(HAVOK_THIRDPARTY_DIR)/redistsdks/Lua/5.1.4/", ); PRODUCT_NAME = "CharacterLOD_ios-xcode_anarchy_debug_v7"; CONFIGURATION_BUILD_DIR = "$(BUILD_DIR)"; }; };
9748830000000000016780 = { isa = XCBuildConfiguration; name = dev_v7; buildSettings = { CONFIGURATION_BUILD_DIR = "$(BUILD_DIR)"; CONFIGURATION_TEMP_DIR = "$(PROJECT_TEMP_DIR)/$(CONFIGURATION)$"; SYMROOT = "../../../../../Bin/ios_xcode_anarchy/dev_v7"; OBJROOT = "../../../../../Obj/ios_xcode_anarchy/$(CONFIGURATION)/CharacterLOD"; HEADER_SEARCH_PATHS = ( "../../../..", "$(HAVOK_THIRDPARTY_DIR)/redistsdks/Lua/5.1.4/", ); PRODUCT_NAME = "CharacterLOD_ios-xcode_anarchy_dev_v7"; CONFIGURATION_BUILD_DIR = "$(BUILD_DIR)"; }; };
3179980000000000016781 = { isa = XCBuildConfiguration; name = release_v7; buildSettings = { CONFIGURATION_BUILD_DIR = "$(BUILD_DIR)"; CONFIGURATION_TEMP_DIR = "$(PROJECT_TEMP_DIR)/$(CONFIGURATION)$"; SYMROOT = "../../../../../Bin/ios_xcode_anarchy/release_v7"; OBJROOT = "../../../../../Obj/ios_xcode_anarchy/$(CONFIGURATION)/CharacterLOD"; HEADER_SEARCH_PATHS = ( "../../../..", "$(HAVOK_THIRDPARTY_DIR)/redistsdks/Lua/5.1.4/", ); PRODUCT_NAME = "CharacterLOD_ios-xcode_anarchy_release_v7"; CONFIGURATION_BUILD_DIR = "$(BUILD_DIR)"; }; };
3962940000000000016782 = { isa = XCBuildConfiguration; name = distrib_v7; buildSettings = { CONFIGURATION_BUILD_DIR = "$(BUILD_DIR)"; CONFIGURATION_TEMP_DIR = "$(PROJECT_TEMP_DIR)/$(CONFIGURATION)$"; SYMROOT = "../../../../../Bin/ios_xcode_anarchy/distrib_v7"; OBJROOT = "../../../../../Obj/ios_xcode_anarchy/$(CONFIGURATION)/CharacterLOD"; HEADER_SEARCH_PATHS = ( "../../../..", "$(HAVOK_THIRDPARTY_DIR)/redistsdks/Lua/5.1.4/", ); PRODUCT_NAME = "CharacterLOD_ios-xcode_anarchy_distrib_v7"; CONFIGURATION_BUILD_DIR = "$(BUILD_DIR)"; }; };

		3676800000000000016783 = { isa = XCConfigurationList; buildConfigurations = ( 3210450000000000016776, 9169020000000000016775, 8950150000000000016778, 4696220000000000016777, ); };
		8926140000000000016784 = { isa = XCConfigurationList; buildConfigurations = ( 9748830000000000016780, 5419240000000000016779, 3962940000000000016782, 3179980000000000016781, ); };
		
		/* Describes the target */
		/* Pre Build Step */
		2851610000000000016785 =  /*  */ { isa = PBXShellScriptBuildPhase; buildActionMask = 2147483647; files = ( ); inputPaths = ( ); name = "Making symlinks to resources...."; outputPaths = ( ); runOnlyForDeploymentPostprocessing = 0; shellPath = "/bin/sh";shellScript = "python ../../../../../Build/StandaloneTools/Deployment/Python/linkiOSResources.py -r ../../../../../Data/Vision/Base/ Data/Vision/Base/ -r ../../../../../Data/Vision/Samples/Engine/Common/ Data/Vision/Samples/Engine/Common/ -r ../../../../../Data/Vision/Samples/Engine/Maps/SimpleGround/ Data/Vision/Samples/Engine/Maps/SimpleGround/ -l $CONFIGURATION";};
		4397070000000000016786 = { isa = PBXSourcesBuildPhase; buildActionMask = 2147483647; files = ( 7705020000000000016702, 7060110000000000016665, 8266270000000000016663, 4284460000000000016699, 2004510000000000016670, 7364910000000000016701, 9160270000000000016704, 8864160000000000016706, ); runOnlyForDeploymentPostprocessing = 0; };
		5197150000000000016787 = { isa = PBXResourcesBuildPhase; buildActionMask = 2147483647; files = ( 3782010000000000016774, 7371790000000000016748, 2780930000000000016764, 6674250000000000016762, 0066900000000000016744, 4315700000000000016758, 8991870000000000016770, 3849220000000000016754, 0655090000000000016772, 1520560000000000016752, 3463140000000000016746, 2873430000000000016760, 2787640000000000016756, 7239190000000000016742, ); runOnlyForDeploymentPostprocessing = 0; };
		1145380000000000016788 = { isa = PBXFrameworksBuildPhase; buildActionMask = 2147483647; files = ( 9043240000000000016731, 2652010000000000016727, 6002100000000000016735, 7011190000000000016725, 7063660000000000016733, 8174260000000000016729, 9094170000000000016713, 1430520000000000016721, ); runOnlyForDeploymentPostprocessing = 0; };
		5251710000000000016789 =  /* Copy resources to bundle.... */ { isa = PBXShellScriptBuildPhase; buildActionMask = 2147483647; files = ( ); inputPaths = ( ); name = "Copy resources to bundle...."; outputPaths = ( ); runOnlyForDeploymentPostprocessing = 0;shellPath = "/bin/sh";shellScript = "python ../../../../../Build/StandaloneTools/Deployment/Python/copyiOSResources.py -d $BUILT_PRODUCTS_DIR/$CONTENTS_FOLDER_PATH -r Data";};
		409516139655267800000089 = { isa = PBXNativeTarget; buildConfigurationList = 3676800000000000016783; buildPhases = ( 7810980000000000015032, 5284070000000000015082, 0197440000000000015325, 2069200000000000015392, 0020520000000000015466, 0419640000000000016215, 7217460000000000016510, 9790400000000000016655, 2851610000000000016785, 4397070000000000016786, 1145380000000000016788, 5197150000000000016787, 5251710000000000016789,  ); dependencies = ( 0834670000000000016715,2122290000000000016723, ); name = CharacterLOD; productName = CharacterLOD; productReference = 228265139655267800000088 /* CharacterLOD */ ;productType = "com.apple.product-type.application";}; 
		
		/* Describes the project */
		8143870000000000016790 = { isa = PBXProject; projectDirPath = ""; projectRoot = ""; compatibilityVersion = "Xcode 3.2"; mainGroup = 0217930000000000016662; buildConfigurationList = 8926140000000000016784; projectReferences = ( { ProductGroup = 7680330000000000016714 /* Products */; ProjectRef = 5100600000000000016708; /* xcodeproj */ },
 { ProductGroup = 6759600000000000016722 /* Products */; ProjectRef = 7410480000000000016716; /* xcodeproj */ },
 );
 targets = ( 409516139655267800000089 ); };
	};
	
	rootObject = 8143870000000000016790 /* Project object */;
}
