// !$*UTF8*$!
{
	archiveVersion = 1;
	classes = {
	};
	objectVersion = 46;
	objects = {
		
		/* Describes the files */
		729099138731271400000090 = {isa = PBXFileReference; explicitFileType = archive.ar; includeInIndex = 0; path = CustomEntityTextures.app;sourceTree = BUILT_PRODUCTS_DIR; };
6175850000000000016761 = { isa = PBXFileReference; path = CustomEntityTextures.cpp; sourceTree = "<group>"; };
7819280000000000016763 = { isa = PBXBuildFile; fileRef = 6175850000000000016761; };
5022490000000000016764 = { isa = PBXFileReference; path = CustomEntityTexturesPCH.cpp; sourceTree = "<group>"; };
1944290000000000016765 = { isa = PBXBuildFile; fileRef = 5022490000000000016764; };
0620970000000000016766 = { isa = PBXFileReference; path = CustomEntityTexturesPCH.h; sourceTree = "<group>"; };
4078590000000000016767 = { isa = PBXBuildFile; fileRef = 0620970000000000016766; };
5433060000000000016768 = { isa = PBXFileReference; path = VisAppDelegateIOS.h; sourceTree = "<group>"; };
7936110000000000016774 = { isa = PBXBuildFile; fileRef = 5433060000000000016768; };
2687720000000000016775 = { isa = PBXFileReference; path = VisAppDelegateIOS.m; sourceTree = "<group>"; };
7689830000000000016776 = { isa = PBXBuildFile; fileRef = 2687720000000000016775; };
1564480000000000016777 = { isa = PBXFileReference; path = VisEAGLViewIOS.h; sourceTree = "<group>"; };
7141850000000000016778 = { isa = PBXBuildFile; fileRef = 1564480000000000016777; };
6572700000000000016779 = { isa = PBXFileReference; path = VisEAGLViewIOS.m; sourceTree = "<group>"; };
3146100000000000016780 = { isa = PBXBuildFile; fileRef = 6572700000000000016779; };
5816130000000000016781 = { isa = PBXFileReference; path = VisMainIOS.m; sourceTree = "<group>"; };
2234270000000000016782 = { isa = PBXBuildFile; fileRef = 5816130000000000016781; };
2194830000000000016783 = { isa = PBXFileReference; path = VisViewControllerIOS.h; sourceTree = "<group>"; };
5309120000000000016784 = { isa = PBXBuildFile; fileRef = 2194830000000000016783; };
8471680000000000016785 = { isa = PBXFileReference; path = VisViewControllerIOS.m; sourceTree = "<group>"; };
9461220000000000016786 = { isa = PBXBuildFile; fileRef = 8471680000000000016785; };
7173300000000000016787 = { isa = PBXFileReference; path = VisUncaughtExceptionHandler.h; sourceTree = "<group>"; };
8229310000000000016788 = { isa = PBXBuildFile; fileRef = 7173300000000000016787; };
5431730000000000016789 = { isa = PBXFileReference; path = VisUncaughtExceptionHandler.m; sourceTree = "<group>"; };
2620630000000000016790 = { isa = PBXBuildFile; fileRef = 5431730000000000016789; };
7435870000000000016791 = { isa = PBXFileReference; path = VisAppSettings.h; sourceTree = "<group>"; };
4653150000000000016792 = { isa = PBXBuildFile; fileRef = 7435870000000000016791; };
5433060000000000016768 = { isa = PBXFileReference; path = VisAppDelegateIOS.h; sourceTree = "<group>"; };
2527370000000000016793 = { isa = PBXBuildFile; fileRef = 5433060000000000016768; };
2687720000000000016775 = { isa = PBXFileReference; path = VisAppDelegateIOS.m; sourceTree = "<group>"; };
7050380000000000016794 = { isa = PBXBuildFile; fileRef = 2687720000000000016775; };
1564480000000000016777 = { isa = PBXFileReference; path = VisEAGLViewIOS.h; sourceTree = "<group>"; };
1746280000000000016795 = { isa = PBXBuildFile; fileRef = 1564480000000000016777; };
6572700000000000016779 = { isa = PBXFileReference; path = VisEAGLViewIOS.m; sourceTree = "<group>"; };
8611090000000000016796 = { isa = PBXBuildFile; fileRef = 6572700000000000016779; };
5816130000000000016781 = { isa = PBXFileReference; path = VisMainIOS.m; sourceTree = "<group>"; };
6940580000000000016797 = { isa = PBXBuildFile; fileRef = 5816130000000000016781; };
2194830000000000016783 = { isa = PBXFileReference; path = VisViewControllerIOS.h; sourceTree = "<group>"; };
9912430000000000016798 = { isa = PBXBuildFile; fileRef = 2194830000000000016783; };
8471680000000000016785 = { isa = PBXFileReference; path = VisViewControllerIOS.m; sourceTree = "<group>"; };
1425190000000000016799 = { isa = PBXBuildFile; fileRef = 8471680000000000016785; };
7173300000000000016787 = { isa = PBXFileReference; path = VisUncaughtExceptionHandler.h; sourceTree = "<group>"; };
8300410000000000016800 = { isa = PBXBuildFile; fileRef = 7173300000000000016787; };
5431730000000000016789 = { isa = PBXFileReference; path = VisUncaughtExceptionHandler.m; sourceTree = "<group>"; };
6625030000000000016801 = { isa = PBXBuildFile; fileRef = 5431730000000000016789; };
7435870000000000016791 = { isa = PBXFileReference; path = VisAppSettings.h; sourceTree = "<group>"; };
2673440000000000016802 = { isa = PBXBuildFile; fileRef = 7435870000000000016791; };
2646250000000000016803 = { isa = PBXFileReference; lastKnownFileType = "wrapper.pb-project"; name = VisionEnginePlugin_ios_anarchy.xcodeproj; path = ../../../Runtime/EnginePlugins/VisionEnginePlugin/VisionEnginePlugin_ios_anarchy.xcodeproj; sourceTree = SOURCE_ROOT ; };
1391770000000000016804 = { isa = PBXContainerItemProxy; containerPortal = 2646250000000000016803; proxyType = 1; remoteGlobalIDString = 008679138731271300000081; remoteInfo = libVisionEnginePlugin; };
1542850000000000016805 = { isa = PBXContainerItemProxy; containerPortal = 2646250000000000016803; proxyType = 2; remoteGlobalIDString = 2325060000000000016806; remoteInfo = libVisionEnginePlugin; };
1651690000000000016807 = { isa = PBXReferenceProxy; fileType = archive.ar; path = libVisionEnginePlugin.a; remoteRef = 1542850000000000016805 /* PBXContainerItemProxy */; sourceTree = BUILT_PRODUCTS_DIR; };
1053820000000000016808 = { isa = PBXBuildFile; fileRef = 1651690000000000016807; };
8187760000000000016810 = { isa = PBXTargetDependency; name = VisionEnginePlugin; targetProxy = 1391770000000000016804; /* PBXContainerItemProxy */ };
1957100000000000016811 = { isa = PBXFileReference; lastKnownFileType = "wrapper.pb-project"; name = VisionApp_ios_anarchy.xcodeproj; path = ../../../Runtime/Framework/VisionApp/VisionApp_ios_anarchy.xcodeproj; sourceTree = SOURCE_ROOT ; };
8370200000000000016812 = { isa = PBXContainerItemProxy; containerPortal = 1957100000000000016811; proxyType = 1; remoteGlobalIDString = 460313138731271300000083; remoteInfo = libVisionApp; };
2535150000000000016813 = { isa = PBXContainerItemProxy; containerPortal = 1957100000000000016811; proxyType = 2; remoteGlobalIDString = 9651000000000000016814; remoteInfo = libVisionApp; };
0685910000000000016815 = { isa = PBXReferenceProxy; fileType = archive.ar; path = libVisionApp.a; remoteRef = 2535150000000000016813 /* PBXContainerItemProxy */; sourceTree = BUILT_PRODUCTS_DIR; };
5860090000000000016816 = { isa = PBXBuildFile; fileRef = 0685910000000000016815; };
5828550000000000016818 = { isa = PBXTargetDependency; name = VisionApp; targetProxy = 8370200000000000016812; /* PBXContainerItemProxy */ };
9519160000000000016819 = { isa = PBXFileReference; name = OpenGLES.framework; path = System/Library/Frameworks/OpenGLES.framework; sourceTree = SDKROOT; };
9197320000000000016820 = { isa = PBXBuildFile; fileRef = 9519160000000000016819; };
6955080000000000016821 = { isa = PBXFileReference; name = UIKit.framework; path = System/Library/Frameworks/UIKit.framework; sourceTree = SDKROOT; };
3358680000000000016822 = { isa = PBXBuildFile; fileRef = 6955080000000000016821; };
1411330000000000016823 = { isa = PBXFileReference; name = Foundation.framework; path = System/Library/Frameworks/Foundation.framework; sourceTree = SDKROOT; };
4848690000000000016824 = { isa = PBXBuildFile; fileRef = 1411330000000000016823; };
1236210000000000016825 = { isa = PBXFileReference; name = QuartzCore.framework; path = System/Library/Frameworks/QuartzCore.framework; sourceTree = SDKROOT; };
3621220000000000016826 = { isa = PBXBuildFile; fileRef = 1236210000000000016825; };
7056270000000000016827 = { isa = PBXFileReference; name = CoreData.framework; path = System/Library/Frameworks/CoreData.framework; sourceTree = SDKROOT; };
6495660000000000016828 = { isa = PBXBuildFile; fileRef = 7056270000000000016827; };
2812280000000000016829 = { isa = PBXFileReference; name = SystemConfiguration.framework; path = System/Library/Frameworks/SystemConfiguration.framework; sourceTree = SDKROOT; };
1661780000000000016830 = { isa = PBXBuildFile; fileRef = 2812280000000000016829; };
2307030000000000016831 = { isa = PBXFileReference; lastKnownFileType = image.png; path = "Anarchy.png"; sourceTree = "<group>"; };
5878520000000000016837 = { isa = PBXBuildFile; fileRef = 2307030000000000016831; };
3449650000000000016838 = { isa = PBXFileReference; lastKnownFileType = image.png; path = "Anarchy@2x.png"; sourceTree = "<group>"; };
9079590000000000016839 = { isa = PBXBuildFile; fileRef = 3449650000000000016838; };
7531710000000000016840 = { isa = PBXFileReference; lastKnownFileType = image.png; path = "Anarchy-72.png"; sourceTree = "<group>"; };
9157980000000000016841 = { isa = PBXBuildFile; fileRef = 7531710000000000016840; };
0416750000000000016842 = { isa = PBXFileReference; lastKnownFileType = image.png; path = "Anarchy-72@2x.png"; sourceTree = "<group>"; };
4591730000000000016843 = { isa = PBXBuildFile; fileRef = 0416750000000000016842; };
6731750000000000016844 = { isa = PBXFileReference; lastKnownFileType = image.png; path = "Default-Landscape@2x~ipad.png"; sourceTree = "<group>"; };
1380800000000000016847 = { isa = PBXBuildFile; fileRef = 6731750000000000016844; };
5402410000000000016848 = { isa = PBXFileReference; lastKnownFileType = image.png; path = "Default-Landscape~ipad.png"; sourceTree = "<group>"; };
3757490000000000016849 = { isa = PBXBuildFile; fileRef = 5402410000000000016848; };
4019400000000000016850 = { isa = PBXFileReference; lastKnownFileType = image.png; path = "Default-Portrait@2x~ipad.png"; sourceTree = "<group>"; };
0802910000000000016851 = { isa = PBXBuildFile; fileRef = 4019400000000000016850; };
7886660000000000016852 = { isa = PBXFileReference; lastKnownFileType = image.png; path = "Default-Portrait~ipad.png"; sourceTree = "<group>"; };
3059950000000000016853 = { isa = PBXBuildFile; fileRef = 7886660000000000016852; };
8564660000000000016854 = { isa = PBXFileReference; lastKnownFileType = image.png; path = "Default-568h@2x~iphone.png"; sourceTree = "<group>"; };
5457890000000000016855 = { isa = PBXBuildFile; fileRef = 8564660000000000016854; };
7695370000000000016856 = { isa = PBXFileReference; lastKnownFileType = image.png; path = "Default@2x~iphone.png"; sourceTree = "<group>"; };
7287370000000000016857 = { isa = PBXBuildFile; fileRef = 7695370000000000016856; };
7398550000000000016858 = { isa = PBXFileReference; lastKnownFileType = image.png; path = "Default~iphone.png"; sourceTree = "<group>"; };
0051920000000000016859 = { isa = PBXBuildFile; fileRef = 7398550000000000016858; };
6215500000000000016860 = { isa = PBXFileReference; lastKnownFileType = text.plist.xml; path = "Samples-Info.plist"; sourceTree = "<group>"; };
0421140000000000016861 = { isa = PBXBuildFile; fileRef = 6215500000000000016860; };
6423180000000000016862 = { isa = PBXFileReference; lastKnownFileType = folder; path = "Data"; sourceTree = "<group>"; };
7304400000000000016863 = { isa = PBXBuildFile; fileRef = 6423180000000000016862; };
6423180000000000016862 = { isa = PBXFileReference; lastKnownFileType = folder; path = "Data"; sourceTree = "<group>"; };
1563220000000000016864 = { isa = PBXBuildFile; fileRef = 6423180000000000016862; };
6423180000000000016862 = { isa = PBXFileReference; lastKnownFileType = folder; path = "Data"; sourceTree = "<group>"; };
1907150000000000016865 = { isa = PBXBuildFile; fileRef = 6423180000000000016862; };
9360280000000000016866 = { isa = PBXFileReference; lastKnownFileType = file.xib; path = "VisMainWindowIOS.xib"; sourceTree = "<group>"; };
0352670000000000016867 = { isa = PBXBuildFile; fileRef = 9360280000000000016866; };
1557120000000000016868 = { isa = PBXFileReference; lastKnownFileType = file.xib; path = "VisViewControllerIOS.xib"; sourceTree = "<group>"; };
1769540000000000016869 = { isa = PBXBuildFile; fileRef = 1557120000000000016868; };
7372410000000000016762 = { isa = PBXGroup; children = ( 6175850000000000016761, 5022490000000000016764, 0620970000000000016766, 8212960000000000016773, 2646250000000000016803, 1957100000000000016811, 9519160000000000016819, 6955080000000000016821, 1411330000000000016823, 1236210000000000016825, 7056270000000000016827, 2812280000000000016829, 8257730000000000016836, 6423180000000000016862, ); name = Products; sourceTree = "<group>"; };
0435760000000000016809 = { isa = PBXGroup; children = ( 1651690000000000016807, ); name = Products; sourceTree = "<group>"; };
8257730000000000016836 = { isa = PBXGroup; children = ( 4518180000000000016835, ); path = ../../../../../Data; sourceTree = "<group>"; };
4681240000000000016769 = { isa = PBXGroup; children = ( 5433060000000000016768, 2687720000000000016775, 1564480000000000016777, 6572700000000000016779, 5816130000000000016781, 2194830000000000016783, 8471680000000000016785, 7173300000000000016787, 5431730000000000016789, 7435870000000000016791, 9360280000000000016866, 1557120000000000016868, ); path = iOS; sourceTree = "<group>"; };
1860240000000000016832 = { isa = PBXGroup; children = ( 2307030000000000016831, 3449650000000000016838, 7531710000000000016840, 0416750000000000016842, ); path = Resources; sourceTree = "<group>"; };
8971180000000000016846 = { isa = PBXGroup; children = ( 5737160000000000016845, ); path = iOS; sourceTree = "<group>"; };
4649900000000000016771 = { isa = PBXGroup; children = ( 0406940000000000016770, ); path = Runtime; sourceTree = "<group>"; };
8174130000000000016833 = { isa = PBXGroup; children = ( 1860240000000000016832, 6215500000000000016860, ); path = iOS; sourceTree = "<group>"; };
0406940000000000016770 = { isa = PBXGroup; children = ( 4681240000000000016769, ); path = Common; sourceTree = "<group>"; };
2448770000000000016817 = { isa = PBXGroup; children = ( 0685910000000000016815, ); name = Products; sourceTree = "<group>"; };
5737160000000000016845 = { isa = PBXGroup; children = ( 6731750000000000016844, 5402410000000000016848, 4019400000000000016850, 7886660000000000016852, 8564660000000000016854, 7695370000000000016856, 7398550000000000016858, ); path = Resources; sourceTree = "<group>"; };
8212960000000000016773 = { isa = PBXGroup; children = ( 3218680000000000016772, ); path = ../../../../../Source; sourceTree = "<group>"; };
4518180000000000016835 = { isa = PBXGroup; children = ( 7805010000000000016834, 8971180000000000016846, ); path = Common; sourceTree = "<group>"; };
7805010000000000016834 = { isa = PBXGroup; children = ( 8174130000000000016833, ); path = Anarchy; sourceTree = "<group>"; };
3218680000000000016772 = { isa = PBXGroup; children = ( 4649900000000000016771, ); path = Vision; sourceTree = "<group>"; };

		
		/* Describes the build configurations */
		5471430000000000016870 = { isa = XCBuildConfiguration; name = debug_v7; buildSettings = { ARCHS = (armv7); SDKROOT = iphoneos; HEADER_SEARCH_PATHS = ( "../../../..", "$(HAVOK_THIRDPARTY_DIR)/redistsdks/Lua/5.1.4/", ); IPHONEOS_DEPLOYMENT_TARGET = 4.3;GCC_PRECOMPILE_PREFIX_HEADER = NO; GCC_PREPROCESSOR_DEFINITIONS_NOT_USED_IN_PRECOMPS = (HK_ANARCHY,PROFILING,_VISION_IOS,_VISION_POSIX,_VR_GLES2,VBASE_LIB,LINK_WITH_VISION,VISIONDLL_LIB);SUPPORTED_PLATFORMS = iphoneos;MACH_O_TYPE = mh_execute; WRAPPER_EXTENSION = app;LIBRARY_SEARCH_PATHS = ( "$(HAVOK_THIRDPARTY_DIR)/redistsdks/Lua/5.1.4/lib/iphoneos/Debug", "../../../../../Lib/ios_xcode_anarchy/$(CONFIGURATION)", ); OTHER_CPLUSPLUSFLAGS = ("-fno-strict-aliasing","-std=c++98","-mfpu=neon","-mfloat-abi=softfp",-DHK_ANARCHY,-DPROFILING,-D_VISION_IOS,-D_VISION_POSIX,-D_VR_GLES2,-DVBASE_LIB,-DLINK_WITH_VISION,-DVISIONDLL_LIB,-D_DEBUG,-DHK_DEBUG,-DHK_DEBUG_SLOW,"-fno-inline");OTHER_LDFLAGS = (-lluaIOS,-lBaseD,-lVisionD);GCC_INLINES_ARE_PRIVATE_EXTERN = YES;GCC_SYMBOLS_PRIVATE_EXTERN = NO;GCC_ENABLE_SYMBOL_SEPARATION = NO;GCC_USE_GCC3_PFE_SUPPORT = NO;GCC_STRICT_ALIASING = NO;GCC_ENABLE_CPP_RTTI = NO; GCC_ENABLE_CPP_EXCEPTIONS = NO; DEBUG_INFORMATION_FORMAT = dwarf;GCC_GENERATE_DEBUGGING_SYMBOLS = YES;GCC_OPTIMIZATION_LEVEL = 0;GCC_THUMB_SUPPORT = NO; GCC_VERSION = com.apple.compilers.llvm.clang.1_0;SKIP_INSTALL = NO; TARGETED_DEVICE_FAMILY = "1,2"; COMPRESS_PNG_FILES = NO; CODE_SIGN_IDENTITY = "iPhone Developer"; INFOPLIST_FILE = "../../../../../Data/Common/Anarchy/iOS/Samples-Info.plist"; WARNING_CFLAGS = ("-W", "-Wall", "-Wundef", "-Wno-inline", "-Wcast-qual", "-Wno-unused", "-Wno-unknown-pragmas","-Wno-ignored-qualifiers", "-Wno-overflow", "-Wno-type-limits", "-Wno-sign-compare", "-Wno-char-subscripts", "-Wno-switch", "-Wno-dangling-else", "-Wno-comment", "-Wno-shadow", -Wno-unused-parameter);GCC_WARN_ABOUT_INVALID_OFFSETOF_MACRO = NO;}; };
9120900000000000016871 = { isa = XCBuildConfiguration; name = dev_v7; buildSettings = { ARCHS = (armv7); SDKROOT = iphoneos; HEADER_SEARCH_PATHS = ( "../../../..", "$(HAVOK_THIRDPARTY_DIR)/redistsdks/Lua/5.1.4/", ); IPHONEOS_DEPLOYMENT_TARGET = 4.3;GCC_PRECOMPILE_PREFIX_HEADER = NO; GCC_PREPROCESSOR_DEFINITIONS_NOT_USED_IN_PRECOMPS = (HK_ANARCHY,PROFILING,_VISION_IOS,_VISION_POSIX,_VR_GLES2,VBASE_LIB,LINK_WITH_VISION,VISIONDLL_LIB);SUPPORTED_PLATFORMS = iphoneos;MACH_O_TYPE = mh_execute; WRAPPER_EXTENSION = app;LIBRARY_SEARCH_PATHS = ( "$(HAVOK_THIRDPARTY_DIR)/redistsdks/Lua/5.1.4/lib/iphoneos/Release", "../../../../../Lib/ios_xcode_anarchy/$(CONFIGURATION)", ); OTHER_CPLUSPLUSFLAGS = ("-fno-strict-aliasing","-std=c++98","-mfpu=neon","-mfloat-abi=softfp",-DHK_ANARCHY,-DPROFILING,-D_VISION_IOS,-D_VISION_POSIX,-D_VR_GLES2,-DVBASE_LIB,-DLINK_WITH_VISION,-DVISIONDLL_LIB,-DHK_DEBUG);OTHER_LDFLAGS = (-lluaIOS,-lBase,-lVision);GCC_INLINES_ARE_PRIVATE_EXTERN = YES;GCC_SYMBOLS_PRIVATE_EXTERN = NO;GCC_ENABLE_SYMBOL_SEPARATION = NO;GCC_USE_GCC3_PFE_SUPPORT = NO;GCC_STRICT_ALIASING = NO;GCC_ENABLE_CPP_RTTI = NO; GCC_ENABLE_CPP_EXCEPTIONS = NO; DEBUG_INFORMATION_FORMAT = dwarf;GCC_GENERATE_DEBUGGING_SYMBOLS = YES;GCC_OPTIMIZATION_LEVEL = 3;GCC_THUMB_SUPPORT = NO; GCC_VERSION = com.apple.compilers.llvm.clang.1_0;SKIP_INSTALL = NO; TARGETED_DEVICE_FAMILY = "1,2"; COMPRESS_PNG_FILES = NO; CODE_SIGN_IDENTITY = "iPhone Developer"; INFOPLIST_FILE = "../../../../../Data/Common/Anarchy/iOS/Samples-Info.plist"; WARNING_CFLAGS = ("-W", "-Wall", "-Wundef", "-Wno-inline", "-Wcast-qual", "-Wno-unused", "-Wno-unknown-pragmas","-Wno-ignored-qualifiers", "-Wno-overflow", "-Wno-type-limits", "-Wno-sign-compare", "-Wno-char-subscripts", "-Wno-switch", "-Wno-dangling-else", "-Wno-comment", "-Wno-shadow", -Wno-unused-parameter);GCC_WARN_ABOUT_INVALID_OFFSETOF_MACRO = NO;}; };
8837280000000000016872 = { isa = XCBuildConfiguration; name = release_v7; buildSettings = { ARCHS = (armv7); SDKROOT = iphoneos; HEADER_SEARCH_PATHS = ( "../../../..", "$(HAVOK_THIRDPARTY_DIR)/redistsdks/Lua/5.1.4/", ); IPHONEOS_DEPLOYMENT_TARGET = 4.3;GCC_PRECOMPILE_PREFIX_HEADER = NO; GCC_PREPROCESSOR_DEFINITIONS_NOT_USED_IN_PRECOMPS = (HK_ANARCHY,PROFILING,_VISION_IOS,_VISION_POSIX,_VR_GLES2,VBASE_LIB,LINK_WITH_VISION,VISIONDLL_LIB);SUPPORTED_PLATFORMS = iphoneos;MACH_O_TYPE = mh_execute; WRAPPER_EXTENSION = app;LIBRARY_SEARCH_PATHS = ( "$(HAVOK_THIRDPARTY_DIR)/redistsdks/Lua/5.1.4/lib/iphoneos/Release", "../../../../../Lib/ios_xcode_anarchy/$(CONFIGURATION)", ); OTHER_CPLUSPLUSFLAGS = ("-fno-strict-aliasing","-std=c++98","-mfpu=neon","-mfloat-abi=softfp",-DHK_ANARCHY,-DPROFILING,-D_VISION_IOS,-D_VISION_POSIX,-D_VR_GLES2,-DVBASE_LIB,-DLINK_WITH_VISION,-DVISIONDLL_LIB,"-fomit-frame-pointer","-fno-implement-inlines");OTHER_LDFLAGS = (-lluaIOS,-lBase,-lVision);GCC_INLINES_ARE_PRIVATE_EXTERN = YES;GCC_SYMBOLS_PRIVATE_EXTERN = NO;GCC_ENABLE_SYMBOL_SEPARATION = NO;GCC_USE_GCC3_PFE_SUPPORT = NO;GCC_STRICT_ALIASING = NO;GCC_ENABLE_CPP_RTTI = NO; GCC_ENABLE_CPP_EXCEPTIONS = NO; DEBUG_INFORMATION_FORMAT = dwarf;GCC_GENERATE_DEBUGGING_SYMBOLS = NO;GCC_OPTIMIZATION_LEVEL = 3;GCC_THUMB_SUPPORT = NO; GCC_VERSION = com.apple.compilers.llvm.clang.1_0;SKIP_INSTALL = NO; TARGETED_DEVICE_FAMILY = "1,2"; COMPRESS_PNG_FILES = NO; CODE_SIGN_IDENTITY = "iPhone Developer"; INFOPLIST_FILE = "../../../../../Data/Common/Anarchy/iOS/Samples-Info.plist"; WARNING_CFLAGS = ("-W", "-Wall", "-Wundef", "-Wno-inline", "-Wcast-qual", "-Wno-unused", "-Wno-unknown-pragmas","-Wno-ignored-qualifiers", "-Wno-overflow", "-Wno-type-limits", "-Wno-sign-compare", "-Wno-char-subscripts", "-Wno-switch", "-Wno-dangling-else", "-Wno-comment", "-Wno-shadow", -Wno-unused-parameter);GCC_WARN_ABOUT_INVALID_OFFSETOF_MACRO = NO;}; };
9829620000000000016873 = { isa = XCBuildConfiguration; name = distrib_v7; buildSettings = { ARCHS = (armv7); SDKROOT = iphoneos; HEADER_SEARCH_PATHS = ( "../../../..", "$(HAVOK_THIRDPARTY_DIR)/redistsdks/Lua/5.1.4/", ); IPHONEOS_DEPLOYMENT_TARGET = 4.3;GCC_PRECOMPILE_PREFIX_HEADER = NO; GCC_PREPROCESSOR_DEFINITIONS_NOT_USED_IN_PRECOMPS = (HK_ANARCHY,PROFILING,_VISION_IOS,_VISION_POSIX,_VR_GLES2,VBASE_LIB,LINK_WITH_VISION,VISIONDLL_LIB);SUPPORTED_PLATFORMS = iphoneos;MACH_O_TYPE = mh_execute; WRAPPER_EXTENSION = app;LIBRARY_SEARCH_PATHS = ( "$(HAVOK_THIRDPARTY_DIR)/redistsdks/Lua/5.1.4/lib/iphoneos/Release", "../../../../../Lib/ios_xcode_anarchy/$(CONFIGURATION)", ); OTHER_CPLUSPLUSFLAGS = ("-fno-strict-aliasing","-std=c++98","-mfpu=neon","-mfloat-abi=softfp",-DHK_ANARCHY,-DPROFILING,-D_VISION_IOS,-D_VISION_POSIX,-D_VR_GLES2,-DVBASE_LIB,-DLINK_WITH_VISION,-DVISIONDLL_LIB,"-fomit-frame-pointer","-fno-implement-inlines");OTHER_LDFLAGS = (-lluaIOS,-lBase,-lVision);GCC_INLINES_ARE_PRIVATE_EXTERN = YES;GCC_SYMBOLS_PRIVATE_EXTERN = NO;GCC_ENABLE_SYMBOL_SEPARATION = NO;GCC_USE_GCC3_PFE_SUPPORT = NO;GCC_STRICT_ALIASING = NO;GCC_ENABLE_CPP_RTTI = NO; GCC_ENABLE_CPP_EXCEPTIONS = NO; DEBUG_INFORMATION_FORMAT = dwarf;GCC_GENERATE_DEBUGGING_SYMBOLS = NO;GCC_OPTIMIZATION_LEVEL = 3;GCC_THUMB_SUPPORT = NO; GCC_VERSION = com.apple.compilers.llvm.clang.1_0;SKIP_INSTALL = NO; TARGETED_DEVICE_FAMILY = "1,2"; COMPRESS_PNG_FILES = NO; CODE_SIGN_IDENTITY = "iPhone Distribution"; INFOPLIST_FILE = "../../../../../Data/Common/Anarchy/iOS/Samples-Info.plist"; WARNING_CFLAGS = ("-W", "-Wall", "-Wundef", "-Wno-inline", "-Wcast-qual", "-Wno-unused", "-Wno-unknown-pragmas","-Wno-ignored-qualifiers", "-Wno-overflow", "-Wno-type-limits", "-Wno-sign-compare", "-Wno-char-subscripts", "-Wno-switch", "-Wno-dangling-else", "-Wno-comment", "-Wno-shadow", -Wno-unused-parameter);GCC_WARN_ABOUT_INVALID_OFFSETOF_MACRO = NO;}; };

		3246630000000000016874 = { isa = XCBuildConfiguration; name = debug_v7; buildSettings = { CONFIGURATION_BUILD_DIR = "$(BUILD_DIR)"; CONFIGURATION_TEMP_DIR = "$(PROJECT_TEMP_DIR)/$(CONFIGURATION)$"; SYMROOT = "../../../../../Bin/ios_xcode_anarchy/debug_v7"; OBJROOT = "../../../../../Obj/ios_xcode_anarchy/$(CONFIGURATION)/CustomEntityTextures"; HEADER_SEARCH_PATHS = ( "../../../..", "$(HAVOK_THIRDPARTY_DIR)/redistsdks/Lua/5.1.4/", ); PRODUCT_NAME = "CustomEntityTextures_ios-xcode_anarchy_debug_v7"; CONFIGURATION_BUILD_DIR = "$(BUILD_DIR)"; }; };
1107330000000000016875 = { isa = XCBuildConfiguration; name = dev_v7; buildSettings = { CONFIGURATION_BUILD_DIR = "$(BUILD_DIR)"; CONFIGURATION_TEMP_DIR = "$(PROJECT_TEMP_DIR)/$(CONFIGURATION)$"; SYMROOT = "../../../../../Bin/ios_xcode_anarchy/dev_v7"; OBJROOT = "../../../../../Obj/ios_xcode_anarchy/$(CONFIGURATION)/CustomEntityTextures"; HEADER_SEARCH_PATHS = ( "../../../..", "$(HAVOK_THIRDPARTY_DIR)/redistsdks/Lua/5.1.4/", ); PRODUCT_NAME = "CustomEntityTextures_ios-xcode_anarchy_dev_v7"; CONFIGURATION_BUILD_DIR = "$(BUILD_DIR)"; }; };
1030000000000000016876 = { isa = XCBuildConfiguration; name = release_v7; buildSettings = { CONFIGURATION_BUILD_DIR = "$(BUILD_DIR)"; CONFIGURATION_TEMP_DIR = "$(PROJECT_TEMP_DIR)/$(CONFIGURATION)$"; SYMROOT = "../../../../../Bin/ios_xcode_anarchy/release_v7"; OBJROOT = "../../../../../Obj/ios_xcode_anarchy/$(CONFIGURATION)/CustomEntityTextures"; HEADER_SEARCH_PATHS = ( "../../../..", "$(HAVOK_THIRDPARTY_DIR)/redistsdks/Lua/5.1.4/", ); PRODUCT_NAME = "CustomEntityTextures_ios-xcode_anarchy_release_v7"; CONFIGURATION_BUILD_DIR = "$(BUILD_DIR)"; }; };
5922560000000000016877 = { isa = XCBuildConfiguration; name = distrib_v7; buildSettings = { CONFIGURATION_BUILD_DIR = "$(BUILD_DIR)"; CONFIGURATION_TEMP_DIR = "$(PROJECT_TEMP_DIR)/$(CONFIGURATION)$"; SYMROOT = "../../../../../Bin/ios_xcode_anarchy/distrib_v7"; OBJROOT = "../../../../../Obj/ios_xcode_anarchy/$(CONFIGURATION)/CustomEntityTextures"; HEADER_SEARCH_PATHS = ( "../../../..", "$(HAVOK_THIRDPARTY_DIR)/redistsdks/Lua/5.1.4/", ); PRODUCT_NAME = "CustomEntityTextures_ios-xcode_anarchy_distrib_v7"; CONFIGURATION_BUILD_DIR = "$(BUILD_DIR)"; }; };

		2020240000000000016878 = { isa = XCConfigurationList; buildConfigurations = ( 9120900000000000016871, 5471430000000000016870, 9829620000000000016873, 8837280000000000016872, ); };
		2913210000000000016879 = { isa = XCConfigurationList; buildConfigurations = ( 1107330000000000016875, 3246630000000000016874, 5922560000000000016877, 1030000000000000016876, ); };
		
		/* Describes the target */
		/* Pre Build Step */
		1897360000000000016880 =  /*  */ { isa = PBXShellScriptBuildPhase; buildActionMask = 2147483647; files = ( ); inputPaths = ( ); name = "Making symlinks to resources...."; outputPaths = ( ); runOnlyForDeploymentPostprocessing = 0; shellPath = "/bin/sh";shellScript = "python ../../../../../Build/StandaloneTools/Deployment/Python/linkiOSResources.py -r ../../../../../Data/Vision/Base/ Data/Vision/Base/ -r ../../../../../Data/Vision/Samples/Engine/Common/ Data/Vision/Samples/Engine/Common/ -r ../../../../../Data/Vision/Samples/Engine/Maps/SimpleGround/ Data/Vision/Samples/Engine/Maps/SimpleGround/ -l $CONFIGURATION";};
		8684140000000000016881 = { isa = PBXSourcesBuildPhase; buildActionMask = 2147483647; files = ( 6940580000000000016797, 7050380000000000016794, 1944290000000000016765, 8611090000000000016796, 7819280000000000016763, 1425190000000000016799, 6625030000000000016801, ); runOnlyForDeploymentPostprocessing = 0; };
		3643900000000000016882 = { isa = PBXResourcesBuildPhase; buildActionMask = 2147483647; files = ( 1769540000000000016869, 4591730000000000016843, 0051920000000000016859, 3757490000000000016849, 9079590000000000016839, 7287370000000000016857, 3059950000000000016853, 1907150000000000016865, 0352670000000000016867, 1380800000000000016847, 9157980000000000016841, 5457890000000000016855, 0802910000000000016851, 5878520000000000016837, ); runOnlyForDeploymentPostprocessing = 0; };
		7425150000000000016883 = { isa = PBXFrameworksBuildPhase; buildActionMask = 2147483647; files = ( 3621220000000000016826, 1661780000000000016830, 9197320000000000016820, 6495660000000000016828, 4848690000000000016824, 3358680000000000016822, 1053820000000000016808, 5860090000000000016816, ); runOnlyForDeploymentPostprocessing = 0; };
		0160560000000000016884 =  /* Copy resources to bundle.... */ { isa = PBXShellScriptBuildPhase; buildActionMask = 2147483647; files = ( ); inputPaths = ( ); name = "Copy resources to bundle...."; outputPaths = ( ); runOnlyForDeploymentPostprocessing = 0;shellPath = "/bin/sh";shellScript = "python ../../../../../Build/StandaloneTools/Deployment/Python/copyiOSResources.py -d $BUILT_PRODUCTS_DIR/$CONTENTS_FOLDER_PATH -r Data";};
		336791138731271400000091 = { isa = PBXNativeTarget; buildConfigurationList = 2020240000000000016878; buildPhases = ( 7299540000000000015028, 2617680000000000015078, 8015840000000000015317, 6841110000000000015384, 6082340000000000015444, 8884940000000000016185, 2017860000000000016480, 1344860000000000016625, 3244150000000000016755, 1897360000000000016880, 8684140000000000016881, 7425150000000000016883, 3643900000000000016882, 0160560000000000016884,  ); dependencies = ( 8187760000000000016810,5828550000000000016818, ); name = CustomEntityTextures; productName = CustomEntityTextures; productReference = 729099138731271400000090 /* CustomEntityTextures */ ;productType = "com.apple.product-type.application";}; 
		
		/* Describes the project */
		5121170000000000016885 = { isa = PBXProject; projectDirPath = ""; projectRoot = ""; compatibilityVersion = "Xcode 3.2"; mainGroup = 7372410000000000016762; buildConfigurationList = 2913210000000000016879; projectReferences = ( { ProductGroup = 0435760000000000016809 /* Products */; ProjectRef = 2646250000000000016803; /* xcodeproj */ },
 { ProductGroup = 2448770000000000016817 /* Products */; ProjectRef = 1957100000000000016811; /* xcodeproj */ },
 );
 targets = ( 336791138731271400000091 ); };
	};
	
	rootObject = 5121170000000000016885 /* Project object */;
}
